// !$*UTF8*$!
{
	archiveVersion = 1;
	classes = {
	};
	objectVersion = 46;
	objects = {

/* Begin PBXBuildFile section */
		2E2CFA3D222FC561002E2EE0 /* AnetProfileDemoUISettings.m in Sources */ = {isa = PBXBuildFile; fileRef = 2E2CFA39222FC561002E2EE0 /* AnetProfileDemoUISettings.m */; };
		2E2CFA3E222FC561002E2EE0 /* HeadlessTableViewCell.swift in Sources */ = {isa = PBXBuildFile; fileRef = 2E2CFA3A222FC561002E2EE0 /* HeadlessTableViewCell.swift */; };
		2E2CFA3F222FC561002E2EE0 /* CreateProfileHeadlessViewController.swift in Sources */ = {isa = PBXBuildFile; fileRef = 2E2CFA3B222FC561002E2EE0 /* CreateProfileHeadlessViewController.swift */; };
		2E2CFA40222FC561002E2EE0 /* AnetProfileDemoUISettings.h in Headers */ = {isa = PBXBuildFile; fileRef = 2E2CFA3C222FC561002E2EE0 /* AnetProfileDemoUISettings.h */; };
		41062F221D49356F003D5AA6 /* AnetEMVDemoUISettings.m in Sources */ = {isa = PBXBuildFile; fileRef = 41062F211D49356F003D5AA6 /* AnetEMVDemoUISettings.m */; };
		41062F241D4937BC003D5AA6 /* logo.png in Resources */ = {isa = PBXBuildFile; fileRef = 41062F231D4937BC003D5AA6 /* logo.png */; };
		4108BD1C1D9AED040009125F /* image1_bg.png in Resources */ = {isa = PBXBuildFile; fileRef = 4108BD1A1D9AED040009125F /* image1_bg.png */; };
		4108BD1D1D9AED040009125F /* image2_bg.png in Resources */ = {isa = PBXBuildFile; fileRef = 4108BD1B1D9AED040009125F /* image2_bg.png */; };
		4109BD6C1D50819900B2A5B1 /* Settings.bundle in Resources */ = {isa = PBXBuildFile; fileRef = 4109BD6B1D50819900B2A5B1 /* Settings.bundle */; };
		411EEC781D7A0DEA006B766A /* bg.jpg in Resources */ = {isa = PBXBuildFile; fileRef = 411EEC771D7A0DEA006B766A /* bg.jpg */; };
		4155AFDD1D8B4F3F00ED634D /* AnetEMVDemoUISettings.h in Headers */ = {isa = PBXBuildFile; fileRef = 41062F201D49356F003D5AA6 /* AnetEMVDemoUISettings.h */; };
		4155AFDE1D8B4F3F00ED634D /* AnetEMVDemo-Bridging-Header.h in Headers */ = {isa = PBXBuildFile; fileRef = 419458871BE027E900B9C8EA /* AnetEMVDemo-Bridging-Header.h */; };
		4155B3641D8B75C800ED634D /* MediaPlayer.framework in Frameworks */ = {isa = PBXBuildFile; fileRef = 4155B2BD1D8B6BBD00ED634D /* MediaPlayer.framework */; };
		4194585F1BE0200800B9C8EA /* AppDelegate.swift in Sources */ = {isa = PBXBuildFile; fileRef = 4194585E1BE0200800B9C8EA /* AppDelegate.swift */; };
		419458611BE0200800B9C8EA /* ViewController.swift in Sources */ = {isa = PBXBuildFile; fileRef = 419458601BE0200800B9C8EA /* ViewController.swift */; };
		419458641BE0200800B9C8EA /* Main.storyboard in Resources */ = {isa = PBXBuildFile; fileRef = 419458621BE0200800B9C8EA /* Main.storyboard */; };
		419458671BE0200800B9C8EA /* AnetEMVDemo.xcdatamodeld in Sources */ = {isa = PBXBuildFile; fileRef = 419458651BE0200800B9C8EA /* AnetEMVDemo.xcdatamodeld */; };
		419458691BE0200800B9C8EA /* Assets.xcassets in Resources */ = {isa = PBXBuildFile; fileRef = 419458681BE0200800B9C8EA /* Assets.xcassets */; };
		4194586C1BE0200800B9C8EA /* LaunchScreen.storyboard in Resources */ = {isa = PBXBuildFile; fileRef = 4194586A1BE0200800B9C8EA /* LaunchScreen.storyboard */; };
		419458771BE0200800B9C8EA /* AnetEMVDemoTests.swift in Sources */ = {isa = PBXBuildFile; fileRef = 419458761BE0200800B9C8EA /* AnetEMVDemoTests.swift */; };
		419458821BE0250300B9C8EA /* Fingerprint.png in Resources */ = {isa = PBXBuildFile; fileRef = 419458811BE0250300B9C8EA /* Fingerprint.png */; };
		4194588C1BE0292F00B9C8EA /* libxml2.2.tbd in Frameworks */ = {isa = PBXBuildFile; fileRef = 4194588B1BE0292F00B9C8EA /* libxml2.2.tbd */; };
		41B722761C85187300A02C3A /* DetailsViewController.swift in Sources */ = {isa = PBXBuildFile; fileRef = 41B722751C85187300A02C3A /* DetailsViewController.swift */; };
		41E6E0951BE16EFA00CFC79D /* AddProductViewController.swift in Sources */ = {isa = PBXBuildFile; fileRef = 41E6E0941BE16EFA00CFC79D /* AddProductViewController.swift */; };
		A03F0CC720ADD9C700323FA4 /* eject.mp3 in Resources */ = {isa = PBXBuildFile; fileRef = A03F0CC520ADD9C700323FA4 /* eject.mp3 */; };
		A03F0CC820ADD9C700323FA4 /* AnetEMVStoryboard.storyboard in Resources */ = {isa = PBXBuildFile; fileRef = A03F0CC620ADD9C700323FA4 /* AnetEMVStoryboard.storyboard */; };
		A03F0DF120ADEA6100323FA4 /* ANetApiRequest.h in Headers */ = {isa = PBXBuildFile; fileRef = A03F0D9220ADEA6100323FA4 /* ANetApiRequest.h */; };
		A03F0DF220ADEA6100323FA4 /* ANetApiResponse.h in Headers */ = {isa = PBXBuildFile; fileRef = A03F0D9320ADEA6100323FA4 /* ANetApiResponse.h */; };
		A03F0DF320ADEA6100323FA4 /* AnetBTObject.h in Headers */ = {isa = PBXBuildFile; fileRef = A03F0D9420ADEA6100323FA4 /* AnetBTObject.h */; };
		A03F0DF420ADEA6100323FA4 /* AnetEMVError.h in Headers */ = {isa = PBXBuildFile; fileRef = A03F0D9520ADEA6100323FA4 /* AnetEMVError.h */; };
		A03F0DF520ADEA6100323FA4 /* AnetEMVLibrary.h in Headers */ = {isa = PBXBuildFile; fileRef = A03F0D9620ADEA6100323FA4 /* AnetEMVLibrary.h */; };
		A03F0DF620ADEA6100323FA4 /* AnetEMVManager.h in Headers */ = {isa = PBXBuildFile; fileRef = A03F0D9720ADEA6100323FA4 /* AnetEMVManager.h */; };
		A03F0DF720ADEA6100323FA4 /* AnetEMVResponse.h in Headers */ = {isa = PBXBuildFile; fileRef = A03F0D9820ADEA6100323FA4 /* AnetEMVResponse.h */; };
		A03F0DF820ADEA6100323FA4 /* AnetEMVTag.h in Headers */ = {isa = PBXBuildFile; fileRef = A03F0D9920ADEA6100323FA4 /* AnetEMVTag.h */; };
		A03F0DF920ADEA6100323FA4 /* AnetEMVTransactionRequest.h in Headers */ = {isa = PBXBuildFile; fileRef = A03F0D9A20ADEA6100323FA4 /* AnetEMVTransactionRequest.h */; };
		A03F0DFA20ADEA6100323FA4 /* AnetEMVTransactionResponse.h in Headers */ = {isa = PBXBuildFile; fileRef = A03F0D9B20ADEA6100323FA4 /* AnetEMVTransactionResponse.h */; };
		A03F0DFB20ADEA6100323FA4 /* AnetEMVUISettings.h in Headers */ = {isa = PBXBuildFile; fileRef = A03F0D9C20ADEA6100323FA4 /* AnetEMVUISettings.h */; };
		A03F0DFC20ADEA6100323FA4 /* ANetSolution.h in Headers */ = {isa = PBXBuildFile; fileRef = A03F0D9D20ADEA6100323FA4 /* ANetSolution.h */; };
		A03F0DFD20ADEA6100323FA4 /* AnetViewController.h in Headers */ = {isa = PBXBuildFile; fileRef = A03F0D9E20ADEA6100323FA4 /* AnetViewController.h */; };
		A03F0DFE20ADEA6100323FA4 /* AuthNet.h in Headers */ = {isa = PBXBuildFile; fileRef = A03F0D9F20ADEA6100323FA4 /* AuthNet.h */; };
		A03F0DFF20ADEA6100323FA4 /* AuthNetMessage.h in Headers */ = {isa = PBXBuildFile; fileRef = A03F0DA020ADEA6100323FA4 /* AuthNetMessage.h */; };
		A03F0E0020ADEA6100323FA4 /* AuthNetRequest.h in Headers */ = {isa = PBXBuildFile; fileRef = A03F0DA120ADEA6100323FA4 /* AuthNetRequest.h */; };
		A03F0E0120ADEA6100323FA4 /* AuthNetResponse.h in Headers */ = {isa = PBXBuildFile; fileRef = A03F0DA220ADEA6100323FA4 /* AuthNetResponse.h */; };
		A03F0E0220ADEA6100323FA4 /* BankAccountMaskedType.h in Headers */ = {isa = PBXBuildFile; fileRef = A03F0DA320ADEA6100323FA4 /* BankAccountMaskedType.h */; };
		A03F0E0320ADEA6100323FA4 /* BankAccountType.h in Headers */ = {isa = PBXBuildFile; fileRef = A03F0DA420ADEA6100323FA4 /* BankAccountType.h */; };
		A03F0E0420ADEA6100323FA4 /* BatchDetailsType.h in Headers */ = {isa = PBXBuildFile; fileRef = A03F0DA520ADEA6100323FA4 /* BatchDetailsType.h */; };
		A03F0E0520ADEA6100323FA4 /* BatchStatisticType.h in Headers */ = {isa = PBXBuildFile; fileRef = A03F0DA620ADEA6100323FA4 /* BatchStatisticType.h */; };
		A03F0E0620ADEA6100323FA4 /* CardType.h in Headers */ = {isa = PBXBuildFile; fileRef = A03F0DA720ADEA6100323FA4 /* CardType.h */; };
		A03F0E0720ADEA6100323FA4 /* CCAuthenticationType.h in Headers */ = {isa = PBXBuildFile; fileRef = A03F0DA820ADEA6100323FA4 /* CCAuthenticationType.h */; };
		A03F0E0820ADEA6100323FA4 /* CreateTransactionRequest.h in Headers */ = {isa = PBXBuildFile; fileRef = A03F0DA920ADEA6100323FA4 /* CreateTransactionRequest.h */; };
		A03F0E0920ADEA6100323FA4 /* CreateTransactionResponse.h in Headers */ = {isa = PBXBuildFile; fileRef = A03F0DAA20ADEA6100323FA4 /* CreateTransactionResponse.h */; };
		A03F0E0A20ADEA6100323FA4 /* CreditCardMaskedType.h in Headers */ = {isa = PBXBuildFile; fileRef = A03F0DAB20ADEA6100323FA4 /* CreditCardMaskedType.h */; };
		A03F0E0B20ADEA6100323FA4 /* CreditCardTrackType.h in Headers */ = {isa = PBXBuildFile; fileRef = A03F0DAC20ADEA6100323FA4 /* CreditCardTrackType.h */; };
		A03F0E0C20ADEA6100323FA4 /* CreditCardType.h in Headers */ = {isa = PBXBuildFile; fileRef = A03F0DAD20ADEA6100323FA4 /* CreditCardType.h */; };
		A03F0E0D20ADEA6100323FA4 /* Currency.h in Headers */ = {isa = PBXBuildFile; fileRef = A03F0DAE20ADEA6100323FA4 /* Currency.h */; };
		A03F0E0E20ADEA6100323FA4 /* CustomerAddressType.h in Headers */ = {isa = PBXBuildFile; fileRef = A03F0DAF20ADEA6100323FA4 /* CustomerAddressType.h */; };
		A03F0E0F20ADEA6100323FA4 /* CustomerDataType.h in Headers */ = {isa = PBXBuildFile; fileRef = A03F0DB020ADEA6100323FA4 /* CustomerDataType.h */; };
		A03F0E1020ADEA6100323FA4 /* Error.h in Headers */ = {isa = PBXBuildFile; fileRef = A03F0DB120ADEA6100323FA4 /* Error.h */; };
		A03F0E1120ADEA6100323FA4 /* ExtendedAmountType.h in Headers */ = {isa = PBXBuildFile; fileRef = A03F0DB220ADEA6100323FA4 /* ExtendedAmountType.h */; };
		A03F0E1220ADEA6100323FA4 /* FDSFilterType.h in Headers */ = {isa = PBXBuildFile; fileRef = A03F0DB320ADEA6100323FA4 /* FDSFilterType.h */; };
		A03F0E1320ADEA6100323FA4 /* FingerPrintObjectType.h in Headers */ = {isa = PBXBuildFile; fileRef = A03F0DB420ADEA6100323FA4 /* FingerPrintObjectType.h */; };
		A03F0E1420ADEA6100323FA4 /* GDataXMLNode.h in Headers */ = {isa = PBXBuildFile; fileRef = A03F0DB520ADEA6100323FA4 /* GDataXMLNode.h */; };
		A03F0E1520ADEA6100323FA4 /* GetBatchStatisticsRequest.h in Headers */ = {isa = PBXBuildFile; fileRef = A03F0DB620ADEA6100323FA4 /* GetBatchStatisticsRequest.h */; };
		A03F0E1620ADEA6100323FA4 /* GetBatchStatisticsResponse.h in Headers */ = {isa = PBXBuildFile; fileRef = A03F0DB720ADEA6100323FA4 /* GetBatchStatisticsResponse.h */; };
		A03F0E1720ADEA6100323FA4 /* GetMerchantDetailsRequest.h in Headers */ = {isa = PBXBuildFile; fileRef = A03F0DB820ADEA6100323FA4 /* GetMerchantDetailsRequest.h */; };
		A03F0E1820ADEA6100323FA4 /* GetMerchantDetailsResponse.h in Headers */ = {isa = PBXBuildFile; fileRef = A03F0DB920ADEA6100323FA4 /* GetMerchantDetailsResponse.h */; };
		A03F0E1920ADEA6100323FA4 /* GetSettledBatchListRequest.h in Headers */ = {isa = PBXBuildFile; fileRef = A03F0DBA20ADEA6100323FA4 /* GetSettledBatchListRequest.h */; };
		A03F0E1A20ADEA6100323FA4 /* GetSettledBatchListResponse.h in Headers */ = {isa = PBXBuildFile; fileRef = A03F0DBB20ADEA6100323FA4 /* GetSettledBatchListResponse.h */; };
		A03F0E1B20ADEA6100323FA4 /* GetTransactionDetailsRequest.h in Headers */ = {isa = PBXBuildFile; fileRef = A03F0DBC20ADEA6100323FA4 /* GetTransactionDetailsRequest.h */; };
		A03F0E1C20ADEA6100323FA4 /* GetTransactionDetailsResponse.h in Headers */ = {isa = PBXBuildFile; fileRef = A03F0DBD20ADEA6100323FA4 /* GetTransactionDetailsResponse.h */; };
		A03F0E1D20ADEA6100323FA4 /* GetTransactionListRequest.h in Headers */ = {isa = PBXBuildFile; fileRef = A03F0DBE20ADEA6100323FA4 /* GetTransactionListRequest.h */; };
		A03F0E1E20ADEA6100323FA4 /* GetTransactionListResponse.h in Headers */ = {isa = PBXBuildFile; fileRef = A03F0DBF20ADEA6100323FA4 /* GetTransactionListResponse.h */; };
		A03F0E1F20ADEA6100323FA4 /* GetUnsettledTransactionListRequest.h in Headers */ = {isa = PBXBuildFile; fileRef = A03F0DC020ADEA6100323FA4 /* GetUnsettledTransactionListRequest.h */; };
		A03F0E2020ADEA6100323FA4 /* GetUnsettledTransactionListResponse.h in Headers */ = {isa = PBXBuildFile; fileRef = A03F0DC120ADEA6100323FA4 /* GetUnsettledTransactionListResponse.h */; };
		A03F0E2120ADEA6100323FA4 /* LineItemType.h in Headers */ = {isa = PBXBuildFile; fileRef = A03F0DC220ADEA6100323FA4 /* LineItemType.h */; };
		A03F0E2220ADEA6100323FA4 /* LogoutRequest.h in Headers */ = {isa = PBXBuildFile; fileRef = A03F0DC320ADEA6100323FA4 /* LogoutRequest.h */; };
		A03F0E2320ADEA6100323FA4 /* LogoutResponse.h in Headers */ = {isa = PBXBuildFile; fileRef = A03F0DC420ADEA6100323FA4 /* LogoutResponse.h */; };
		A03F0E2420ADEA6100323FA4 /* MarketType.h in Headers */ = {isa = PBXBuildFile; fileRef = A03F0DC520ADEA6100323FA4 /* MarketType.h */; };
		A03F0E2520ADEA6100323FA4 /* MerchantAccountType.h in Headers */ = {isa = PBXBuildFile; fileRef = A03F0DC620ADEA6100323FA4 /* MerchantAccountType.h */; };
		A03F0E2620ADEA6100323FA4 /* MerchantAuthenticationType.h in Headers */ = {isa = PBXBuildFile; fileRef = A03F0DC720ADEA6100323FA4 /* MerchantAuthenticationType.h */; };
		A03F0E2720ADEA6100323FA4 /* MerchantContactType.h in Headers */ = {isa = PBXBuildFile; fileRef = A03F0DC820ADEA6100323FA4 /* MerchantContactType.h */; };
		A03F0E2820ADEA6100323FA4 /* Messages.h in Headers */ = {isa = PBXBuildFile; fileRef = A03F0DC920ADEA6100323FA4 /* Messages.h */; };
		A03F0E2920ADEA6100323FA4 /* MobileDeviceLoginRequest.h in Headers */ = {isa = PBXBuildFile; fileRef = A03F0DCA20ADEA6100323FA4 /* MobileDeviceLoginRequest.h */; };
		A03F0E2A20ADEA6100323FA4 /* MobileDeviceLoginResponse.h in Headers */ = {isa = PBXBuildFile; fileRef = A03F0DCB20ADEA6100323FA4 /* MobileDeviceLoginResponse.h */; };
		A03F0E2B20ADEA6100323FA4 /* MobileDeviceRegistrationRequest.h in Headers */ = {isa = PBXBuildFile; fileRef = A03F0DCC20ADEA6100323FA4 /* MobileDeviceRegistrationRequest.h */; };
		A03F0E2C20ADEA6100323FA4 /* MobileDeviceRegistrationResponse.h in Headers */ = {isa = PBXBuildFile; fileRef = A03F0DCD20ADEA6100323FA4 /* MobileDeviceRegistrationResponse.h */; };
		A03F0E2D20ADEA6100323FA4 /* MobileDeviceType.h in Headers */ = {isa = PBXBuildFile; fileRef = A03F0DCE20ADEA6100323FA4 /* MobileDeviceType.h */; };
		A03F0E2E20ADEA6100323FA4 /* NameAndAddressType.h in Headers */ = {isa = PBXBuildFile; fileRef = A03F0DCF20ADEA6100323FA4 /* NameAndAddressType.h */; };
		A03F0E2F20ADEA6100323FA4 /* NSArray+PerformSelector.h in Headers */ = {isa = PBXBuildFile; fileRef = A03F0DD020ADEA6100323FA4 /* NSArray+PerformSelector.h */; };
		A03F0E3020ADEA6100323FA4 /* NSString+dataFromFilename.h in Headers */ = {isa = PBXBuildFile; fileRef = A03F0DD120ADEA6100323FA4 /* NSString+dataFromFilename.h */; };
		A03F0E3120ADEA6100323FA4 /* NSString+Hex.h in Headers */ = {isa = PBXBuildFile; fileRef = A03F0DD220ADEA6100323FA4 /* NSString+Hex.h */; };
		A03F0E3220ADEA6100323FA4 /* NSString+stringForRFC3339DateTimeString.h in Headers */ = {isa = PBXBuildFile; fileRef = A03F0DD320ADEA6100323FA4 /* NSString+stringForRFC3339DateTimeString.h */; };
		A03F0E3320ADEA6100323FA4 /* NSString+stringValueOfXMLElement.h in Headers */ = {isa = PBXBuildFile; fileRef = A03F0DD420ADEA6100323FA4 /* NSString+stringValueOfXMLElement.h */; };
		A03F0E3420ADEA6100323FA4 /* NSString+stringWithEscapedXMLValue.h in Headers */ = {isa = PBXBuildFile; fileRef = A03F0DD520ADEA6100323FA4 /* NSString+stringWithEscapedXMLValue.h */; };
		A03F0E3520ADEA6100323FA4 /* NSString+stringWithXMLTag.h in Headers */ = {isa = PBXBuildFile; fileRef = A03F0DD620ADEA6100323FA4 /* NSString+stringWithXMLTag.h */; };
		A03F0E3620ADEA6100323FA4 /* OpaqueDataType.h in Headers */ = {isa = PBXBuildFile; fileRef = A03F0DD720ADEA6100323FA4 /* OpaqueDataType.h */; };
		A03F0E3720ADEA6100323FA4 /* OrderExType.h in Headers */ = {isa = PBXBuildFile; fileRef = A03F0DD820ADEA6100323FA4 /* OrderExType.h */; };
		A03F0E3820ADEA6100323FA4 /* OrderType.h in Headers */ = {isa = PBXBuildFile; fileRef = A03F0DD920ADEA6100323FA4 /* OrderType.h */; };
		A03F0E3920ADEA6100323FA4 /* PaymentMaskedType.h in Headers */ = {isa = PBXBuildFile; fileRef = A03F0DDA20ADEA6100323FA4 /* PaymentMaskedType.h */; };
		A03F0E3A20ADEA6100323FA4 /* PaymentMethod.h in Headers */ = {isa = PBXBuildFile; fileRef = A03F0DDB20ADEA6100323FA4 /* PaymentMethod.h */; };
		A03F0E3B20ADEA6100323FA4 /* PaymentType.h in Headers */ = {isa = PBXBuildFile; fileRef = A03F0DDC20ADEA6100323FA4 /* PaymentType.h */; };
		A03F0E3C20ADEA6100323FA4 /* PermissionType.h in Headers */ = {isa = PBXBuildFile; fileRef = A03F0DDD20ADEA6100323FA4 /* PermissionType.h */; };
		A03F0E3D20ADEA6100323FA4 /* Processor.h in Headers */ = {isa = PBXBuildFile; fileRef = A03F0DDE20ADEA6100323FA4 /* Processor.h */; };
		A03F0E3E20ADEA6100323FA4 /* ProductCode.h in Headers */ = {isa = PBXBuildFile; fileRef = A03F0DDF20ADEA6100323FA4 /* ProductCode.h */; };
		A03F0E3F20ADEA6100323FA4 /* Reachability.h in Headers */ = {isa = PBXBuildFile; fileRef = A03F0DE020ADEA6100323FA4 /* Reachability.h */; };
		A03F0E4020ADEA6100323FA4 /* SendCustomerTransactionReceiptRequest.h in Headers */ = {isa = PBXBuildFile; fileRef = A03F0DE120ADEA6100323FA4 /* SendCustomerTransactionReceiptRequest.h */; };
		A03F0E4120ADEA6100323FA4 /* SendCustomerTransactionReceiptResponse.h in Headers */ = {isa = PBXBuildFile; fileRef = A03F0DE220ADEA6100323FA4 /* SendCustomerTransactionReceiptResponse.h */; };
		A03F0E4220ADEA6100323FA4 /* SettingType.h in Headers */ = {isa = PBXBuildFile; fileRef = A03F0DE320ADEA6100323FA4 /* SettingType.h */; };
		A03F0E4320ADEA6100323FA4 /* SplitTenderPayment.h in Headers */ = {isa = PBXBuildFile; fileRef = A03F0DE420ADEA6100323FA4 /* SplitTenderPayment.h */; };
		A03F0E4420ADEA6100323FA4 /* SwiperDataType.h in Headers */ = {isa = PBXBuildFile; fileRef = A03F0DE520ADEA6100323FA4 /* SwiperDataType.h */; };
		A03F0E4520ADEA6100323FA4 /* TestAccountCaptchaRequest.h in Headers */ = {isa = PBXBuildFile; fileRef = A03F0DE620ADEA6100323FA4 /* TestAccountCaptchaRequest.h */; };
		A03F0E4620ADEA6100323FA4 /* TestAccountCaptchaResponse.h in Headers */ = {isa = PBXBuildFile; fileRef = A03F0DE720ADEA6100323FA4 /* TestAccountCaptchaResponse.h */; };
		A03F0E4720ADEA6100323FA4 /* TestAccountRegistrationRequest.h in Headers */ = {isa = PBXBuildFile; fileRef = A03F0DE820ADEA6100323FA4 /* TestAccountRegistrationRequest.h */; };
		A03F0E4820ADEA6100323FA4 /* TestAccountRegistrationResponse.h in Headers */ = {isa = PBXBuildFile; fileRef = A03F0DE920ADEA6100323FA4 /* TestAccountRegistrationResponse.h */; };
		A03F0E4920ADEA6100323FA4 /* TransactionDetailsType.h in Headers */ = {isa = PBXBuildFile; fileRef = A03F0DEA20ADEA6100323FA4 /* TransactionDetailsType.h */; };
		A03F0E4A20ADEA6100323FA4 /* TransactionRequestType.h in Headers */ = {isa = PBXBuildFile; fileRef = A03F0DEB20ADEA6100323FA4 /* TransactionRequestType.h */; };
		A03F0E4B20ADEA6100323FA4 /* TransactionResponse.h in Headers */ = {isa = PBXBuildFile; fileRef = A03F0DEC20ADEA6100323FA4 /* TransactionResponse.h */; };
		A03F0E4C20ADEA6100323FA4 /* TransactionSummaryType.h in Headers */ = {isa = PBXBuildFile; fileRef = A03F0DED20ADEA6100323FA4 /* TransactionSummaryType.h */; };
		A03F0E4D20ADEA6100323FA4 /* TransRetailInfoType.h in Headers */ = {isa = PBXBuildFile; fileRef = A03F0DEE20ADEA6100323FA4 /* TransRetailInfoType.h */; };
		A03F0E4E20ADEA6100323FA4 /* UserField.h in Headers */ = {isa = PBXBuildFile; fileRef = A03F0DEF20ADEA6100323FA4 /* UserField.h */; };
		A03F0E4F20ADEA6100323FA4 /* libAnetEMVLibrary.a in Frameworks */ = {isa = PBXBuildFile; fileRef = A03F0DF020ADEA6100323FA4 /* libAnetEMVLibrary.a */; };
		A0ECBAB0221EA9250080DB31 /* libc++.tbd in Frameworks */ = {isa = PBXBuildFile; fileRef = A0ECBAAF221EA9250080DB31 /* libc++.tbd */; };
/* End PBXBuildFile section */

/* Begin PBXContainerItemProxy section */
		419458731BE0200800B9C8EA /* PBXContainerItemProxy */ = {
			isa = PBXContainerItemProxy;
			containerPortal = 419458531BE0200800B9C8EA /* Project object */;
			proxyType = 1;
			remoteGlobalIDString = 4194585A1BE0200800B9C8EA;
			remoteInfo = AnetEMVDemo;
		};
/* End PBXContainerItemProxy section */

/* Begin PBXCopyFilesBuildPhase section */
		412E7CD01C5FF24B00F84F5D /* Embed Frameworks */ = {
			isa = PBXCopyFilesBuildPhase;
			buildActionMask = 2147483647;
			dstPath = "";
			dstSubfolderSpec = 10;
			files = (
			);
			name = "Embed Frameworks";
			runOnlyForDeploymentPostprocessing = 0;
		};
/* End PBXCopyFilesBuildPhase section */

/* Begin PBXFileReference section */
		2E2CFA39222FC561002E2EE0 /* AnetProfileDemoUISettings.m */ = {isa = PBXFileReference; fileEncoding = 4; lastKnownFileType = sourcecode.c.objc; path = AnetProfileDemoUISettings.m; sourceTree = "<group>"; };
		2E2CFA3A222FC561002E2EE0 /* HeadlessTableViewCell.swift */ = {isa = PBXFileReference; fileEncoding = 4; lastKnownFileType = sourcecode.swift; path = HeadlessTableViewCell.swift; sourceTree = "<group>"; };
		2E2CFA3B222FC561002E2EE0 /* CreateProfileHeadlessViewController.swift */ = {isa = PBXFileReference; fileEncoding = 4; lastKnownFileType = sourcecode.swift; path = CreateProfileHeadlessViewController.swift; sourceTree = "<group>"; };
		2E2CFA3C222FC561002E2EE0 /* AnetProfileDemoUISettings.h */ = {isa = PBXFileReference; fileEncoding = 4; lastKnownFileType = sourcecode.c.h; path = AnetProfileDemoUISettings.h; sourceTree = "<group>"; };
		41062F201D49356F003D5AA6 /* AnetEMVDemoUISettings.h */ = {isa = PBXFileReference; fileEncoding = 4; lastKnownFileType = sourcecode.c.h; path = AnetEMVDemoUISettings.h; sourceTree = "<group>"; };
		41062F211D49356F003D5AA6 /* AnetEMVDemoUISettings.m */ = {isa = PBXFileReference; fileEncoding = 4; lastKnownFileType = sourcecode.c.objc; path = AnetEMVDemoUISettings.m; sourceTree = "<group>"; };
		41062F231D4937BC003D5AA6 /* logo.png */ = {isa = PBXFileReference; lastKnownFileType = image.png; path = logo.png; sourceTree = "<group>"; };
		4108BD1A1D9AED040009125F /* image1_bg.png */ = {isa = PBXFileReference; lastKnownFileType = image.png; path = image1_bg.png; sourceTree = "<group>"; };
		4108BD1B1D9AED040009125F /* image2_bg.png */ = {isa = PBXFileReference; lastKnownFileType = image.png; path = image2_bg.png; sourceTree = "<group>"; };
		4109BD6B1D50819900B2A5B1 /* Settings.bundle */ = {isa = PBXFileReference; lastKnownFileType = "wrapper.plug-in"; name = Settings.bundle; path = AnetEMVDemo/Settings.bundle; sourceTree = "<group>"; };
		411EEC771D7A0DEA006B766A /* bg.jpg */ = {isa = PBXFileReference; lastKnownFileType = image.jpeg; path = bg.jpg; sourceTree = "<group>"; };
		4155B2B91D8B6B1900ED634D /* Security.framework */ = {isa = PBXFileReference; lastKnownFileType = wrapper.framework; name = Security.framework; path = System/Library/Frameworks/Security.framework; sourceTree = SDKROOT; };
		4155B2BB1D8B6BAA00ED634D /* openssl.framework */ = {isa = PBXFileReference; lastKnownFileType = wrapper.framework; path = openssl.framework; sourceTree = "<group>"; };
		4155B2BD1D8B6BBD00ED634D /* MediaPlayer.framework */ = {isa = PBXFileReference; lastKnownFileType = wrapper.framework; name = MediaPlayer.framework; path = System/Library/Frameworks/MediaPlayer.framework; sourceTree = SDKROOT; };
		4155B2BF1D8B6BD000ED634D /* AudioToolbox.framework */ = {isa = PBXFileReference; lastKnownFileType = wrapper.framework; name = AudioToolbox.framework; path = System/Library/Frameworks/AudioToolbox.framework; sourceTree = SDKROOT; };
		4194585B1BE0200800B9C8EA /* AnetEMVDemo.app */ = {isa = PBXFileReference; explicitFileType = wrapper.application; includeInIndex = 0; path = AnetEMVDemo.app; sourceTree = BUILT_PRODUCTS_DIR; };
		4194585E1BE0200800B9C8EA /* AppDelegate.swift */ = {isa = PBXFileReference; lastKnownFileType = sourcecode.swift; path = AppDelegate.swift; sourceTree = "<group>"; };
		419458601BE0200800B9C8EA /* ViewController.swift */ = {isa = PBXFileReference; lastKnownFileType = sourcecode.swift; path = ViewController.swift; sourceTree = "<group>"; };
		419458631BE0200800B9C8EA /* Base */ = {isa = PBXFileReference; lastKnownFileType = file.storyboard; name = Base; path = Base.lproj/Main.storyboard; sourceTree = "<group>"; };
		419458661BE0200800B9C8EA /* AnetEMVDemo.xcdatamodel */ = {isa = PBXFileReference; lastKnownFileType = wrapper.xcdatamodel; path = AnetEMVDemo.xcdatamodel; sourceTree = "<group>"; };
		419458681BE0200800B9C8EA /* Assets.xcassets */ = {isa = PBXFileReference; lastKnownFileType = folder.assetcatalog; path = Assets.xcassets; sourceTree = "<group>"; };
		4194586B1BE0200800B9C8EA /* Base */ = {isa = PBXFileReference; lastKnownFileType = file.storyboard; name = Base; path = Base.lproj/LaunchScreen.storyboard; sourceTree = "<group>"; };
		4194586D1BE0200800B9C8EA /* Info.plist */ = {isa = PBXFileReference; lastKnownFileType = text.plist.xml; path = Info.plist; sourceTree = "<group>"; };
		419458721BE0200800B9C8EA /* AnetEMVDemoTests.xctest */ = {isa = PBXFileReference; explicitFileType = wrapper.cfbundle; includeInIndex = 0; path = AnetEMVDemoTests.xctest; sourceTree = BUILT_PRODUCTS_DIR; };
		419458761BE0200800B9C8EA /* AnetEMVDemoTests.swift */ = {isa = PBXFileReference; lastKnownFileType = sourcecode.swift; path = AnetEMVDemoTests.swift; sourceTree = "<group>"; };
		419458781BE0200800B9C8EA /* Info.plist */ = {isa = PBXFileReference; lastKnownFileType = text.plist.xml; path = Info.plist; sourceTree = "<group>"; };
		419458811BE0250300B9C8EA /* Fingerprint.png */ = {isa = PBXFileReference; lastKnownFileType = image.png; path = Fingerprint.png; sourceTree = "<group>"; };
		419458871BE027E900B9C8EA /* AnetEMVDemo-Bridging-Header.h */ = {isa = PBXFileReference; lastKnownFileType = sourcecode.c.h; path = "AnetEMVDemo-Bridging-Header.h"; sourceTree = "<group>"; };
		4194588B1BE0292F00B9C8EA /* libxml2.2.tbd */ = {isa = PBXFileReference; lastKnownFileType = "sourcecode.text-based-dylib-definition"; name = libxml2.2.tbd; path = usr/lib/libxml2.2.tbd; sourceTree = SDKROOT; };
		41B722751C85187300A02C3A /* DetailsViewController.swift */ = {isa = PBXFileReference; fileEncoding = 4; lastKnownFileType = sourcecode.swift; path = DetailsViewController.swift; sourceTree = "<group>"; };
		41E1210F1D87629D0047B9DB /* AnetEMVDemo.entitlements */ = {isa = PBXFileReference; lastKnownFileType = text.xml; path = AnetEMVDemo.entitlements; sourceTree = "<group>"; };
		41E6E0941BE16EFA00CFC79D /* AddProductViewController.swift */ = {isa = PBXFileReference; fileEncoding = 4; lastKnownFileType = sourcecode.swift; path = AddProductViewController.swift; sourceTree = "<group>"; };
		A03F0CC520ADD9C700323FA4 /* eject.mp3 */ = {isa = PBXFileReference; lastKnownFileType = audio.mp3; path = eject.mp3; sourceTree = "<group>"; };
		A03F0CC620ADD9C700323FA4 /* AnetEMVStoryboard.storyboard */ = {isa = PBXFileReference; fileEncoding = 4; lastKnownFileType = file.storyboard; path = AnetEMVStoryboard.storyboard; sourceTree = "<group>"; };
		A03F0D9220ADEA6100323FA4 /* ANetApiRequest.h */ = {isa = PBXFileReference; fileEncoding = 4; lastKnownFileType = sourcecode.c.h; path = ANetApiRequest.h; sourceTree = "<group>"; };
		A03F0D9320ADEA6100323FA4 /* ANetApiResponse.h */ = {isa = PBXFileReference; fileEncoding = 4; lastKnownFileType = sourcecode.c.h; path = ANetApiResponse.h; sourceTree = "<group>"; };
		A03F0D9420ADEA6100323FA4 /* AnetBTObject.h */ = {isa = PBXFileReference; fileEncoding = 4; lastKnownFileType = sourcecode.c.h; path = AnetBTObject.h; sourceTree = "<group>"; };
		A03F0D9520ADEA6100323FA4 /* AnetEMVError.h */ = {isa = PBXFileReference; fileEncoding = 4; lastKnownFileType = sourcecode.c.h; path = AnetEMVError.h; sourceTree = "<group>"; };
		A03F0D9620ADEA6100323FA4 /* AnetEMVLibrary.h */ = {isa = PBXFileReference; fileEncoding = 4; lastKnownFileType = sourcecode.c.h; path = AnetEMVLibrary.h; sourceTree = "<group>"; };
		A03F0D9720ADEA6100323FA4 /* AnetEMVManager.h */ = {isa = PBXFileReference; fileEncoding = 4; lastKnownFileType = sourcecode.c.h; path = AnetEMVManager.h; sourceTree = "<group>"; };
		A03F0D9820ADEA6100323FA4 /* AnetEMVResponse.h */ = {isa = PBXFileReference; fileEncoding = 4; lastKnownFileType = sourcecode.c.h; path = AnetEMVResponse.h; sourceTree = "<group>"; };
		A03F0D9920ADEA6100323FA4 /* AnetEMVTag.h */ = {isa = PBXFileReference; fileEncoding = 4; lastKnownFileType = sourcecode.c.h; path = AnetEMVTag.h; sourceTree = "<group>"; };
		A03F0D9A20ADEA6100323FA4 /* AnetEMVTransactionRequest.h */ = {isa = PBXFileReference; fileEncoding = 4; lastKnownFileType = sourcecode.c.h; path = AnetEMVTransactionRequest.h; sourceTree = "<group>"; };
		A03F0D9B20ADEA6100323FA4 /* AnetEMVTransactionResponse.h */ = {isa = PBXFileReference; fileEncoding = 4; lastKnownFileType = sourcecode.c.h; path = AnetEMVTransactionResponse.h; sourceTree = "<group>"; };
		A03F0D9C20ADEA6100323FA4 /* AnetEMVUISettings.h */ = {isa = PBXFileReference; fileEncoding = 4; lastKnownFileType = sourcecode.c.h; path = AnetEMVUISettings.h; sourceTree = "<group>"; };
		A03F0D9D20ADEA6100323FA4 /* ANetSolution.h */ = {isa = PBXFileReference; fileEncoding = 4; lastKnownFileType = sourcecode.c.h; path = ANetSolution.h; sourceTree = "<group>"; };
		A03F0D9E20ADEA6100323FA4 /* AnetViewController.h */ = {isa = PBXFileReference; fileEncoding = 4; lastKnownFileType = sourcecode.c.h; path = AnetViewController.h; sourceTree = "<group>"; };
		A03F0D9F20ADEA6100323FA4 /* AuthNet.h */ = {isa = PBXFileReference; fileEncoding = 4; lastKnownFileType = sourcecode.c.h; path = AuthNet.h; sourceTree = "<group>"; };
		A03F0DA020ADEA6100323FA4 /* AuthNetMessage.h */ = {isa = PBXFileReference; fileEncoding = 4; lastKnownFileType = sourcecode.c.h; path = AuthNetMessage.h; sourceTree = "<group>"; };
		A03F0DA120ADEA6100323FA4 /* AuthNetRequest.h */ = {isa = PBXFileReference; fileEncoding = 4; lastKnownFileType = sourcecode.c.h; path = AuthNetRequest.h; sourceTree = "<group>"; };
		A03F0DA220ADEA6100323FA4 /* AuthNetResponse.h */ = {isa = PBXFileReference; fileEncoding = 4; lastKnownFileType = sourcecode.c.h; path = AuthNetResponse.h; sourceTree = "<group>"; };
		A03F0DA320ADEA6100323FA4 /* BankAccountMaskedType.h */ = {isa = PBXFileReference; fileEncoding = 4; lastKnownFileType = sourcecode.c.h; path = BankAccountMaskedType.h; sourceTree = "<group>"; };
		A03F0DA420ADEA6100323FA4 /* BankAccountType.h */ = {isa = PBXFileReference; fileEncoding = 4; lastKnownFileType = sourcecode.c.h; path = BankAccountType.h; sourceTree = "<group>"; };
		A03F0DA520ADEA6100323FA4 /* BatchDetailsType.h */ = {isa = PBXFileReference; fileEncoding = 4; lastKnownFileType = sourcecode.c.h; path = BatchDetailsType.h; sourceTree = "<group>"; };
		A03F0DA620ADEA6100323FA4 /* BatchStatisticType.h */ = {isa = PBXFileReference; fileEncoding = 4; lastKnownFileType = sourcecode.c.h; path = BatchStatisticType.h; sourceTree = "<group>"; };
		A03F0DA720ADEA6100323FA4 /* CardType.h */ = {isa = PBXFileReference; fileEncoding = 4; lastKnownFileType = sourcecode.c.h; path = CardType.h; sourceTree = "<group>"; };
		A03F0DA820ADEA6100323FA4 /* CCAuthenticationType.h */ = {isa = PBXFileReference; fileEncoding = 4; lastKnownFileType = sourcecode.c.h; path = CCAuthenticationType.h; sourceTree = "<group>"; };
		A03F0DA920ADEA6100323FA4 /* CreateTransactionRequest.h */ = {isa = PBXFileReference; fileEncoding = 4; lastKnownFileType = sourcecode.c.h; path = CreateTransactionRequest.h; sourceTree = "<group>"; };
		A03F0DAA20ADEA6100323FA4 /* CreateTransactionResponse.h */ = {isa = PBXFileReference; fileEncoding = 4; lastKnownFileType = sourcecode.c.h; path = CreateTransactionResponse.h; sourceTree = "<group>"; };
		A03F0DAB20ADEA6100323FA4 /* CreditCardMaskedType.h */ = {isa = PBXFileReference; fileEncoding = 4; lastKnownFileType = sourcecode.c.h; path = CreditCardMaskedType.h; sourceTree = "<group>"; };
		A03F0DAC20ADEA6100323FA4 /* CreditCardTrackType.h */ = {isa = PBXFileReference; fileEncoding = 4; lastKnownFileType = sourcecode.c.h; path = CreditCardTrackType.h; sourceTree = "<group>"; };
		A03F0DAD20ADEA6100323FA4 /* CreditCardType.h */ = {isa = PBXFileReference; fileEncoding = 4; lastKnownFileType = sourcecode.c.h; path = CreditCardType.h; sourceTree = "<group>"; };
		A03F0DAE20ADEA6100323FA4 /* Currency.h */ = {isa = PBXFileReference; fileEncoding = 4; lastKnownFileType = sourcecode.c.h; path = Currency.h; sourceTree = "<group>"; };
		A03F0DAF20ADEA6100323FA4 /* CustomerAddressType.h */ = {isa = PBXFileReference; fileEncoding = 4; lastKnownFileType = sourcecode.c.h; path = CustomerAddressType.h; sourceTree = "<group>"; };
		A03F0DB020ADEA6100323FA4 /* CustomerDataType.h */ = {isa = PBXFileReference; fileEncoding = 4; lastKnownFileType = sourcecode.c.h; path = CustomerDataType.h; sourceTree = "<group>"; };
		A03F0DB120ADEA6100323FA4 /* Error.h */ = {isa = PBXFileReference; fileEncoding = 4; lastKnownFileType = sourcecode.c.h; path = Error.h; sourceTree = "<group>"; };
		A03F0DB220ADEA6100323FA4 /* ExtendedAmountType.h */ = {isa = PBXFileReference; fileEncoding = 4; lastKnownFileType = sourcecode.c.h; path = ExtendedAmountType.h; sourceTree = "<group>"; };
		A03F0DB320ADEA6100323FA4 /* FDSFilterType.h */ = {isa = PBXFileReference; fileEncoding = 4; lastKnownFileType = sourcecode.c.h; path = FDSFilterType.h; sourceTree = "<group>"; };
		A03F0DB420ADEA6100323FA4 /* FingerPrintObjectType.h */ = {isa = PBXFileReference; fileEncoding = 4; lastKnownFileType = sourcecode.c.h; path = FingerPrintObjectType.h; sourceTree = "<group>"; };
		A03F0DB520ADEA6100323FA4 /* GDataXMLNode.h */ = {isa = PBXFileReference; fileEncoding = 4; lastKnownFileType = sourcecode.c.h; path = GDataXMLNode.h; sourceTree = "<group>"; };
		A03F0DB620ADEA6100323FA4 /* GetBatchStatisticsRequest.h */ = {isa = PBXFileReference; fileEncoding = 4; lastKnownFileType = sourcecode.c.h; path = GetBatchStatisticsRequest.h; sourceTree = "<group>"; };
		A03F0DB720ADEA6100323FA4 /* GetBatchStatisticsResponse.h */ = {isa = PBXFileReference; fileEncoding = 4; lastKnownFileType = sourcecode.c.h; path = GetBatchStatisticsResponse.h; sourceTree = "<group>"; };
		A03F0DB820ADEA6100323FA4 /* GetMerchantDetailsRequest.h */ = {isa = PBXFileReference; fileEncoding = 4; lastKnownFileType = sourcecode.c.h; path = GetMerchantDetailsRequest.h; sourceTree = "<group>"; };
		A03F0DB920ADEA6100323FA4 /* GetMerchantDetailsResponse.h */ = {isa = PBXFileReference; fileEncoding = 4; lastKnownFileType = sourcecode.c.h; path = GetMerchantDetailsResponse.h; sourceTree = "<group>"; };
		A03F0DBA20ADEA6100323FA4 /* GetSettledBatchListRequest.h */ = {isa = PBXFileReference; fileEncoding = 4; lastKnownFileType = sourcecode.c.h; path = GetSettledBatchListRequest.h; sourceTree = "<group>"; };
		A03F0DBB20ADEA6100323FA4 /* GetSettledBatchListResponse.h */ = {isa = PBXFileReference; fileEncoding = 4; lastKnownFileType = sourcecode.c.h; path = GetSettledBatchListResponse.h; sourceTree = "<group>"; };
		A03F0DBC20ADEA6100323FA4 /* GetTransactionDetailsRequest.h */ = {isa = PBXFileReference; fileEncoding = 4; lastKnownFileType = sourcecode.c.h; path = GetTransactionDetailsRequest.h; sourceTree = "<group>"; };
		A03F0DBD20ADEA6100323FA4 /* GetTransactionDetailsResponse.h */ = {isa = PBXFileReference; fileEncoding = 4; lastKnownFileType = sourcecode.c.h; path = GetTransactionDetailsResponse.h; sourceTree = "<group>"; };
		A03F0DBE20ADEA6100323FA4 /* GetTransactionListRequest.h */ = {isa = PBXFileReference; fileEncoding = 4; lastKnownFileType = sourcecode.c.h; path = GetTransactionListRequest.h; sourceTree = "<group>"; };
		A03F0DBF20ADEA6100323FA4 /* GetTransactionListResponse.h */ = {isa = PBXFileReference; fileEncoding = 4; lastKnownFileType = sourcecode.c.h; path = GetTransactionListResponse.h; sourceTree = "<group>"; };
		A03F0DC020ADEA6100323FA4 /* GetUnsettledTransactionListRequest.h */ = {isa = PBXFileReference; fileEncoding = 4; lastKnownFileType = sourcecode.c.h; path = GetUnsettledTransactionListRequest.h; sourceTree = "<group>"; };
		A03F0DC120ADEA6100323FA4 /* GetUnsettledTransactionListResponse.h */ = {isa = PBXFileReference; fileEncoding = 4; lastKnownFileType = sourcecode.c.h; path = GetUnsettledTransactionListResponse.h; sourceTree = "<group>"; };
		A03F0DC220ADEA6100323FA4 /* LineItemType.h */ = {isa = PBXFileReference; fileEncoding = 4; lastKnownFileType = sourcecode.c.h; path = LineItemType.h; sourceTree = "<group>"; };
		A03F0DC320ADEA6100323FA4 /* LogoutRequest.h */ = {isa = PBXFileReference; fileEncoding = 4; lastKnownFileType = sourcecode.c.h; path = LogoutRequest.h; sourceTree = "<group>"; };
		A03F0DC420ADEA6100323FA4 /* LogoutResponse.h */ = {isa = PBXFileReference; fileEncoding = 4; lastKnownFileType = sourcecode.c.h; path = LogoutResponse.h; sourceTree = "<group>"; };
		A03F0DC520ADEA6100323FA4 /* MarketType.h */ = {isa = PBXFileReference; fileEncoding = 4; lastKnownFileType = sourcecode.c.h; path = MarketType.h; sourceTree = "<group>"; };
		A03F0DC620ADEA6100323FA4 /* MerchantAccountType.h */ = {isa = PBXFileReference; fileEncoding = 4; lastKnownFileType = sourcecode.c.h; path = MerchantAccountType.h; sourceTree = "<group>"; };
		A03F0DC720ADEA6100323FA4 /* MerchantAuthenticationType.h */ = {isa = PBXFileReference; fileEncoding = 4; lastKnownFileType = sourcecode.c.h; path = MerchantAuthenticationType.h; sourceTree = "<group>"; };
		A03F0DC820ADEA6100323FA4 /* MerchantContactType.h */ = {isa = PBXFileReference; fileEncoding = 4; lastKnownFileType = sourcecode.c.h; path = MerchantContactType.h; sourceTree = "<group>"; };
		A03F0DC920ADEA6100323FA4 /* Messages.h */ = {isa = PBXFileReference; fileEncoding = 4; lastKnownFileType = sourcecode.c.h; path = Messages.h; sourceTree = "<group>"; };
		A03F0DCA20ADEA6100323FA4 /* MobileDeviceLoginRequest.h */ = {isa = PBXFileReference; fileEncoding = 4; lastKnownFileType = sourcecode.c.h; path = MobileDeviceLoginRequest.h; sourceTree = "<group>"; };
		A03F0DCB20ADEA6100323FA4 /* MobileDeviceLoginResponse.h */ = {isa = PBXFileReference; fileEncoding = 4; lastKnownFileType = sourcecode.c.h; path = MobileDeviceLoginResponse.h; sourceTree = "<group>"; };
		A03F0DCC20ADEA6100323FA4 /* MobileDeviceRegistrationRequest.h */ = {isa = PBXFileReference; fileEncoding = 4; lastKnownFileType = sourcecode.c.h; path = MobileDeviceRegistrationRequest.h; sourceTree = "<group>"; };
		A03F0DCD20ADEA6100323FA4 /* MobileDeviceRegistrationResponse.h */ = {isa = PBXFileReference; fileEncoding = 4; lastKnownFileType = sourcecode.c.h; path = MobileDeviceRegistrationResponse.h; sourceTree = "<group>"; };
		A03F0DCE20ADEA6100323FA4 /* MobileDeviceType.h */ = {isa = PBXFileReference; fileEncoding = 4; lastKnownFileType = sourcecode.c.h; path = MobileDeviceType.h; sourceTree = "<group>"; };
		A03F0DCF20ADEA6100323FA4 /* NameAndAddressType.h */ = {isa = PBXFileReference; fileEncoding = 4; lastKnownFileType = sourcecode.c.h; path = NameAndAddressType.h; sourceTree = "<group>"; };
		A03F0DD020ADEA6100323FA4 /* NSArray+PerformSelector.h */ = {isa = PBXFileReference; fileEncoding = 4; lastKnownFileType = sourcecode.c.h; path = "NSArray+PerformSelector.h"; sourceTree = "<group>"; };
		A03F0DD120ADEA6100323FA4 /* NSString+dataFromFilename.h */ = {isa = PBXFileReference; fileEncoding = 4; lastKnownFileType = sourcecode.c.h; path = "NSString+dataFromFilename.h"; sourceTree = "<group>"; };
		A03F0DD220ADEA6100323FA4 /* NSString+Hex.h */ = {isa = PBXFileReference; fileEncoding = 4; lastKnownFileType = sourcecode.c.h; path = "NSString+Hex.h"; sourceTree = "<group>"; };
		A03F0DD320ADEA6100323FA4 /* NSString+stringForRFC3339DateTimeString.h */ = {isa = PBXFileReference; fileEncoding = 4; lastKnownFileType = sourcecode.c.h; path = "NSString+stringForRFC3339DateTimeString.h"; sourceTree = "<group>"; };
		A03F0DD420ADEA6100323FA4 /* NSString+stringValueOfXMLElement.h */ = {isa = PBXFileReference; fileEncoding = 4; lastKnownFileType = sourcecode.c.h; path = "NSString+stringValueOfXMLElement.h"; sourceTree = "<group>"; };
		A03F0DD520ADEA6100323FA4 /* NSString+stringWithEscapedXMLValue.h */ = {isa = PBXFileReference; fileEncoding = 4; lastKnownFileType = sourcecode.c.h; path = "NSString+stringWithEscapedXMLValue.h"; sourceTree = "<group>"; };
		A03F0DD620ADEA6100323FA4 /* NSString+stringWithXMLTag.h */ = {isa = PBXFileReference; fileEncoding = 4; lastKnownFileType = sourcecode.c.h; path = "NSString+stringWithXMLTag.h"; sourceTree = "<group>"; };
		A03F0DD720ADEA6100323FA4 /* OpaqueDataType.h */ = {isa = PBXFileReference; fileEncoding = 4; lastKnownFileType = sourcecode.c.h; path = OpaqueDataType.h; sourceTree = "<group>"; };
		A03F0DD820ADEA6100323FA4 /* OrderExType.h */ = {isa = PBXFileReference; fileEncoding = 4; lastKnownFileType = sourcecode.c.h; path = OrderExType.h; sourceTree = "<group>"; };
		A03F0DD920ADEA6100323FA4 /* OrderType.h */ = {isa = PBXFileReference; fileEncoding = 4; lastKnownFileType = sourcecode.c.h; path = OrderType.h; sourceTree = "<group>"; };
		A03F0DDA20ADEA6100323FA4 /* PaymentMaskedType.h */ = {isa = PBXFileReference; fileEncoding = 4; lastKnownFileType = sourcecode.c.h; path = PaymentMaskedType.h; sourceTree = "<group>"; };
		A03F0DDB20ADEA6100323FA4 /* PaymentMethod.h */ = {isa = PBXFileReference; fileEncoding = 4; lastKnownFileType = sourcecode.c.h; path = PaymentMethod.h; sourceTree = "<group>"; };
		A03F0DDC20ADEA6100323FA4 /* PaymentType.h */ = {isa = PBXFileReference; fileEncoding = 4; lastKnownFileType = sourcecode.c.h; path = PaymentType.h; sourceTree = "<group>"; };
		A03F0DDD20ADEA6100323FA4 /* PermissionType.h */ = {isa = PBXFileReference; fileEncoding = 4; lastKnownFileType = sourcecode.c.h; path = PermissionType.h; sourceTree = "<group>"; };
		A03F0DDE20ADEA6100323FA4 /* Processor.h */ = {isa = PBXFileReference; fileEncoding = 4; lastKnownFileType = sourcecode.c.h; path = Processor.h; sourceTree = "<group>"; };
		A03F0DDF20ADEA6100323FA4 /* ProductCode.h */ = {isa = PBXFileReference; fileEncoding = 4; lastKnownFileType = sourcecode.c.h; path = ProductCode.h; sourceTree = "<group>"; };
		A03F0DE020ADEA6100323FA4 /* Reachability.h */ = {isa = PBXFileReference; fileEncoding = 4; lastKnownFileType = sourcecode.c.h; path = Reachability.h; sourceTree = "<group>"; };
		A03F0DE120ADEA6100323FA4 /* SendCustomerTransactionReceiptRequest.h */ = {isa = PBXFileReference; fileEncoding = 4; lastKnownFileType = sourcecode.c.h; path = SendCustomerTransactionReceiptRequest.h; sourceTree = "<group>"; };
		A03F0DE220ADEA6100323FA4 /* SendCustomerTransactionReceiptResponse.h */ = {isa = PBXFileReference; fileEncoding = 4; lastKnownFileType = sourcecode.c.h; path = SendCustomerTransactionReceiptResponse.h; sourceTree = "<group>"; };
		A03F0DE320ADEA6100323FA4 /* SettingType.h */ = {isa = PBXFileReference; fileEncoding = 4; lastKnownFileType = sourcecode.c.h; path = SettingType.h; sourceTree = "<group>"; };
		A03F0DE420ADEA6100323FA4 /* SplitTenderPayment.h */ = {isa = PBXFileReference; fileEncoding = 4; lastKnownFileType = sourcecode.c.h; path = SplitTenderPayment.h; sourceTree = "<group>"; };
		A03F0DE520ADEA6100323FA4 /* SwiperDataType.h */ = {isa = PBXFileReference; fileEncoding = 4; lastKnownFileType = sourcecode.c.h; path = SwiperDataType.h; sourceTree = "<group>"; };
		A03F0DE620ADEA6100323FA4 /* TestAccountCaptchaRequest.h */ = {isa = PBXFileReference; fileEncoding = 4; lastKnownFileType = sourcecode.c.h; path = TestAccountCaptchaRequest.h; sourceTree = "<group>"; };
		A03F0DE720ADEA6100323FA4 /* TestAccountCaptchaResponse.h */ = {isa = PBXFileReference; fileEncoding = 4; lastKnownFileType = sourcecode.c.h; path = TestAccountCaptchaResponse.h; sourceTree = "<group>"; };
		A03F0DE820ADEA6100323FA4 /* TestAccountRegistrationRequest.h */ = {isa = PBXFileReference; fileEncoding = 4; lastKnownFileType = sourcecode.c.h; path = TestAccountRegistrationRequest.h; sourceTree = "<group>"; };
		A03F0DE920ADEA6100323FA4 /* TestAccountRegistrationResponse.h */ = {isa = PBXFileReference; fileEncoding = 4; lastKnownFileType = sourcecode.c.h; path = TestAccountRegistrationResponse.h; sourceTree = "<group>"; };
		A03F0DEA20ADEA6100323FA4 /* TransactionDetailsType.h */ = {isa = PBXFileReference; fileEncoding = 4; lastKnownFileType = sourcecode.c.h; path = TransactionDetailsType.h; sourceTree = "<group>"; };
		A03F0DEB20ADEA6100323FA4 /* TransactionRequestType.h */ = {isa = PBXFileReference; fileEncoding = 4; lastKnownFileType = sourcecode.c.h; path = TransactionRequestType.h; sourceTree = "<group>"; };
		A03F0DEC20ADEA6100323FA4 /* TransactionResponse.h */ = {isa = PBXFileReference; fileEncoding = 4; lastKnownFileType = sourcecode.c.h; path = TransactionResponse.h; sourceTree = "<group>"; };
		A03F0DED20ADEA6100323FA4 /* TransactionSummaryType.h */ = {isa = PBXFileReference; fileEncoding = 4; lastKnownFileType = sourcecode.c.h; path = TransactionSummaryType.h; sourceTree = "<group>"; };
		A03F0DEE20ADEA6100323FA4 /* TransRetailInfoType.h */ = {isa = PBXFileReference; fileEncoding = 4; lastKnownFileType = sourcecode.c.h; path = TransRetailInfoType.h; sourceTree = "<group>"; };
		A03F0DEF20ADEA6100323FA4 /* UserField.h */ = {isa = PBXFileReference; fileEncoding = 4; lastKnownFileType = sourcecode.c.h; path = UserField.h; sourceTree = "<group>"; };
		A03F0DF020ADEA6100323FA4 /* libAnetEMVLibrary.a */ = {isa = PBXFileReference; lastKnownFileType = archive.ar; path = libAnetEMVLibrary.a; sourceTree = "<group>"; };
		A0ECBAAF221EA9250080DB31 /* libc++.tbd */ = {isa = PBXFileReference; lastKnownFileType = "sourcecode.text-based-dylib-definition"; name = "libc++.tbd"; path = "usr/lib/libc++.tbd"; sourceTree = SDKROOT; };
/* End PBXFileReference section */

/* Begin PBXFrameworksBuildPhase section */
		419458581BE0200800B9C8EA /* Frameworks */ = {
			isa = PBXFrameworksBuildPhase;
			buildActionMask = 2147483647;
			files = (
				A0ECBAB0221EA9250080DB31 /* libc++.tbd in Frameworks */,
				4155B3641D8B75C800ED634D /* MediaPlayer.framework in Frameworks */,
				A03F0E4F20ADEA6100323FA4 /* libAnetEMVLibrary.a in Frameworks */,
				4194588C1BE0292F00B9C8EA /* libxml2.2.tbd in Frameworks */,
			);
			runOnlyForDeploymentPostprocessing = 0;
		};
		4194586F1BE0200800B9C8EA /* Frameworks */ = {
			isa = PBXFrameworksBuildPhase;
			buildActionMask = 2147483647;
			files = (
			);
			runOnlyForDeploymentPostprocessing = 0;
		};
/* End PBXFrameworksBuildPhase section */

/* Begin PBXGroup section */
		4155B2031D8B651700ED634D /* AnetEMVLibrary */ = {
			isa = PBXGroup;
			children = (
				A03F0D9020ADEA6100323FA4 /* include */,
				A03F0DF020ADEA6100323FA4 /* libAnetEMVLibrary.a */,
				A03F0CC620ADD9C700323FA4 /* AnetEMVStoryboard.storyboard */,
				A03F0CC520ADD9C700323FA4 /* eject.mp3 */,
			);
			path = AnetEMVLibrary;
			sourceTree = "<group>";
		};
		4155B2B81D8B6B1900ED634D /* Frameworks */ = {
			isa = PBXGroup;
			children = (
				A0ECBAAF221EA9250080DB31 /* libc++.tbd */,
				4155B2BF1D8B6BD000ED634D /* AudioToolbox.framework */,
				4155B2BD1D8B6BBD00ED634D /* MediaPlayer.framework */,
				4155B2BB1D8B6BAA00ED634D /* openssl.framework */,
				4155B2B91D8B6B1900ED634D /* Security.framework */,
			);
			name = Frameworks;
			sourceTree = "<group>";
		};
		419458521BE0200800B9C8EA = {
			isa = PBXGroup;
			children = (
				4155B2031D8B651700ED634D /* AnetEMVLibrary */,
				411EEC771D7A0DEA006B766A /* bg.jpg */,
				41062F231D4937BC003D5AA6 /* logo.png */,
				4108BD1A1D9AED040009125F /* image1_bg.png */,
				4108BD1B1D9AED040009125F /* image2_bg.png */,
				4109BD6B1D50819900B2A5B1 /* Settings.bundle */,
				4194588B1BE0292F00B9C8EA /* libxml2.2.tbd */,
				4194585D1BE0200800B9C8EA /* AnetEMVDemo */,
				419458751BE0200800B9C8EA /* AnetEMVDemoTests */,
				4194585C1BE0200800B9C8EA /* Products */,
				419458871BE027E900B9C8EA /* AnetEMVDemo-Bridging-Header.h */,
				4155B2B81D8B6B1900ED634D /* Frameworks */,
			);
			sourceTree = "<group>";
		};
		4194585C1BE0200800B9C8EA /* Products */ = {
			isa = PBXGroup;
			children = (
				4194585B1BE0200800B9C8EA /* AnetEMVDemo.app */,
				419458721BE0200800B9C8EA /* AnetEMVDemoTests.xctest */,
			);
			name = Products;
			sourceTree = "<group>";
		};
		4194585D1BE0200800B9C8EA /* AnetEMVDemo */ = {
			isa = PBXGroup;
			children = (
				41E1210F1D87629D0047B9DB /* AnetEMVDemo.entitlements */,
				41062F201D49356F003D5AA6 /* AnetEMVDemoUISettings.h */,
				41062F211D49356F003D5AA6 /* AnetEMVDemoUISettings.m */,
				4194585E1BE0200800B9C8EA /* AppDelegate.swift */,
				419458601BE0200800B9C8EA /* ViewController.swift */,
				41E6E0941BE16EFA00CFC79D /* AddProductViewController.swift */,
				41B722751C85187300A02C3A /* DetailsViewController.swift */,
				2E2CFA3C222FC561002E2EE0 /* AnetProfileDemoUISettings.h */,
				2E2CFA39222FC561002E2EE0 /* AnetProfileDemoUISettings.m */,
				2E2CFA3B222FC561002E2EE0 /* CreateProfileHeadlessViewController.swift */,
				2E2CFA3A222FC561002E2EE0 /* HeadlessTableViewCell.swift */,
				419458621BE0200800B9C8EA /* Main.storyboard */,
				419458681BE0200800B9C8EA /* Assets.xcassets */,
				419458811BE0250300B9C8EA /* Fingerprint.png */,
				4194586A1BE0200800B9C8EA /* LaunchScreen.storyboard */,
				4194586D1BE0200800B9C8EA /* Info.plist */,
				419458651BE0200800B9C8EA /* AnetEMVDemo.xcdatamodeld */,
			);
			path = AnetEMVDemo;
			sourceTree = "<group>";
		};
		419458751BE0200800B9C8EA /* AnetEMVDemoTests */ = {
			isa = PBXGroup;
			children = (
				419458761BE0200800B9C8EA /* AnetEMVDemoTests.swift */,
				419458781BE0200800B9C8EA /* Info.plist */,
			);
			path = AnetEMVDemoTests;
			sourceTree = "<group>";
		};
		A03F0D9020ADEA6100323FA4 /* include */ = {
			isa = PBXGroup;
			children = (
				A03F0D9120ADEA6100323FA4 /* AnetEMVLibrary */,
			);
			path = include;
			sourceTree = "<group>";
		};
		A03F0D9120ADEA6100323FA4 /* AnetEMVLibrary */ = {
			isa = PBXGroup;
			children = (
				A03F0D9220ADEA6100323FA4 /* ANetApiRequest.h */,
				A03F0D9320ADEA6100323FA4 /* ANetApiResponse.h */,
				A03F0D9420ADEA6100323FA4 /* AnetBTObject.h */,
				A03F0D9520ADEA6100323FA4 /* AnetEMVError.h */,
				A03F0D9620ADEA6100323FA4 /* AnetEMVLibrary.h */,
				A03F0D9720ADEA6100323FA4 /* AnetEMVManager.h */,
				A03F0D9820ADEA6100323FA4 /* AnetEMVResponse.h */,
				A03F0D9920ADEA6100323FA4 /* AnetEMVTag.h */,
				A03F0D9A20ADEA6100323FA4 /* AnetEMVTransactionRequest.h */,
				A03F0D9B20ADEA6100323FA4 /* AnetEMVTransactionResponse.h */,
				A03F0D9C20ADEA6100323FA4 /* AnetEMVUISettings.h */,
				A03F0D9D20ADEA6100323FA4 /* ANetSolution.h */,
				A03F0D9E20ADEA6100323FA4 /* AnetViewController.h */,
				A03F0D9F20ADEA6100323FA4 /* AuthNet.h */,
				A03F0DA020ADEA6100323FA4 /* AuthNetMessage.h */,
				A03F0DA120ADEA6100323FA4 /* AuthNetRequest.h */,
				A03F0DA220ADEA6100323FA4 /* AuthNetResponse.h */,
				A03F0DA320ADEA6100323FA4 /* BankAccountMaskedType.h */,
				A03F0DA420ADEA6100323FA4 /* BankAccountType.h */,
				A03F0DA520ADEA6100323FA4 /* BatchDetailsType.h */,
				A03F0DA620ADEA6100323FA4 /* BatchStatisticType.h */,
				A03F0DA720ADEA6100323FA4 /* CardType.h */,
				A03F0DA820ADEA6100323FA4 /* CCAuthenticationType.h */,
				A03F0DA920ADEA6100323FA4 /* CreateTransactionRequest.h */,
				A03F0DAA20ADEA6100323FA4 /* CreateTransactionResponse.h */,
				A03F0DAB20ADEA6100323FA4 /* CreditCardMaskedType.h */,
				A03F0DAC20ADEA6100323FA4 /* CreditCardTrackType.h */,
				A03F0DAD20ADEA6100323FA4 /* CreditCardType.h */,
				A03F0DAE20ADEA6100323FA4 /* Currency.h */,
				A03F0DAF20ADEA6100323FA4 /* CustomerAddressType.h */,
				A03F0DB020ADEA6100323FA4 /* CustomerDataType.h */,
				A03F0DB120ADEA6100323FA4 /* Error.h */,
				A03F0DB220ADEA6100323FA4 /* ExtendedAmountType.h */,
				A03F0DB320ADEA6100323FA4 /* FDSFilterType.h */,
				A03F0DB420ADEA6100323FA4 /* FingerPrintObjectType.h */,
				A03F0DB520ADEA6100323FA4 /* GDataXMLNode.h */,
				A03F0DB620ADEA6100323FA4 /* GetBatchStatisticsRequest.h */,
				A03F0DB720ADEA6100323FA4 /* GetBatchStatisticsResponse.h */,
				A03F0DB820ADEA6100323FA4 /* GetMerchantDetailsRequest.h */,
				A03F0DB920ADEA6100323FA4 /* GetMerchantDetailsResponse.h */,
				A03F0DBA20ADEA6100323FA4 /* GetSettledBatchListRequest.h */,
				A03F0DBB20ADEA6100323FA4 /* GetSettledBatchListResponse.h */,
				A03F0DBC20ADEA6100323FA4 /* GetTransactionDetailsRequest.h */,
				A03F0DBD20ADEA6100323FA4 /* GetTransactionDetailsResponse.h */,
				A03F0DBE20ADEA6100323FA4 /* GetTransactionListRequest.h */,
				A03F0DBF20ADEA6100323FA4 /* GetTransactionListResponse.h */,
				A03F0DC020ADEA6100323FA4 /* GetUnsettledTransactionListRequest.h */,
				A03F0DC120ADEA6100323FA4 /* GetUnsettledTransactionListResponse.h */,
				A03F0DC220ADEA6100323FA4 /* LineItemType.h */,
				A03F0DC320ADEA6100323FA4 /* LogoutRequest.h */,
				A03F0DC420ADEA6100323FA4 /* LogoutResponse.h */,
				A03F0DC520ADEA6100323FA4 /* MarketType.h */,
				A03F0DC620ADEA6100323FA4 /* MerchantAccountType.h */,
				A03F0DC720ADEA6100323FA4 /* MerchantAuthenticationType.h */,
				A03F0DC820ADEA6100323FA4 /* MerchantContactType.h */,
				A03F0DC920ADEA6100323FA4 /* Messages.h */,
				A03F0DCA20ADEA6100323FA4 /* MobileDeviceLoginRequest.h */,
				A03F0DCB20ADEA6100323FA4 /* MobileDeviceLoginResponse.h */,
				A03F0DCC20ADEA6100323FA4 /* MobileDeviceRegistrationRequest.h */,
				A03F0DCD20ADEA6100323FA4 /* MobileDeviceRegistrationResponse.h */,
				A03F0DCE20ADEA6100323FA4 /* MobileDeviceType.h */,
				A03F0DCF20ADEA6100323FA4 /* NameAndAddressType.h */,
				A03F0DD020ADEA6100323FA4 /* NSArray+PerformSelector.h */,
				A03F0DD120ADEA6100323FA4 /* NSString+dataFromFilename.h */,
				A03F0DD220ADEA6100323FA4 /* NSString+Hex.h */,
				A03F0DD320ADEA6100323FA4 /* NSString+stringForRFC3339DateTimeString.h */,
				A03F0DD420ADEA6100323FA4 /* NSString+stringValueOfXMLElement.h */,
				A03F0DD520ADEA6100323FA4 /* NSString+stringWithEscapedXMLValue.h */,
				A03F0DD620ADEA6100323FA4 /* NSString+stringWithXMLTag.h */,
				A03F0DD720ADEA6100323FA4 /* OpaqueDataType.h */,
				A03F0DD820ADEA6100323FA4 /* OrderExType.h */,
				A03F0DD920ADEA6100323FA4 /* OrderType.h */,
				A03F0DDA20ADEA6100323FA4 /* PaymentMaskedType.h */,
				A03F0DDB20ADEA6100323FA4 /* PaymentMethod.h */,
				A03F0DDC20ADEA6100323FA4 /* PaymentType.h */,
				A03F0DDD20ADEA6100323FA4 /* PermissionType.h */,
				A03F0DDE20ADEA6100323FA4 /* Processor.h */,
				A03F0DDF20ADEA6100323FA4 /* ProductCode.h */,
				A03F0DE020ADEA6100323FA4 /* Reachability.h */,
				A03F0DE120ADEA6100323FA4 /* SendCustomerTransactionReceiptRequest.h */,
				A03F0DE220ADEA6100323FA4 /* SendCustomerTransactionReceiptResponse.h */,
				A03F0DE320ADEA6100323FA4 /* SettingType.h */,
				A03F0DE420ADEA6100323FA4 /* SplitTenderPayment.h */,
				A03F0DE520ADEA6100323FA4 /* SwiperDataType.h */,
				A03F0DE620ADEA6100323FA4 /* TestAccountCaptchaRequest.h */,
				A03F0DE720ADEA6100323FA4 /* TestAccountCaptchaResponse.h */,
				A03F0DE820ADEA6100323FA4 /* TestAccountRegistrationRequest.h */,
				A03F0DE920ADEA6100323FA4 /* TestAccountRegistrationResponse.h */,
				A03F0DEA20ADEA6100323FA4 /* TransactionDetailsType.h */,
				A03F0DEB20ADEA6100323FA4 /* TransactionRequestType.h */,
				A03F0DEC20ADEA6100323FA4 /* TransactionResponse.h */,
				A03F0DED20ADEA6100323FA4 /* TransactionSummaryType.h */,
				A03F0DEE20ADEA6100323FA4 /* TransRetailInfoType.h */,
				A03F0DEF20ADEA6100323FA4 /* UserField.h */,
			);
			path = AnetEMVLibrary;
			sourceTree = "<group>";
		};
/* End PBXGroup section */

/* Begin PBXHeadersBuildPhase section */
		4155AF841D8B4F2500ED634D /* Headers */ = {
			isa = PBXHeadersBuildPhase;
			buildActionMask = 2147483647;
			files = (
				A03F0E2C20ADEA6100323FA4 /* MobileDeviceRegistrationResponse.h in Headers */,
				A03F0E3820ADEA6100323FA4 /* OrderType.h in Headers */,
				A03F0E2920ADEA6100323FA4 /* MobileDeviceLoginRequest.h in Headers */,
				A03F0E3320ADEA6100323FA4 /* NSString+stringValueOfXMLElement.h in Headers */,
				A03F0E2320ADEA6100323FA4 /* LogoutResponse.h in Headers */,
				A03F0E1720ADEA6100323FA4 /* GetMerchantDetailsRequest.h in Headers */,
				A03F0E1820ADEA6100323FA4 /* GetMerchantDetailsResponse.h in Headers */,
				A03F0DF220ADEA6100323FA4 /* ANetApiResponse.h in Headers */,
				A03F0E3A20ADEA6100323FA4 /* PaymentMethod.h in Headers */,
				A03F0E1E20ADEA6100323FA4 /* GetTransactionListResponse.h in Headers */,
				A03F0E0120ADEA6100323FA4 /* AuthNetResponse.h in Headers */,
				A03F0E0720ADEA6100323FA4 /* CCAuthenticationType.h in Headers */,
				A03F0DFC20ADEA6100323FA4 /* ANetSolution.h in Headers */,
				A03F0E0A20ADEA6100323FA4 /* CreditCardMaskedType.h in Headers */,
				A03F0E0E20ADEA6100323FA4 /* CustomerAddressType.h in Headers */,
				A03F0E3D20ADEA6100323FA4 /* Processor.h in Headers */,
				A03F0E3920ADEA6100323FA4 /* PaymentMaskedType.h in Headers */,
				A03F0E1420ADEA6100323FA4 /* GDataXMLNode.h in Headers */,
				A03F0E3F20ADEA6100323FA4 /* Reachability.h in Headers */,
				A03F0E3220ADEA6100323FA4 /* NSString+stringForRFC3339DateTimeString.h in Headers */,
				A03F0E3B20ADEA6100323FA4 /* PaymentType.h in Headers */,
				A03F0E1A20ADEA6100323FA4 /* GetSettledBatchListResponse.h in Headers */,
				A03F0DF920ADEA6100323FA4 /* AnetEMVTransactionRequest.h in Headers */,
				A03F0E3720ADEA6100323FA4 /* OrderExType.h in Headers */,
				A03F0E0620ADEA6100323FA4 /* CardType.h in Headers */,
				A03F0E2B20ADEA6100323FA4 /* MobileDeviceRegistrationRequest.h in Headers */,
				A03F0E2620ADEA6100323FA4 /* MerchantAuthenticationType.h in Headers */,
				A03F0DFF20ADEA6100323FA4 /* AuthNetMessage.h in Headers */,
				A03F0E3620ADEA6100323FA4 /* OpaqueDataType.h in Headers */,
				A03F0E2020ADEA6100323FA4 /* GetUnsettledTransactionListResponse.h in Headers */,
				A03F0E4120ADEA6100323FA4 /* SendCustomerTransactionReceiptResponse.h in Headers */,
				A03F0E4A20ADEA6100323FA4 /* TransactionRequestType.h in Headers */,
				A03F0DF620ADEA6100323FA4 /* AnetEMVManager.h in Headers */,
				A03F0DF520ADEA6100323FA4 /* AnetEMVLibrary.h in Headers */,
				A03F0DFB20ADEA6100323FA4 /* AnetEMVUISettings.h in Headers */,
				4155AFDD1D8B4F3F00ED634D /* AnetEMVDemoUISettings.h in Headers */,
				A03F0E4520ADEA6100323FA4 /* TestAccountCaptchaRequest.h in Headers */,
				A03F0E0D20ADEA6100323FA4 /* Currency.h in Headers */,
				A03F0E0520ADEA6100323FA4 /* BatchStatisticType.h in Headers */,
				A03F0E0220ADEA6100323FA4 /* BankAccountMaskedType.h in Headers */,
				A03F0DF120ADEA6100323FA4 /* ANetApiRequest.h in Headers */,
				A03F0E1920ADEA6100323FA4 /* GetSettledBatchListRequest.h in Headers */,
				A03F0E0920ADEA6100323FA4 /* CreateTransactionResponse.h in Headers */,
				A03F0E1220ADEA6100323FA4 /* FDSFilterType.h in Headers */,
				A03F0DFE20ADEA6100323FA4 /* AuthNet.h in Headers */,
				A03F0E1D20ADEA6100323FA4 /* GetTransactionListRequest.h in Headers */,
				A03F0E1120ADEA6100323FA4 /* ExtendedAmountType.h in Headers */,
				A03F0E2420ADEA6100323FA4 /* MarketType.h in Headers */,
				A03F0E0020ADEA6100323FA4 /* AuthNetRequest.h in Headers */,
				A03F0E2F20ADEA6100323FA4 /* NSArray+PerformSelector.h in Headers */,
				A03F0E0320ADEA6100323FA4 /* BankAccountType.h in Headers */,
				A03F0E0F20ADEA6100323FA4 /* CustomerDataType.h in Headers */,
				A03F0E3020ADEA6100323FA4 /* NSString+dataFromFilename.h in Headers */,
				A03F0E4720ADEA6100323FA4 /* TestAccountRegistrationRequest.h in Headers */,
				A03F0E2E20ADEA6100323FA4 /* NameAndAddressType.h in Headers */,
				A03F0E0C20ADEA6100323FA4 /* CreditCardType.h in Headers */,
				A03F0E4320ADEA6100323FA4 /* SplitTenderPayment.h in Headers */,
				A03F0E1C20ADEA6100323FA4 /* GetTransactionDetailsResponse.h in Headers */,
				A03F0E3C20ADEA6100323FA4 /* PermissionType.h in Headers */,
				A03F0E1B20ADEA6100323FA4 /* GetTransactionDetailsRequest.h in Headers */,
				A03F0E2D20ADEA6100323FA4 /* MobileDeviceType.h in Headers */,
				A03F0E1520ADEA6100323FA4 /* GetBatchStatisticsRequest.h in Headers */,
				4155AFDE1D8B4F3F00ED634D /* AnetEMVDemo-Bridging-Header.h in Headers */,
				A03F0E3420ADEA6100323FA4 /* NSString+stringWithEscapedXMLValue.h in Headers */,
				A03F0E0B20ADEA6100323FA4 /* CreditCardTrackType.h in Headers */,
				A03F0E1020ADEA6100323FA4 /* Error.h in Headers */,
				A03F0DF420ADEA6100323FA4 /* AnetEMVError.h in Headers */,
				A03F0E2220ADEA6100323FA4 /* LogoutRequest.h in Headers */,
				A03F0E4E20ADEA6100323FA4 /* UserField.h in Headers */,
				A03F0E4C20ADEA6100323FA4 /* TransactionSummaryType.h in Headers */,
				A03F0E2820ADEA6100323FA4 /* Messages.h in Headers */,
				A03F0DF720ADEA6100323FA4 /* AnetEMVResponse.h in Headers */,
				A03F0E2720ADEA6100323FA4 /* MerchantContactType.h in Headers */,
				A03F0DF820ADEA6100323FA4 /* AnetEMVTag.h in Headers */,
				A03F0E2520ADEA6100323FA4 /* MerchantAccountType.h in Headers */,
				A03F0E2120ADEA6100323FA4 /* LineItemType.h in Headers */,
				A03F0E0420ADEA6100323FA4 /* BatchDetailsType.h in Headers */,
				A03F0E4020ADEA6100323FA4 /* SendCustomerTransactionReceiptRequest.h in Headers */,
				A03F0DFD20ADEA6100323FA4 /* AnetViewController.h in Headers */,
				A03F0E3520ADEA6100323FA4 /* NSString+stringWithXMLTag.h in Headers */,
				A03F0E2A20ADEA6100323FA4 /* MobileDeviceLoginResponse.h in Headers */,
				A03F0E1320ADEA6100323FA4 /* FingerPrintObjectType.h in Headers */,
				A03F0DF320ADEA6100323FA4 /* AnetBTObject.h in Headers */,
				A03F0DFA20ADEA6100323FA4 /* AnetEMVTransactionResponse.h in Headers */,
				2E2CFA40222FC561002E2EE0 /* AnetProfileDemoUISettings.h in Headers */,
				A03F0E1620ADEA6100323FA4 /* GetBatchStatisticsResponse.h in Headers */,
				A03F0E3120ADEA6100323FA4 /* NSString+Hex.h in Headers */,
				A03F0E4920ADEA6100323FA4 /* TransactionDetailsType.h in Headers */,
				A03F0E4620ADEA6100323FA4 /* TestAccountCaptchaResponse.h in Headers */,
				A03F0E4D20ADEA6100323FA4 /* TransRetailInfoType.h in Headers */,
				A03F0E1F20ADEA6100323FA4 /* GetUnsettledTransactionListRequest.h in Headers */,
				A03F0E4B20ADEA6100323FA4 /* TransactionResponse.h in Headers */,
				A03F0E4420ADEA6100323FA4 /* SwiperDataType.h in Headers */,
				A03F0E4820ADEA6100323FA4 /* TestAccountRegistrationResponse.h in Headers */,
				A03F0E0820ADEA6100323FA4 /* CreateTransactionRequest.h in Headers */,
				A03F0E3E20ADEA6100323FA4 /* ProductCode.h in Headers */,
				A03F0E4220ADEA6100323FA4 /* SettingType.h in Headers */,
			);
			runOnlyForDeploymentPostprocessing = 0;
		};
/* End PBXHeadersBuildPhase section */

/* Begin PBXNativeTarget section */
		4194585A1BE0200800B9C8EA /* AnetEMVDemo */ = {
			isa = PBXNativeTarget;
			buildConfigurationList = 4194587B1BE0200800B9C8EA /* Build configuration list for PBXNativeTarget "AnetEMVDemo" */;
			buildPhases = (
				419458571BE0200800B9C8EA /* Sources */,
				419458581BE0200800B9C8EA /* Frameworks */,
				419458591BE0200800B9C8EA /* Resources */,
				416965D61C1B40A30003E103 /* copy settings bundle */,
				412E7CD01C5FF24B00F84F5D /* Embed Frameworks */,
				41040FF71C6C136D0036FE72 /* ShellScript */,
				4155AF841D8B4F2500ED634D /* Headers */,
			);
			buildRules = (
			);
			dependencies = (
			);
			name = AnetEMVDemo;
			productName = AnetEMVDemo;
			productReference = 4194585B1BE0200800B9C8EA /* AnetEMVDemo.app */;
			productType = "com.apple.product-type.application";
		};
		419458711BE0200800B9C8EA /* AnetEMVDemoTests */ = {
			isa = PBXNativeTarget;
			buildConfigurationList = 4194587E1BE0200800B9C8EA /* Build configuration list for PBXNativeTarget "AnetEMVDemoTests" */;
			buildPhases = (
				4194586E1BE0200800B9C8EA /* Sources */,
				4194586F1BE0200800B9C8EA /* Frameworks */,
				419458701BE0200800B9C8EA /* Resources */,
			);
			buildRules = (
			);
			dependencies = (
				419458741BE0200800B9C8EA /* PBXTargetDependency */,
			);
			name = AnetEMVDemoTests;
			productName = AnetEMVDemoTests;
			productReference = 419458721BE0200800B9C8EA /* AnetEMVDemoTests.xctest */;
			productType = "com.apple.product-type.bundle.unit-test";
		};
/* End PBXNativeTarget section */

/* Begin PBXProject section */
		419458531BE0200800B9C8EA /* Project object */ = {
			isa = PBXProject;
			attributes = {
				LastSwiftUpdateCheck = 0700;
				LastUpgradeCheck = 0700;
				ORGANIZATIONNAME = "Pankaj Taneja";
				TargetAttributes = {
					4194585A1BE0200800B9C8EA = {
						CreatedOnToolsVersion = 7.0.1;
						DevelopmentTeam = 8WQ4DJVQC2;
						LastSwiftMigration = 0800;
						SystemCapabilities = {
							com.apple.OMC = {
								enabled = 1;
							};
						};
					};
					419458711BE0200800B9C8EA = {
						CreatedOnToolsVersion = 7.0.1;
						LastSwiftMigration = 0800;
						TestTargetID = 4194585A1BE0200800B9C8EA;
					};
				};
			};
			buildConfigurationList = 419458561BE0200800B9C8EA /* Build configuration list for PBXProject "AnetEMVDemo" */;
			compatibilityVersion = "Xcode 3.2";
			developmentRegion = English;
			hasScannedForEncodings = 0;
			knownRegions = (
				English,
				en,
				Base,
			);
			mainGroup = 419458521BE0200800B9C8EA;
			productRefGroup = 4194585C1BE0200800B9C8EA /* Products */;
			projectDirPath = "";
			projectRoot = "";
			targets = (
				4194585A1BE0200800B9C8EA /* AnetEMVDemo */,
				419458711BE0200800B9C8EA /* AnetEMVDemoTests */,
			);
		};
/* End PBXProject section */

/* Begin PBXResourcesBuildPhase section */
		419458591BE0200800B9C8EA /* Resources */ = {
			isa = PBXResourcesBuildPhase;
			buildActionMask = 2147483647;
			files = (
				4109BD6C1D50819900B2A5B1 /* Settings.bundle in Resources */,
				411EEC781D7A0DEA006B766A /* bg.jpg in Resources */,
				A03F0CC720ADD9C700323FA4 /* eject.mp3 in Resources */,
				4108BD1C1D9AED040009125F /* image1_bg.png in Resources */,
				4108BD1D1D9AED040009125F /* image2_bg.png in Resources */,
				4194586C1BE0200800B9C8EA /* LaunchScreen.storyboard in Resources */,
				419458691BE0200800B9C8EA /* Assets.xcassets in Resources */,
				A03F0CC820ADD9C700323FA4 /* AnetEMVStoryboard.storyboard in Resources */,
				41062F241D4937BC003D5AA6 /* logo.png in Resources */,
				419458821BE0250300B9C8EA /* Fingerprint.png in Resources */,
				419458641BE0200800B9C8EA /* Main.storyboard in Resources */,
			);
			runOnlyForDeploymentPostprocessing = 0;
		};
		419458701BE0200800B9C8EA /* Resources */ = {
			isa = PBXResourcesBuildPhase;
			buildActionMask = 2147483647;
			files = (
			);
			runOnlyForDeploymentPostprocessing = 0;
		};
/* End PBXResourcesBuildPhase section */

/* Begin PBXShellScriptBuildPhase section */
		41040FF71C6C136D0036FE72 /* ShellScript */ = {
			isa = PBXShellScriptBuildPhase;
			buildActionMask = 2147483647;
			files = (
			);
			inputPaths = (
			);
			outputPaths = (
			);
			runOnlyForDeploymentPostprocessing = 0;
			shellPath = /bin/sh;
			shellScript = "set -e\nDEVICE_PATH=\"${OBJROOT}/UninstalledProducts/iphoneos/${TARGET_NAME}.framework\"\nSIMULATOR_PATH=\"${SYMROOT}/../../../../Products/Debug-iphonesimulator/${TARGET_NAME}.framework\"\nARCHIVE_PATH=\"${SRCROOT}/_Archive\"\nDEMO_APP_PATH=\"${PROJECT_DIR}/../AnetEMVDemo/AnetEMVDemo\"\nif [ \"${CONFIGURATION}\" = \"Release\"]; then\nif [ -d \"${DEVICE_PATH}\" ]; then\nif [ -d \"${SIMULATOR_PATH}\" ]; then\nrm -rf \"${ARCHIVE_PATH}\"\nmkdir \"${ARCHIVE_PATH}\"\ncp -r \"${DEVICE_PATH}\" \"${ARCHIVE_PATH}\"\nlipo -create \"${DEVICE_PATH}/${TARGET_NAME}\" \"${SIMULATOR_PATH}/${TARGET_NAME}\" -output \"${ARCHIVE_PATH}/${TARGET_NAME}.framework/${TARGET_NAME}\"\nfi\nfi\nfi\n#rm -rf \"${DEMO_APP_PATH}/AnetEMVSdk.framework\"\n#cp -r \"${PROJECT_DIR}/_Archive/Release/AnetEMVSdk.framework\" \"${DEMO_APP_PATH}\"\nexit 0;";
		};
		416965D61C1B40A30003E103 /* copy settings bundle */ = {
			isa = PBXShellScriptBuildPhase;
			buildActionMask = 2147483647;
			files = (
			);
			inputPaths = (
			);
			name = "copy settings bundle";
			outputPaths = (
			);
			runOnlyForDeploymentPostprocessing = 0;
			shellPath = /bin/sh;
			shellScript = "rm -rf \"${BUILT_PRODUCTS_DIR}/${PRODUCT_NAME}.app/Settings.bundle\"\n\n# Copy Settings.bundle for all builds except when archiving.\n\nstring=\"${CODESIGNING_FOLDER_PATH}\"\nsubstring=\"ArchiveIntermediates/${PRODUCT_NAME}/InstallationBuildProductsLocation\"\nif test \"${string#*$substring}\" != \"$string\"\nthen\nrm -rf \"${CODESIGNING_FOLDER_PATH}/Settings.bundle\"\n# $substring is in $string\nelse\n# $substring is not in $string\ncp -rf \"${PROJECT_DIR}/AnetEMVDemo/Settings.bundle\" \"${BUILT_PRODUCTS_DIR}/${PRODUCT_NAME}.app/Settings.bundle\"\nfi\n";
		};
/* End PBXShellScriptBuildPhase section */

/* Begin PBXSourcesBuildPhase section */
		419458571BE0200800B9C8EA /* Sources */ = {
			isa = PBXSourcesBuildPhase;
			buildActionMask = 2147483647;
			files = (
				2E2CFA3D222FC561002E2EE0 /* AnetProfileDemoUISettings.m in Sources */,
				41062F221D49356F003D5AA6 /* AnetEMVDemoUISettings.m in Sources */,
				2E2CFA3E222FC561002E2EE0 /* HeadlessTableViewCell.swift in Sources */,
				419458671BE0200800B9C8EA /* AnetEMVDemo.xcdatamodeld in Sources */,
				419458611BE0200800B9C8EA /* ViewController.swift in Sources */,
				2E2CFA3F222FC561002E2EE0 /* CreateProfileHeadlessViewController.swift in Sources */,
				41E6E0951BE16EFA00CFC79D /* AddProductViewController.swift in Sources */,
				4194585F1BE0200800B9C8EA /* AppDelegate.swift in Sources */,
				41B722761C85187300A02C3A /* DetailsViewController.swift in Sources */,
			);
			runOnlyForDeploymentPostprocessing = 0;
		};
		4194586E1BE0200800B9C8EA /* Sources */ = {
			isa = PBXSourcesBuildPhase;
			buildActionMask = 2147483647;
			files = (
				419458771BE0200800B9C8EA /* AnetEMVDemoTests.swift in Sources */,
			);
			runOnlyForDeploymentPostprocessing = 0;
		};
/* End PBXSourcesBuildPhase section */

/* Begin PBXTargetDependency section */
		419458741BE0200800B9C8EA /* PBXTargetDependency */ = {
			isa = PBXTargetDependency;
			target = 4194585A1BE0200800B9C8EA /* AnetEMVDemo */;
			targetProxy = 419458731BE0200800B9C8EA /* PBXContainerItemProxy */;
		};
/* End PBXTargetDependency section */

/* Begin PBXVariantGroup section */
		419458621BE0200800B9C8EA /* Main.storyboard */ = {
			isa = PBXVariantGroup;
			children = (
				419458631BE0200800B9C8EA /* Base */,
			);
			name = Main.storyboard;
			sourceTree = "<group>";
		};
		4194586A1BE0200800B9C8EA /* LaunchScreen.storyboard */ = {
			isa = PBXVariantGroup;
			children = (
				4194586B1BE0200800B9C8EA /* Base */,
			);
			name = LaunchScreen.storyboard;
			sourceTree = "<group>";
		};
/* End PBXVariantGroup section */

/* Begin XCBuildConfiguration section */
		419458791BE0200800B9C8EA /* Debug */ = {
			isa = XCBuildConfiguration;
			buildSettings = {
				ALWAYS_SEARCH_USER_PATHS = NO;
				CLANG_CXX_LANGUAGE_STANDARD = "gnu++0x";
				CLANG_CXX_LIBRARY = "libc++";
				CLANG_ENABLE_MODULES = YES;
				CLANG_ENABLE_OBJC_ARC = YES;
				CLANG_WARN_BOOL_CONVERSION = YES;
				CLANG_WARN_CONSTANT_CONVERSION = YES;
				CLANG_WARN_DIRECT_OBJC_ISA_USAGE = YES_ERROR;
				CLANG_WARN_EMPTY_BODY = YES;
				CLANG_WARN_ENUM_CONVERSION = YES;
				CLANG_WARN_INT_CONVERSION = YES;
				CLANG_WARN_OBJC_ROOT_CLASS = YES_ERROR;
				CLANG_WARN_UNREACHABLE_CODE = YES;
				CLANG_WARN__DUPLICATE_METHOD_MATCH = YES;
				"CODE_SIGN_IDENTITY[sdk=iphoneos*]" = "iPhone Developer";
				COPY_PHASE_STRIP = NO;
				DEBUG_INFORMATION_FORMAT = dwarf;
				ENABLE_STRICT_OBJC_MSGSEND = YES;
				ENABLE_TESTABILITY = YES;
				GCC_C_LANGUAGE_STANDARD = gnu99;
				GCC_DYNAMIC_NO_PIC = NO;
				GCC_NO_COMMON_BLOCKS = YES;
				GCC_OPTIMIZATION_LEVEL = 0;
				GCC_PREPROCESSOR_DEFINITIONS = (
					"DEBUG=1",
					"$(inherited)",
				);
				GCC_WARN_64_TO_32_BIT_CONVERSION = YES;
				GCC_WARN_ABOUT_RETURN_TYPE = YES_ERROR;
				GCC_WARN_UNDECLARED_SELECTOR = YES;
				GCC_WARN_UNINITIALIZED_AUTOS = YES_AGGRESSIVE;
				GCC_WARN_UNUSED_FUNCTION = YES;
				GCC_WARN_UNUSED_VARIABLE = YES;
				IPHONEOS_DEPLOYMENT_TARGET = 9.0;
				MTL_ENABLE_DEBUG_INFO = YES;
				ONLY_ACTIVE_ARCH = YES;
				SDKROOT = iphoneos;
				SWIFT_OPTIMIZATION_LEVEL = "-Onone";
				SWIFT_VERSION = 5.0;
				TARGETED_DEVICE_FAMILY = "1,2";
			};
			name = Debug;
		};
		4194587A1BE0200800B9C8EA /* Release */ = {
			isa = XCBuildConfiguration;
			buildSettings = {
				ALWAYS_SEARCH_USER_PATHS = NO;
				CLANG_CXX_LANGUAGE_STANDARD = "gnu++0x";
				CLANG_CXX_LIBRARY = "libc++";
				CLANG_ENABLE_MODULES = YES;
				CLANG_ENABLE_OBJC_ARC = YES;
				CLANG_WARN_BOOL_CONVERSION = YES;
				CLANG_WARN_CONSTANT_CONVERSION = YES;
				CLANG_WARN_DIRECT_OBJC_ISA_USAGE = YES_ERROR;
				CLANG_WARN_EMPTY_BODY = YES;
				CLANG_WARN_ENUM_CONVERSION = YES;
				CLANG_WARN_INT_CONVERSION = YES;
				CLANG_WARN_OBJC_ROOT_CLASS = YES_ERROR;
				CLANG_WARN_UNREACHABLE_CODE = YES;
				CLANG_WARN__DUPLICATE_METHOD_MATCH = YES;
				"CODE_SIGN_IDENTITY[sdk=iphoneos*]" = "iPhone Developer";
				COPY_PHASE_STRIP = NO;
				DEBUG_INFORMATION_FORMAT = "dwarf-with-dsym";
				ENABLE_NS_ASSERTIONS = NO;
				ENABLE_STRICT_OBJC_MSGSEND = YES;
				GCC_C_LANGUAGE_STANDARD = gnu99;
				GCC_NO_COMMON_BLOCKS = YES;
				GCC_WARN_64_TO_32_BIT_CONVERSION = YES;
				GCC_WARN_ABOUT_RETURN_TYPE = YES_ERROR;
				GCC_WARN_UNDECLARED_SELECTOR = YES;
				GCC_WARN_UNINITIALIZED_AUTOS = YES_AGGRESSIVE;
				GCC_WARN_UNUSED_FUNCTION = YES;
				GCC_WARN_UNUSED_VARIABLE = YES;
				IPHONEOS_DEPLOYMENT_TARGET = 9.0;
				MTL_ENABLE_DEBUG_INFO = NO;
				SDKROOT = iphoneos;
				SWIFT_VERSION = 5.0;
				TARGETED_DEVICE_FAMILY = "1,2";
				VALIDATE_PRODUCT = YES;
			};
			name = Release;
		};
		4194587C1BE0200800B9C8EA /* Debug */ = {
			isa = XCBuildConfiguration;
			buildSettings = {
				ASSETCATALOG_COMPILER_APPICON_NAME = AppIcon;
				CLANG_ENABLE_MODULES = YES;
				CODE_SIGN_ENTITLEMENTS = AnetEMVDemo/AnetEMVDemo.entitlements;
				CODE_SIGN_IDENTITY = "iPhone Developer";
				"CODE_SIGN_IDENTITY[sdk=iphoneos*]" = "iPhone Developer";
				ENABLE_BITCODE = NO;
				FRAMEWORK_SEARCH_PATHS = (
					"$(inherited)",
					"$(PROJECT_DIR)/AnetEMVLibrary/**",
					"$(PROJECT_DIR)",
				);
				GCC_PREPROCESSOR_DEFINITIONS = (
					"DEBUG=1",
					"$(inherited)",
				);
				HEADER_SEARCH_PATHS = (
					"$(SDKROOT)/usr/include/libxml2",
					"$(PROJECT_DIR)/**",
				);
				INFOPLIST_FILE = AnetEMVDemo/Info.plist;
				IPHONEOS_DEPLOYMENT_TARGET = 10.0;
				LD_RUNPATH_SEARCH_PATHS = "$(inherited) @executable_path/Frameworks";
				LIBRARY_SEARCH_PATHS = (
					"$(inherited)",
					"$(PROJECT_DIR)/AnetEMVLibrary/**",
				);
				ONLY_ACTIVE_ARCH = NO;
				OTHER_LDFLAGS = "-ObjC";
				PRODUCT_BUNDLE_IDENTIFIER = net.authorize.mobilemerchant;
				PRODUCT_NAME = "$(TARGET_NAME)";
				PROVISIONING_PROFILE = "";
				SWIFT_OBJC_BRIDGING_HEADER = "AnetEMVDemo-Bridging-Header.h";
				SWIFT_OPTIMIZATION_LEVEL = "-Onone";
				SWIFT_VERSION = 5.0;
			};
			name = Debug;
		};
		4194587D1BE0200800B9C8EA /* Release */ = {
			isa = XCBuildConfiguration;
			buildSettings = {
				ASSETCATALOG_COMPILER_APPICON_NAME = AppIcon;
				CLANG_ENABLE_MODULES = YES;
				CODE_SIGN_ENTITLEMENTS = AnetEMVDemo/AnetEMVDemo.entitlements;
				CODE_SIGN_IDENTITY = "iPhone Developer";
				"CODE_SIGN_IDENTITY[sdk=iphoneos*]" = "iPhone Developer";
				ENABLE_BITCODE = NO;
				FRAMEWORK_SEARCH_PATHS = (
					"$(inherited)",
					"$(PROJECT_DIR)/AnetEMVLibrary/**",
					"$(PROJECT_DIR)",
				);
				HEADER_SEARCH_PATHS = (
					"$(SDKROOT)/usr/include/libxml2",
					"$(PROJECT_DIR)/**",
				);
				INFOPLIST_FILE = AnetEMVDemo/Info.plist;
				IPHONEOS_DEPLOYMENT_TARGET = 10.0;
				LD_RUNPATH_SEARCH_PATHS = "$(inherited) @executable_path/Frameworks";
				LIBRARY_SEARCH_PATHS = (
					"$(inherited)",
					"$(PROJECT_DIR)/AnetEMVLibrary/**",
				);
				ONLY_ACTIVE_ARCH = NO;
				OTHER_LDFLAGS = "-ObjC";
				PRODUCT_BUNDLE_IDENTIFIER = net.authorize.mobilemerchant;
				PRODUCT_NAME = "$(TARGET_NAME)";
				PROVISIONING_PROFILE = "";
				SWIFT_OBJC_BRIDGING_HEADER = "AnetEMVDemo-Bridging-Header.h";
				SWIFT_VERSION = 5.0;
			};
			name = Release;
		};
		4194587F1BE0200800B9C8EA /* Debug */ = {
			isa = XCBuildConfiguration;
			buildSettings = {
				BUNDLE_LOADER = "$(TEST_HOST)";
				INFOPLIST_FILE = AnetEMVDemoTests/Info.plist;
				LD_RUNPATH_SEARCH_PATHS = "$(inherited) @executable_path/Frameworks @loader_path/Frameworks";
				PRODUCT_BUNDLE_IDENTIFIER = net.authorize.AnetEMVDemoTests;
				PRODUCT_NAME = "$(TARGET_NAME)";
				SWIFT_VERSION = 5.0;
				TEST_HOST = "$(BUILT_PRODUCTS_DIR)/AnetEMVDemo.app/AnetEMVDemo";
			};
			name = Debug;
		};
		419458801BE0200800B9C8EA /* Release */ = {
			isa = XCBuildConfiguration;
			buildSettings = {
				BUNDLE_LOADER = "$(TEST_HOST)";
				INFOPLIST_FILE = AnetEMVDemoTests/Info.plist;
				LD_RUNPATH_SEARCH_PATHS = "$(inherited) @executable_path/Frameworks @loader_path/Frameworks";
				PRODUCT_BUNDLE_IDENTIFIER = net.authorize.AnetEMVDemoTests;
				PRODUCT_NAME = "$(TARGET_NAME)";
				SWIFT_VERSION = 5.0;
				TEST_HOST = "$(BUILT_PRODUCTS_DIR)/AnetEMVDemo.app/AnetEMVDemo";
			};
			name = Release;
		};
/* End XCBuildConfiguration section */

/* Begin XCConfigurationList section */
		419458561BE0200800B9C8EA /* Build configuration list for PBXProject "AnetEMVDemo" */ = {
			isa = XCConfigurationList;
			buildConfigurations = (
				419458791BE0200800B9C8EA /* Debug */,
				4194587A1BE0200800B9C8EA /* Release */,
			);
			defaultConfigurationIsVisible = 0;
			defaultConfigurationName = Release;
		};
		4194587B1BE0200800B9C8EA /* Build configuration list for PBXNativeTarget "AnetEMVDemo" */ = {
			isa = XCConfigurationList;
			buildConfigurations = (
				4194587C1BE0200800B9C8EA /* Debug */,
				4194587D1BE0200800B9C8EA /* Release */,
			);
			defaultConfigurationIsVisible = 0;
			defaultConfigurationName = Release;
		};
		4194587E1BE0200800B9C8EA /* Build configuration list for PBXNativeTarget "AnetEMVDemoTests" */ = {
			isa = XCConfigurationList;
			buildConfigurations = (
				4194587F1BE0200800B9C8EA /* Debug */,
				419458801BE0200800B9C8EA /* Release */,
			);
			defaultConfigurationIsVisible = 0;
			defaultConfigurationName = Release;
		};
/* End XCConfigurationList section */

/* Begin XCVersionGroup section */
		419458651BE0200800B9C8EA /* AnetEMVDemo.xcdatamodeld */ = {
			isa = XCVersionGroup;
			children = (
				419458661BE0200800B9C8EA /* AnetEMVDemo.xcdatamodel */,
			);
			currentVersion = 419458661BE0200800B9C8EA /* AnetEMVDemo.xcdatamodel */;
			path = AnetEMVDemo.xcdatamodeld;
			sourceTree = "<group>";
			versionGroupType = wrapper.xcdatamodel;
		};
/* End XCVersionGroup section */
	};
	rootObject = 419458531BE0200800B9C8EA /* Project object */;
}
