// !$*UTF8*$!
{
	archiveVersion = 1;
	classes = {
	};
	objectVersion = 46;
	objects = {

/* Begin PBXBuildFile section */
		41C549AF1BB5C4D2008D3ECB /* ANetSolution.m in Sources */ = {isa = PBXBuildFile; fileRef = 41C549AE1BB5C4D2008D3ECB /* ANetSolution.m */; settings = {ASSET_TAGS = (); }; };
		7848F52D1882BC1B00DA75CC /* TestAccountRegistrationResponse.xml in Resources */ = {isa = PBXBuildFile; fileRef = 7848F52C1882BC1B00DA75CC /* TestAccountRegistrationResponse.xml */; };
		806AAB1E19BFB49F00323034 /* NSString+HMAC_MD5.m in Sources */ = {isa = PBXBuildFile; fileRef = 806AAB1D19BFB49F00323034 /* NSString+HMAC_MD5.m */; };
		806AAB2019BFB52C00323034 /* OpaqueDataType.m in Sources */ = {isa = PBXBuildFile; fileRef = 806AAB1F19BFB52C00323034 /* OpaqueDataType.m */; };
		806AAB2219BFB55300323034 /* FingerPrintObjectType.m in Sources */ = {isa = PBXBuildFile; fileRef = 806AAB2119BFB55300323034 /* FingerPrintObjectType.m */; };
		8B60EBDB186F3756001A2639 /* TestAccountCaptchaRequest.m in Sources */ = {isa = PBXBuildFile; fileRef = 8B60EBDA186F3756001A2639 /* TestAccountCaptchaRequest.m */; };
		8D7C958017D1657C00D2B1A6 /* NSString+dataFromFilename.m in Sources */ = {isa = PBXBuildFile; fileRef = 8D7C957717D1657C00D2B1A6 /* NSString+dataFromFilename.m */; };
		8D7C958117D1657C00D2B1A6 /* NSString+Hex.m in Sources */ = {isa = PBXBuildFile; fileRef = 8D7C957917D1657C00D2B1A6 /* NSString+Hex.m */; };
		8D7C958217D1657C00D2B1A6 /* NSString+stringValueOfXMLElement.m in Sources */ = {isa = PBXBuildFile; fileRef = 8D7C957B17D1657C00D2B1A6 /* NSString+stringValueOfXMLElement.m */; };
		8D7C958317D1657C00D2B1A6 /* NSString+stringWithEscapedXMLValue.m in Sources */ = {isa = PBXBuildFile; fileRef = 8D7C957D17D1657C00D2B1A6 /* NSString+stringWithEscapedXMLValue.m */; };
		8D7C958417D1657C00D2B1A6 /* NSString+stringWithXMLTag.m in Sources */ = {isa = PBXBuildFile; fileRef = 8D7C957F17D1657C00D2B1A6 /* NSString+stringWithXMLTag.m */; };
		8DC0740D17D159F200D4E93D /* ANetApiRequest.m in Sources */ = {isa = PBXBuildFile; fileRef = 8DC073BD17D159F200D4E93D /* ANetApiRequest.m */; };
		8DC0740E17D159F200D4E93D /* ANetApiResponse.m in Sources */ = {isa = PBXBuildFile; fileRef = 8DC073BE17D159F200D4E93D /* ANetApiResponse.m */; };
		8DC0740F17D159F200D4E93D /* AuthNet.m in Sources */ = {isa = PBXBuildFile; fileRef = 8DC073BF17D159F200D4E93D /* AuthNet.m */; };
		8DC0741017D159F200D4E93D /* AuthNetMessage.m in Sources */ = {isa = PBXBuildFile; fileRef = 8DC073C017D159F200D4E93D /* AuthNetMessage.m */; };
		8DC0741117D159F200D4E93D /* AuthNetRequest.m in Sources */ = {isa = PBXBuildFile; fileRef = 8DC073C117D159F200D4E93D /* AuthNetRequest.m */; };
		8DC0741217D159F200D4E93D /* AuthNetResponse.m in Sources */ = {isa = PBXBuildFile; fileRef = 8DC073C217D159F200D4E93D /* AuthNetResponse.m */; };
		8DC0741417D159F200D4E93D /* BankAccountMaskedType.m in Sources */ = {isa = PBXBuildFile; fileRef = 8DC073C417D159F200D4E93D /* BankAccountMaskedType.m */; };
		8DC0741517D159F200D4E93D /* BankAccountType.m in Sources */ = {isa = PBXBuildFile; fileRef = 8DC073C517D159F200D4E93D /* BankAccountType.m */; };
		8DC0741617D159F200D4E93D /* BatchDetailsType.m in Sources */ = {isa = PBXBuildFile; fileRef = 8DC073C617D159F200D4E93D /* BatchDetailsType.m */; };
		8DC0741717D159F200D4E93D /* BatchStatisticType.m in Sources */ = {isa = PBXBuildFile; fileRef = 8DC073C717D159F200D4E93D /* BatchStatisticType.m */; };
		8DC0741817D159F200D4E93D /* CCAuthenticationType.m in Sources */ = {isa = PBXBuildFile; fileRef = 8DC073C817D159F200D4E93D /* CCAuthenticationType.m */; };
		8DC0741917D159F200D4E93D /* CreateTransactionRequest.m in Sources */ = {isa = PBXBuildFile; fileRef = 8DC073C917D159F200D4E93D /* CreateTransactionRequest.m */; };
		8DC0741A17D159F200D4E93D /* CreateTransactionResponse.m in Sources */ = {isa = PBXBuildFile; fileRef = 8DC073CA17D159F200D4E93D /* CreateTransactionResponse.m */; };
		8DC0741B17D159F200D4E93D /* CreditCardMaskedType.m in Sources */ = {isa = PBXBuildFile; fileRef = 8DC073CC17D159F200D4E93D /* CreditCardMaskedType.m */; };
		8DC0741C17D159F200D4E93D /* CreditCardTrackType.m in Sources */ = {isa = PBXBuildFile; fileRef = 8DC073CD17D159F200D4E93D /* CreditCardTrackType.m */; };
		8DC0741D17D159F200D4E93D /* CreditCardType.m in Sources */ = {isa = PBXBuildFile; fileRef = 8DC073CE17D159F200D4E93D /* CreditCardType.m */; };
		8DC0741E17D159F200D4E93D /* CustomerAddressType.m in Sources */ = {isa = PBXBuildFile; fileRef = 8DC073CF17D159F200D4E93D /* CustomerAddressType.m */; };
		8DC0741F17D159F200D4E93D /* CustomerDataType.m in Sources */ = {isa = PBXBuildFile; fileRef = 8DC073D017D159F200D4E93D /* CustomerDataType.m */; };
		8DC0742017D159F200D4E93D /* Error.m in Sources */ = {isa = PBXBuildFile; fileRef = 8DC073D117D159F200D4E93D /* Error.m */; };
		8DC0742117D159F200D4E93D /* ExtendedAmountType.m in Sources */ = {isa = PBXBuildFile; fileRef = 8DC073D217D159F200D4E93D /* ExtendedAmountType.m */; };
		8DC0742217D159F200D4E93D /* FDSFilterType.m in Sources */ = {isa = PBXBuildFile; fileRef = 8DC073D317D159F200D4E93D /* FDSFilterType.m */; };
		8DC0742317D159F200D4E93D /* GDataXMLNode.m in Sources */ = {isa = PBXBuildFile; fileRef = 8DC073D417D159F200D4E93D /* GDataXMLNode.m */; };
		8DC0742417D159F200D4E93D /* GetBatchStatisticsRequest.m in Sources */ = {isa = PBXBuildFile; fileRef = 8DC073D517D159F200D4E93D /* GetBatchStatisticsRequest.m */; };
		8DC0742517D159F200D4E93D /* GetBatchStatisticsResponse.m in Sources */ = {isa = PBXBuildFile; fileRef = 8DC073D617D159F200D4E93D /* GetBatchStatisticsResponse.m */; };
		8DC0742617D159F200D4E93D /* GetSettledBatchListRequest.m in Sources */ = {isa = PBXBuildFile; fileRef = 8DC073D817D159F200D4E93D /* GetSettledBatchListRequest.m */; };
		8DC0742717D159F200D4E93D /* GetSettledBatchListResponse.m in Sources */ = {isa = PBXBuildFile; fileRef = 8DC073D917D159F200D4E93D /* GetSettledBatchListResponse.m */; };
		8DC0742817D159F200D4E93D /* GetTransactionDetailsRequest.m in Sources */ = {isa = PBXBuildFile; fileRef = 8DC073DB17D159F200D4E93D /* GetTransactionDetailsRequest.m */; };
		8DC0742917D159F200D4E93D /* GetTransactionDetailsResponse.m in Sources */ = {isa = PBXBuildFile; fileRef = 8DC073DC17D159F200D4E93D /* GetTransactionDetailsResponse.m */; };
		8DC0742A17D159F200D4E93D /* GetTransactionListRequest.m in Sources */ = {isa = PBXBuildFile; fileRef = 8DC073DE17D159F200D4E93D /* GetTransactionListRequest.m */; };
		8DC0742B17D159F200D4E93D /* GetTransactionListResponse.m in Sources */ = {isa = PBXBuildFile; fileRef = 8DC073DF17D159F200D4E93D /* GetTransactionListResponse.m */; };
		8DC0742C17D159F200D4E93D /* GetUnsettledTransactionListRequest.m in Sources */ = {isa = PBXBuildFile; fileRef = 8DC073E117D159F200D4E93D /* GetUnsettledTransactionListRequest.m */; };
		8DC0742D17D159F200D4E93D /* GetUnsettledTransactionListResponse.m in Sources */ = {isa = PBXBuildFile; fileRef = 8DC073E217D159F200D4E93D /* GetUnsettledTransactionListResponse.m */; };
		8DC0742E17D159F200D4E93D /* LineItemType.m in Sources */ = {isa = PBXBuildFile; fileRef = 8DC073E417D159F200D4E93D /* LineItemType.m */; };
		8DC0742F17D159F200D4E93D /* LogoutRequest.m in Sources */ = {isa = PBXBuildFile; fileRef = 8DC073E517D159F200D4E93D /* LogoutRequest.m */; };
		8DC0743017D159F200D4E93D /* LogoutResponse.m in Sources */ = {isa = PBXBuildFile; fileRef = 8DC073E617D159F200D4E93D /* LogoutResponse.m */; };
		8DC0743117D159F200D4E93D /* MerchantAccountType.m in Sources */ = {isa = PBXBuildFile; fileRef = 8DC073E817D159F200D4E93D /* MerchantAccountType.m */; };
		8DC0743217D159F200D4E93D /* MerchantAuthenticationType.m in Sources */ = {isa = PBXBuildFile; fileRef = 8DC073E917D159F200D4E93D /* MerchantAuthenticationType.m */; };
		8DC0743317D159F200D4E93D /* MerchantContactType.m in Sources */ = {isa = PBXBuildFile; fileRef = 8DC073EA17D159F200D4E93D /* MerchantContactType.m */; };
		8DC0743417D159F200D4E93D /* Messages.m in Sources */ = {isa = PBXBuildFile; fileRef = 8DC073EB17D159F200D4E93D /* Messages.m */; };
		8DC0743517D159F200D4E93D /* MobileDeviceLoginRequest.m in Sources */ = {isa = PBXBuildFile; fileRef = 8DC073EC17D159F200D4E93D /* MobileDeviceLoginRequest.m */; };
		8DC0743617D159F200D4E93D /* MobileDeviceLoginResponse.m in Sources */ = {isa = PBXBuildFile; fileRef = 8DC073ED17D159F200D4E93D /* MobileDeviceLoginResponse.m */; };
		8DC0743717D159F200D4E93D /* MobileDeviceRegistrationRequest.m in Sources */ = {isa = PBXBuildFile; fileRef = 8DC073EF17D159F200D4E93D /* MobileDeviceRegistrationRequest.m */; };
		8DC0743817D159F200D4E93D /* MobileDeviceRegistrationResponse.m in Sources */ = {isa = PBXBuildFile; fileRef = 8DC073F017D159F200D4E93D /* MobileDeviceRegistrationResponse.m */; };
		8DC0743917D159F200D4E93D /* MobileDeviceType.m in Sources */ = {isa = PBXBuildFile; fileRef = 8DC073F217D159F200D4E93D /* MobileDeviceType.m */; };
		8DC0743A17D159F200D4E93D /* NameAndAddressType.m in Sources */ = {isa = PBXBuildFile; fileRef = 8DC073F317D159F200D4E93D /* NameAndAddressType.m */; };
		8DC0744017D159F200D4E93D /* OrderExType.m in Sources */ = {isa = PBXBuildFile; fileRef = 8DC073F917D159F200D4E93D /* OrderExType.m */; };
		8DC0744117D159F200D4E93D /* OrderType.m in Sources */ = {isa = PBXBuildFile; fileRef = 8DC073FA17D159F200D4E93D /* OrderType.m */; };
		8DC0744217D159F200D4E93D /* PaymentMaskedType.m in Sources */ = {isa = PBXBuildFile; fileRef = 8DC073FB17D159F200D4E93D /* PaymentMaskedType.m */; };
		8DC0744317D159F200D4E93D /* PaymentType.m in Sources */ = {isa = PBXBuildFile; fileRef = 8DC073FC17D159F200D4E93D /* PaymentType.m */; };
		8DC0744417D159F200D4E93D /* PermissionType.m in Sources */ = {isa = PBXBuildFile; fileRef = 8DC073FD17D159F200D4E93D /* PermissionType.m */; };
		8DC0744517D159F200D4E93D /* SendCustomerTransactionReceiptRequest.m in Sources */ = {isa = PBXBuildFile; fileRef = 8DC073FE17D159F200D4E93D /* SendCustomerTransactionReceiptRequest.m */; };
		8DC0744617D159F200D4E93D /* SendCustomerTransactionReceiptResponse.m in Sources */ = {isa = PBXBuildFile; fileRef = 8DC073FF17D159F200D4E93D /* SendCustomerTransactionReceiptResponse.m */; };
		8DC0744717D159F200D4E93D /* SettingType.m in Sources */ = {isa = PBXBuildFile; fileRef = 8DC0740117D159F200D4E93D /* SettingType.m */; };
		8DC0744817D159F200D4E93D /* SplitTenderPayment.m in Sources */ = {isa = PBXBuildFile; fileRef = 8DC0740217D159F200D4E93D /* SplitTenderPayment.m */; };
		8DC0744917D159F200D4E93D /* Reachability.m in Sources */ = {isa = PBXBuildFile; fileRef = 8DC0740517D159F200D4E93D /* Reachability.m */; };
		8DC0744A17D159F200D4E93D /* SwiperDataType.m in Sources */ = {isa = PBXBuildFile; fileRef = 8DC0740617D159F200D4E93D /* SwiperDataType.m */; };
		8DC0744B17D159F200D4E93D /* TransactionDetailsType.m in Sources */ = {isa = PBXBuildFile; fileRef = 8DC0740717D159F200D4E93D /* TransactionDetailsType.m */; };
		8DC0744C17D159F200D4E93D /* TransactionRequestType.m in Sources */ = {isa = PBXBuildFile; fileRef = 8DC0740817D159F200D4E93D /* TransactionRequestType.m */; };
		8DC0744D17D159F200D4E93D /* TransactionResponse.m in Sources */ = {isa = PBXBuildFile; fileRef = 8DC0740917D159F200D4E93D /* TransactionResponse.m */; };
		8DC0744E17D159F200D4E93D /* TransactionSummaryType.m in Sources */ = {isa = PBXBuildFile; fileRef = 8DC0740A17D159F200D4E93D /* TransactionSummaryType.m */; };
		8DC0744F17D159F200D4E93D /* TransRetailInfoType.m in Sources */ = {isa = PBXBuildFile; fileRef = 8DC0740B17D159F200D4E93D /* TransRetailInfoType.m */; };
		8DC0745017D159F200D4E93D /* UserField.m in Sources */ = {isa = PBXBuildFile; fileRef = 8DC0740C17D159F200D4E93D /* UserField.m */; };
		8DEBA88717D129B700B7A8B9 /* Foundation.framework in Frameworks */ = {isa = PBXBuildFile; fileRef = 8DEBA88617D129B700B7A8B9 /* Foundation.framework */; };
		8DEBA89917D129B700B7A8B9 /* Foundation.framework in Frameworks */ = {isa = PBXBuildFile; fileRef = 8DEBA88617D129B700B7A8B9 /* Foundation.framework */; };
		8DEBA8A217D129B700B7A8B9 /* InfoPlist.strings in Resources */ = {isa = PBXBuildFile; fileRef = 8DEBA8A017D129B700B7A8B9 /* InfoPlist.strings */; };
		8DEBA8A517D129B700B7A8B9 /* Anet_SDKTests.m in Sources */ = {isa = PBXBuildFile; fileRef = 8DEBA8A417D129B700B7A8B9 /* Anet_SDKTests.m */; };
		9C9D193818810BD4000E8D3B /* TestAccountCaptchaResponse.xml in Resources */ = {isa = PBXBuildFile; fileRef = 9C9D193718810BD4000E8D3B /* TestAccountCaptchaResponse.xml */; };
/* End PBXBuildFile section */

/* Begin PBXContainerItemProxy section */
		8DEBA89A17D129B700B7A8B9 /* PBXContainerItemProxy */ = {
			isa = PBXContainerItemProxy;
			containerPortal = 8DEBA87B17D129B700B7A8B9 /* Project object */;
			proxyType = 1;
			remoteGlobalIDString = 8DEBA88217D129B700B7A8B9;
			remoteInfo = "Anet SDK";
		};
/* End PBXContainerItemProxy section */

/* Begin PBXCopyFilesBuildPhase section */
		8DEBA88117D129B700B7A8B9 /* Copy Files */ = {
			isa = PBXCopyFilesBuildPhase;
			buildActionMask = 2147483647;
			dstPath = "include/${PRODUCT_NAME}";
			dstSubfolderSpec = 16;
			files = (
			);
			name = "Copy Files";
			runOnlyForDeploymentPostprocessing = 0;
		};
/* End PBXCopyFilesBuildPhase section */

/* Begin PBXFileReference section */
		41C549AD1BB5C4A4008D3ECB /* ANetSolution.h */ = {isa = PBXFileReference; fileEncoding = 4; lastKnownFileType = sourcecode.c.h; path = ANetSolution.h; sourceTree = "<group>"; };
		41C549AE1BB5C4D2008D3ECB /* ANetSolution.m */ = {isa = PBXFileReference; fileEncoding = 4; lastKnownFileType = sourcecode.c.objc; path = ANetSolution.m; sourceTree = "<group>"; };
		4EEBACF11882949D00667143 /* TestAccountRegistrationRequest.h */ = {isa = PBXFileReference; fileEncoding = 4; lastKnownFileType = sourcecode.c.h; path = TestAccountRegistrationRequest.h; sourceTree = "<group>"; };
		4EEBACF81882958200667143 /* TestAccountRegistrationResponse.h */ = {isa = PBXFileReference; fileEncoding = 4; lastKnownFileType = sourcecode.c.h; path = TestAccountRegistrationResponse.h; sourceTree = "<group>"; };
		7848F52C1882BC1B00DA75CC /* TestAccountRegistrationResponse.xml */ = {isa = PBXFileReference; fileEncoding = 4; lastKnownFileType = text.xml; path = TestAccountRegistrationResponse.xml; sourceTree = "<group>"; };
		806AAB1C19BFB49F00323034 /* NSString+HMAC_MD5.h */ = {isa = PBXFileReference; fileEncoding = 4; lastKnownFileType = sourcecode.c.h; path = "NSString+HMAC_MD5.h"; sourceTree = "<group>"; };
		806AAB1D19BFB49F00323034 /* NSString+HMAC_MD5.m */ = {isa = PBXFileReference; fileEncoding = 4; lastKnownFileType = sourcecode.c.objc; path = "NSString+HMAC_MD5.m"; sourceTree = "<group>"; };
		806AAB1F19BFB52C00323034 /* OpaqueDataType.m */ = {isa = PBXFileReference; fileEncoding = 4; lastKnownFileType = sourcecode.c.objc; path = OpaqueDataType.m; sourceTree = "<group>"; };
		806AAB2119BFB55300323034 /* FingerPrintObjectType.m */ = {isa = PBXFileReference; fileEncoding = 4; lastKnownFileType = sourcecode.c.objc; path = FingerPrintObjectType.m; sourceTree = "<group>"; };
		806AAB2319BFB57200323034 /* FingerPrintObjectType.h */ = {isa = PBXFileReference; fileEncoding = 4; lastKnownFileType = sourcecode.c.h; path = FingerPrintObjectType.h; sourceTree = "<group>"; };
		806AAB2419BFB57200323034 /* OpaqueDataType.h */ = {isa = PBXFileReference; fileEncoding = 4; lastKnownFileType = sourcecode.c.h; path = OpaqueDataType.h; sourceTree = "<group>"; };
		8B60EBDA186F3756001A2639 /* TestAccountCaptchaRequest.m */ = {isa = PBXFileReference; fileEncoding = 4; lastKnownFileType = sourcecode.c.objc; path = TestAccountCaptchaRequest.m; sourceTree = "<group>"; };
		8D7C957617D1657C00D2B1A6 /* NSString+dataFromFilename.h */ = {isa = PBXFileReference; fileEncoding = 4; lastKnownFileType = sourcecode.c.h; path = "NSString+dataFromFilename.h"; sourceTree = "<group>"; };
		8D7C957717D1657C00D2B1A6 /* NSString+dataFromFilename.m */ = {isa = PBXFileReference; fileEncoding = 4; lastKnownFileType = sourcecode.c.objc; path = "NSString+dataFromFilename.m"; sourceTree = "<group>"; };
		8D7C957817D1657C00D2B1A6 /* NSString+Hex.h */ = {isa = PBXFileReference; fileEncoding = 4; lastKnownFileType = sourcecode.c.h; path = "NSString+Hex.h"; sourceTree = "<group>"; };
		8D7C957917D1657C00D2B1A6 /* NSString+Hex.m */ = {isa = PBXFileReference; fileEncoding = 4; lastKnownFileType = sourcecode.c.objc; path = "NSString+Hex.m"; sourceTree = "<group>"; };
		8D7C957A17D1657C00D2B1A6 /* NSString+stringValueOfXMLElement.h */ = {isa = PBXFileReference; fileEncoding = 4; lastKnownFileType = sourcecode.c.h; path = "NSString+stringValueOfXMLElement.h"; sourceTree = "<group>"; };
		8D7C957B17D1657C00D2B1A6 /* NSString+stringValueOfXMLElement.m */ = {isa = PBXFileReference; fileEncoding = 4; lastKnownFileType = sourcecode.c.objc; path = "NSString+stringValueOfXMLElement.m"; sourceTree = "<group>"; };
		8D7C957C17D1657C00D2B1A6 /* NSString+stringWithEscapedXMLValue.h */ = {isa = PBXFileReference; fileEncoding = 4; lastKnownFileType = sourcecode.c.h; path = "NSString+stringWithEscapedXMLValue.h"; sourceTree = "<group>"; };
		8D7C957D17D1657C00D2B1A6 /* NSString+stringWithEscapedXMLValue.m */ = {isa = PBXFileReference; fileEncoding = 4; lastKnownFileType = sourcecode.c.objc; path = "NSString+stringWithEscapedXMLValue.m"; sourceTree = "<group>"; };
		8D7C957E17D1657C00D2B1A6 /* NSString+stringWithXMLTag.h */ = {isa = PBXFileReference; fileEncoding = 4; lastKnownFileType = sourcecode.c.h; path = "NSString+stringWithXMLTag.h"; sourceTree = "<group>"; };
		8D7C957F17D1657C00D2B1A6 /* NSString+stringWithXMLTag.m */ = {isa = PBXFileReference; fileEncoding = 4; lastKnownFileType = sourcecode.c.objc; path = "NSString+stringWithXMLTag.m"; sourceTree = "<group>"; };
		8D7C95A417D17A9900D2B1A6 /* es */ = {isa = PBXFileReference; lastKnownFileType = text.plist.strings; name = es; path = es.lproj/InfoPlist.strings; sourceTree = "<group>"; };
		8DC073BC17D159F200D4E93D /* Anet SDK-Prefix.pch */ = {isa = PBXFileReference; fileEncoding = 4; lastKnownFileType = sourcecode.c.h; path = "Anet SDK-Prefix.pch"; sourceTree = "<group>"; };
		8DC073BD17D159F200D4E93D /* ANetApiRequest.m */ = {isa = PBXFileReference; fileEncoding = 4; lastKnownFileType = sourcecode.c.objc; path = ANetApiRequest.m; sourceTree = "<group>"; };
		8DC073BE17D159F200D4E93D /* ANetApiResponse.m */ = {isa = PBXFileReference; fileEncoding = 4; lastKnownFileType = sourcecode.c.objc; path = ANetApiResponse.m; sourceTree = "<group>"; };
		8DC073BF17D159F200D4E93D /* AuthNet.m */ = {isa = PBXFileReference; fileEncoding = 4; lastKnownFileType = sourcecode.c.objc; path = AuthNet.m; sourceTree = "<group>"; };
		8DC073C017D159F200D4E93D /* AuthNetMessage.m */ = {isa = PBXFileReference; fileEncoding = 4; lastKnownFileType = sourcecode.c.objc; path = AuthNetMessage.m; sourceTree = "<group>"; };
		8DC073C117D159F200D4E93D /* AuthNetRequest.m */ = {isa = PBXFileReference; fileEncoding = 4; lastKnownFileType = sourcecode.c.objc; path = AuthNetRequest.m; sourceTree = "<group>"; };
		8DC073C217D159F200D4E93D /* AuthNetResponse.m */ = {isa = PBXFileReference; fileEncoding = 4; lastKnownFileType = sourcecode.c.objc; path = AuthNetResponse.m; sourceTree = "<group>"; };
		8DC073C417D159F200D4E93D /* BankAccountMaskedType.m */ = {isa = PBXFileReference; fileEncoding = 4; lastKnownFileType = sourcecode.c.objc; path = BankAccountMaskedType.m; sourceTree = "<group>"; };
		8DC073C517D159F200D4E93D /* BankAccountType.m */ = {isa = PBXFileReference; fileEncoding = 4; lastKnownFileType = sourcecode.c.objc; path = BankAccountType.m; sourceTree = "<group>"; };
		8DC073C617D159F200D4E93D /* BatchDetailsType.m */ = {isa = PBXFileReference; fileEncoding = 4; lastKnownFileType = sourcecode.c.objc; path = BatchDetailsType.m; sourceTree = "<group>"; };
		8DC073C717D159F200D4E93D /* BatchStatisticType.m */ = {isa = PBXFileReference; fileEncoding = 4; lastKnownFileType = sourcecode.c.objc; path = BatchStatisticType.m; sourceTree = "<group>"; };
		8DC073C817D159F200D4E93D /* CCAuthenticationType.m */ = {isa = PBXFileReference; fileEncoding = 4; lastKnownFileType = sourcecode.c.objc; path = CCAuthenticationType.m; sourceTree = "<group>"; };
		8DC073C917D159F200D4E93D /* CreateTransactionRequest.m */ = {isa = PBXFileReference; fileEncoding = 4; lastKnownFileType = sourcecode.c.objc; path = CreateTransactionRequest.m; sourceTree = "<group>"; };
		8DC073CA17D159F200D4E93D /* CreateTransactionResponse.m */ = {isa = PBXFileReference; fileEncoding = 4; lastKnownFileType = sourcecode.c.objc; path = CreateTransactionResponse.m; sourceTree = "<group>"; };
		8DC073CB17D159F200D4E93D /* CreateTransactionResponse.xml */ = {isa = PBXFileReference; fileEncoding = 4; lastKnownFileType = text.xml; path = CreateTransactionResponse.xml; sourceTree = "<group>"; };
		8DC073CC17D159F200D4E93D /* CreditCardMaskedType.m */ = {isa = PBXFileReference; fileEncoding = 4; lastKnownFileType = sourcecode.c.objc; path = CreditCardMaskedType.m; sourceTree = "<group>"; };
		8DC073CD17D159F200D4E93D /* CreditCardTrackType.m */ = {isa = PBXFileReference; fileEncoding = 4; lastKnownFileType = sourcecode.c.objc; path = CreditCardTrackType.m; sourceTree = "<group>"; };
		8DC073CE17D159F200D4E93D /* CreditCardType.m */ = {isa = PBXFileReference; fileEncoding = 4; lastKnownFileType = sourcecode.c.objc; path = CreditCardType.m; sourceTree = "<group>"; };
		8DC073CF17D159F200D4E93D /* CustomerAddressType.m */ = {isa = PBXFileReference; fileEncoding = 4; lastKnownFileType = sourcecode.c.objc; path = CustomerAddressType.m; sourceTree = "<group>"; };
		8DC073D017D159F200D4E93D /* CustomerDataType.m */ = {isa = PBXFileReference; fileEncoding = 4; lastKnownFileType = sourcecode.c.objc; path = CustomerDataType.m; sourceTree = "<group>"; };
		8DC073D117D159F200D4E93D /* Error.m */ = {isa = PBXFileReference; fileEncoding = 4; lastKnownFileType = sourcecode.c.objc; path = Error.m; sourceTree = "<group>"; };
		8DC073D217D159F200D4E93D /* ExtendedAmountType.m */ = {isa = PBXFileReference; fileEncoding = 4; lastKnownFileType = sourcecode.c.objc; path = ExtendedAmountType.m; sourceTree = "<group>"; };
		8DC073D317D159F200D4E93D /* FDSFilterType.m */ = {isa = PBXFileReference; fileEncoding = 4; lastKnownFileType = sourcecode.c.objc; path = FDSFilterType.m; sourceTree = "<group>"; };
		8DC073D417D159F200D4E93D /* GDataXMLNode.m */ = {isa = PBXFileReference; fileEncoding = 4; lastKnownFileType = sourcecode.c.objc; path = GDataXMLNode.m; sourceTree = "<group>"; };
		8DC073D517D159F200D4E93D /* GetBatchStatisticsRequest.m */ = {isa = PBXFileReference; fileEncoding = 4; lastKnownFileType = sourcecode.c.objc; path = GetBatchStatisticsRequest.m; sourceTree = "<group>"; };
		8DC073D617D159F200D4E93D /* GetBatchStatisticsResponse.m */ = {isa = PBXFileReference; fileEncoding = 4; lastKnownFileType = sourcecode.c.objc; path = GetBatchStatisticsResponse.m; sourceTree = "<group>"; };
		8DC073D717D159F200D4E93D /* GetBatchStatisticsResponse.xml */ = {isa = PBXFileReference; fileEncoding = 4; lastKnownFileType = text.xml; path = GetBatchStatisticsResponse.xml; sourceTree = "<group>"; };
		8DC073D817D159F200D4E93D /* GetSettledBatchListRequest.m */ = {isa = PBXFileReference; fileEncoding = 4; lastKnownFileType = sourcecode.c.objc; path = GetSettledBatchListRequest.m; sourceTree = "<group>"; };
		8DC073D917D159F200D4E93D /* GetSettledBatchListResponse.m */ = {isa = PBXFileReference; fileEncoding = 4; lastKnownFileType = sourcecode.c.objc; path = GetSettledBatchListResponse.m; sourceTree = "<group>"; };
		8DC073DA17D159F200D4E93D /* GetSettledBatchListResponse.xml */ = {isa = PBXFileReference; fileEncoding = 4; lastKnownFileType = text.xml; path = GetSettledBatchListResponse.xml; sourceTree = "<group>"; };
		8DC073DB17D159F200D4E93D /* GetTransactionDetailsRequest.m */ = {isa = PBXFileReference; fileEncoding = 4; lastKnownFileType = sourcecode.c.objc; path = GetTransactionDetailsRequest.m; sourceTree = "<group>"; };
		8DC073DC17D159F200D4E93D /* GetTransactionDetailsResponse.m */ = {isa = PBXFileReference; fileEncoding = 4; lastKnownFileType = sourcecode.c.objc; path = GetTransactionDetailsResponse.m; sourceTree = "<group>"; };
		8DC073DD17D159F200D4E93D /* GetTransactionDetailsResponse.xml */ = {isa = PBXFileReference; fileEncoding = 4; lastKnownFileType = text.xml; path = GetTransactionDetailsResponse.xml; sourceTree = "<group>"; };
		8DC073DE17D159F200D4E93D /* GetTransactionListRequest.m */ = {isa = PBXFileReference; fileEncoding = 4; lastKnownFileType = sourcecode.c.objc; path = GetTransactionListRequest.m; sourceTree = "<group>"; };
		8DC073DF17D159F200D4E93D /* GetTransactionListResponse.m */ = {isa = PBXFileReference; fileEncoding = 4; lastKnownFileType = sourcecode.c.objc; path = GetTransactionListResponse.m; sourceTree = "<group>"; };
		8DC073E017D159F200D4E93D /* GetTransactionListResponse.xml */ = {isa = PBXFileReference; fileEncoding = 4; lastKnownFileType = text.xml; path = GetTransactionListResponse.xml; sourceTree = "<group>"; };
		8DC073E117D159F200D4E93D /* GetUnsettledTransactionListRequest.m */ = {isa = PBXFileReference; fileEncoding = 4; lastKnownFileType = sourcecode.c.objc; path = GetUnsettledTransactionListRequest.m; sourceTree = "<group>"; };
		8DC073E217D159F200D4E93D /* GetUnsettledTransactionListResponse.m */ = {isa = PBXFileReference; fileEncoding = 4; lastKnownFileType = sourcecode.c.objc; path = GetUnsettledTransactionListResponse.m; sourceTree = "<group>"; };
		8DC073E317D159F200D4E93D /* GetUnsettledTransactionListResponse.xml */ = {isa = PBXFileReference; fileEncoding = 4; lastKnownFileType = text.xml; path = GetUnsettledTransactionListResponse.xml; sourceTree = "<group>"; };
		8DC073E417D159F200D4E93D /* LineItemType.m */ = {isa = PBXFileReference; fileEncoding = 4; lastKnownFileType = sourcecode.c.objc; path = LineItemType.m; sourceTree = "<group>"; };
		8DC073E517D159F200D4E93D /* LogoutRequest.m */ = {isa = PBXFileReference; fileEncoding = 4; lastKnownFileType = sourcecode.c.objc; path = LogoutRequest.m; sourceTree = "<group>"; };
		8DC073E617D159F200D4E93D /* LogoutResponse.m */ = {isa = PBXFileReference; fileEncoding = 4; lastKnownFileType = sourcecode.c.objc; path = LogoutResponse.m; sourceTree = "<group>"; };
		8DC073E717D159F200D4E93D /* LogoutResponse.xml */ = {isa = PBXFileReference; fileEncoding = 4; lastKnownFileType = text.xml; path = LogoutResponse.xml; sourceTree = "<group>"; };
		8DC073E817D159F200D4E93D /* MerchantAccountType.m */ = {isa = PBXFileReference; fileEncoding = 4; lastKnownFileType = sourcecode.c.objc; path = MerchantAccountType.m; sourceTree = "<group>"; };
		8DC073E917D159F200D4E93D /* MerchantAuthenticationType.m */ = {isa = PBXFileReference; fileEncoding = 4; lastKnownFileType = sourcecode.c.objc; path = MerchantAuthenticationType.m; sourceTree = "<group>"; };
		8DC073EA17D159F200D4E93D /* MerchantContactType.m */ = {isa = PBXFileReference; fileEncoding = 4; lastKnownFileType = sourcecode.c.objc; path = MerchantContactType.m; sourceTree = "<group>"; };
		8DC073EB17D159F200D4E93D /* Messages.m */ = {isa = PBXFileReference; fileEncoding = 4; lastKnownFileType = sourcecode.c.objc; path = Messages.m; sourceTree = "<group>"; };
		8DC073EC17D159F200D4E93D /* MobileDeviceLoginRequest.m */ = {isa = PBXFileReference; fileEncoding = 4; lastKnownFileType = sourcecode.c.objc; path = MobileDeviceLoginRequest.m; sourceTree = "<group>"; };
		8DC073ED17D159F200D4E93D /* MobileDeviceLoginResponse.m */ = {isa = PBXFileReference; fileEncoding = 4; lastKnownFileType = sourcecode.c.objc; path = MobileDeviceLoginResponse.m; sourceTree = "<group>"; };
		8DC073EE17D159F200D4E93D /* MobileDeviceLoginResponse.xml */ = {isa = PBXFileReference; fileEncoding = 4; lastKnownFileType = text.xml; path = MobileDeviceLoginResponse.xml; sourceTree = "<group>"; };
		8DC073EF17D159F200D4E93D /* MobileDeviceRegistrationRequest.m */ = {isa = PBXFileReference; fileEncoding = 4; lastKnownFileType = sourcecode.c.objc; path = MobileDeviceRegistrationRequest.m; sourceTree = "<group>"; };
		8DC073F017D159F200D4E93D /* MobileDeviceRegistrationResponse.m */ = {isa = PBXFileReference; fileEncoding = 4; lastKnownFileType = sourcecode.c.objc; path = MobileDeviceRegistrationResponse.m; sourceTree = "<group>"; };
		8DC073F117D159F200D4E93D /* MobileDeviceRegistrationResponse.xml */ = {isa = PBXFileReference; fileEncoding = 4; lastKnownFileType = text.xml; path = MobileDeviceRegistrationResponse.xml; sourceTree = "<group>"; };
		8DC073F217D159F200D4E93D /* MobileDeviceType.m */ = {isa = PBXFileReference; fileEncoding = 4; lastKnownFileType = sourcecode.c.objc; path = MobileDeviceType.m; sourceTree = "<group>"; };
		8DC073F317D159F200D4E93D /* NameAndAddressType.m */ = {isa = PBXFileReference; fileEncoding = 4; lastKnownFileType = sourcecode.c.objc; path = NameAndAddressType.m; sourceTree = "<group>"; };
		8DC073F917D159F200D4E93D /* OrderExType.m */ = {isa = PBXFileReference; fileEncoding = 4; lastKnownFileType = sourcecode.c.objc; path = OrderExType.m; sourceTree = "<group>"; };
		8DC073FA17D159F200D4E93D /* OrderType.m */ = {isa = PBXFileReference; fileEncoding = 4; lastKnownFileType = sourcecode.c.objc; path = OrderType.m; sourceTree = "<group>"; };
		8DC073FB17D159F200D4E93D /* PaymentMaskedType.m */ = {isa = PBXFileReference; fileEncoding = 4; lastKnownFileType = sourcecode.c.objc; path = PaymentMaskedType.m; sourceTree = "<group>"; };
		8DC073FC17D159F200D4E93D /* PaymentType.m */ = {isa = PBXFileReference; fileEncoding = 4; lastKnownFileType = sourcecode.c.objc; path = PaymentType.m; sourceTree = "<group>"; };
		8DC073FD17D159F200D4E93D /* PermissionType.m */ = {isa = PBXFileReference; fileEncoding = 4; lastKnownFileType = sourcecode.c.objc; path = PermissionType.m; sourceTree = "<group>"; };
		8DC073FE17D159F200D4E93D /* SendCustomerTransactionReceiptRequest.m */ = {isa = PBXFileReference; fileEncoding = 4; lastKnownFileType = sourcecode.c.objc; path = SendCustomerTransactionReceiptRequest.m; sourceTree = "<group>"; };
		8DC073FF17D159F200D4E93D /* SendCustomerTransactionReceiptResponse.m */ = {isa = PBXFileReference; fileEncoding = 4; lastKnownFileType = sourcecode.c.objc; path = SendCustomerTransactionReceiptResponse.m; sourceTree = "<group>"; };
		8DC0740017D159F200D4E93D /* SendCustomerTransactionReceiptResponse.xml */ = {isa = PBXFileReference; fileEncoding = 4; lastKnownFileType = text.xml; path = SendCustomerTransactionReceiptResponse.xml; sourceTree = "<group>"; };
		8DC0740117D159F200D4E93D /* SettingType.m */ = {isa = PBXFileReference; fileEncoding = 4; lastKnownFileType = sourcecode.c.objc; path = SettingType.m; sourceTree = "<group>"; };
		8DC0740217D159F200D4E93D /* SplitTenderPayment.m */ = {isa = PBXFileReference; fileEncoding = 4; lastKnownFileType = sourcecode.c.objc; path = SplitTenderPayment.m; sourceTree = "<group>"; };
		8DC0740417D159F200D4E93D /* Reachability.h */ = {isa = PBXFileReference; fileEncoding = 4; lastKnownFileType = sourcecode.c.h; path = Reachability.h; sourceTree = "<group>"; };
		8DC0740517D159F200D4E93D /* Reachability.m */ = {isa = PBXFileReference; fileEncoding = 4; lastKnownFileType = sourcecode.c.objc; path = Reachability.m; sourceTree = "<group>"; };
		8DC0740617D159F200D4E93D /* SwiperDataType.m */ = {isa = PBXFileReference; fileEncoding = 4; lastKnownFileType = sourcecode.c.objc; path = SwiperDataType.m; sourceTree = "<group>"; };
		8DC0740717D159F200D4E93D /* TransactionDetailsType.m */ = {isa = PBXFileReference; fileEncoding = 4; lastKnownFileType = sourcecode.c.objc; path = TransactionDetailsType.m; sourceTree = "<group>"; };
		8DC0740817D159F200D4E93D /* TransactionRequestType.m */ = {isa = PBXFileReference; fileEncoding = 4; lastKnownFileType = sourcecode.c.objc; path = TransactionRequestType.m; sourceTree = "<group>"; };
		8DC0740917D159F200D4E93D /* TransactionResponse.m */ = {isa = PBXFileReference; fileEncoding = 4; lastKnownFileType = sourcecode.c.objc; path = TransactionResponse.m; sourceTree = "<group>"; };
		8DC0740A17D159F200D4E93D /* TransactionSummaryType.m */ = {isa = PBXFileReference; fileEncoding = 4; lastKnownFileType = sourcecode.c.objc; path = TransactionSummaryType.m; sourceTree = "<group>"; };
		8DC0740B17D159F200D4E93D /* TransRetailInfoType.m */ = {isa = PBXFileReference; fileEncoding = 4; lastKnownFileType = sourcecode.c.objc; path = TransRetailInfoType.m; sourceTree = "<group>"; };
		8DC0740C17D159F200D4E93D /* UserField.m */ = {isa = PBXFileReference; fileEncoding = 4; lastKnownFileType = sourcecode.c.objc; path = UserField.m; sourceTree = "<group>"; };
		8DC0745217D15A0800D4E93D /* ANetApiRequest.h */ = {isa = PBXFileReference; fileEncoding = 4; lastKnownFileType = sourcecode.c.h; path = ANetApiRequest.h; sourceTree = "<group>"; };
		8DC0745317D15A0800D4E93D /* ANetApiResponse.h */ = {isa = PBXFileReference; fileEncoding = 4; lastKnownFileType = sourcecode.c.h; path = ANetApiResponse.h; sourceTree = "<group>"; };
		8DC0745417D15A0800D4E93D /* AuthNet.h */ = {isa = PBXFileReference; fileEncoding = 4; lastKnownFileType = sourcecode.c.h; path = AuthNet.h; sourceTree = "<group>"; };
		8DC0745517D15A0800D4E93D /* AuthNetMessage.h */ = {isa = PBXFileReference; fileEncoding = 4; lastKnownFileType = sourcecode.c.h; path = AuthNetMessage.h; sourceTree = "<group>"; };
		8DC0745617D15A0800D4E93D /* AuthNetRequest.h */ = {isa = PBXFileReference; fileEncoding = 4; lastKnownFileType = sourcecode.c.h; path = AuthNetRequest.h; sourceTree = "<group>"; };
		8DC0745717D15A0800D4E93D /* AuthNetResponse.h */ = {isa = PBXFileReference; fileEncoding = 4; lastKnownFileType = sourcecode.c.h; path = AuthNetResponse.h; sourceTree = "<group>"; };
		8DC0745817D15A0800D4E93D /* AuthNetUnitTests.h */ = {isa = PBXFileReference; fileEncoding = 4; lastKnownFileType = sourcecode.c.h; path = AuthNetUnitTests.h; sourceTree = "<group>"; };
		8DC0745917D15A0800D4E93D /* BankAccountMaskedType.h */ = {isa = PBXFileReference; fileEncoding = 4; lastKnownFileType = sourcecode.c.h; path = BankAccountMaskedType.h; sourceTree = "<group>"; };
		8DC0745A17D15A0800D4E93D /* BankAccountType.h */ = {isa = PBXFileReference; fileEncoding = 4; lastKnownFileType = sourcecode.c.h; path = BankAccountType.h; sourceTree = "<group>"; };
		8DC0745B17D15A0800D4E93D /* BatchDetailsType.h */ = {isa = PBXFileReference; fileEncoding = 4; lastKnownFileType = sourcecode.c.h; path = BatchDetailsType.h; sourceTree = "<group>"; };
		8DC0745C17D15A0800D4E93D /* BatchStatisticType.h */ = {isa = PBXFileReference; fileEncoding = 4; lastKnownFileType = sourcecode.c.h; path = BatchStatisticType.h; sourceTree = "<group>"; };
		8DC0745D17D15A0800D4E93D /* CCAuthenticationType.h */ = {isa = PBXFileReference; fileEncoding = 4; lastKnownFileType = sourcecode.c.h; path = CCAuthenticationType.h; sourceTree = "<group>"; };
		8DC0745E17D15A0800D4E93D /* CreateTransactionRequest.h */ = {isa = PBXFileReference; fileEncoding = 4; lastKnownFileType = sourcecode.c.h; path = CreateTransactionRequest.h; sourceTree = "<group>"; };
		8DC0745F17D15A0800D4E93D /* CreateTransactionResponse.h */ = {isa = PBXFileReference; fileEncoding = 4; lastKnownFileType = sourcecode.c.h; path = CreateTransactionResponse.h; sourceTree = "<group>"; };
		8DC0746017D15A0800D4E93D /* CreditCardMaskedType.h */ = {isa = PBXFileReference; fileEncoding = 4; lastKnownFileType = sourcecode.c.h; path = CreditCardMaskedType.h; sourceTree = "<group>"; };
		8DC0746117D15A0800D4E93D /* CreditCardTrackType.h */ = {isa = PBXFileReference; fileEncoding = 4; lastKnownFileType = sourcecode.c.h; path = CreditCardTrackType.h; sourceTree = "<group>"; };
		8DC0746217D15A0800D4E93D /* CreditCardType.h */ = {isa = PBXFileReference; fileEncoding = 4; lastKnownFileType = sourcecode.c.h; path = CreditCardType.h; sourceTree = "<group>"; };
		8DC0746317D15A0800D4E93D /* CustomerAddressType.h */ = {isa = PBXFileReference; fileEncoding = 4; lastKnownFileType = sourcecode.c.h; path = CustomerAddressType.h; sourceTree = "<group>"; };
		8DC0746417D15A0800D4E93D /* CustomerDataType.h */ = {isa = PBXFileReference; fileEncoding = 4; lastKnownFileType = sourcecode.c.h; path = CustomerDataType.h; sourceTree = "<group>"; };
		8DC0746517D15A0800D4E93D /* Error.h */ = {isa = PBXFileReference; fileEncoding = 4; lastKnownFileType = sourcecode.c.h; path = Error.h; sourceTree = "<group>"; };
		8DC0746617D15A0800D4E93D /* ExtendedAmountType.h */ = {isa = PBXFileReference; fileEncoding = 4; lastKnownFileType = sourcecode.c.h; path = ExtendedAmountType.h; sourceTree = "<group>"; };
		8DC0746717D15A0800D4E93D /* FDSFilterType.h */ = {isa = PBXFileReference; fileEncoding = 4; lastKnownFileType = sourcecode.c.h; path = FDSFilterType.h; sourceTree = "<group>"; };
		8DC0746817D15A0800D4E93D /* GDataXMLNode.h */ = {isa = PBXFileReference; fileEncoding = 4; lastKnownFileType = sourcecode.c.h; path = GDataXMLNode.h; sourceTree = "<group>"; };
		8DC0746917D15A0800D4E93D /* GetBatchStatisticsRequest.h */ = {isa = PBXFileReference; fileEncoding = 4; lastKnownFileType = sourcecode.c.h; path = GetBatchStatisticsRequest.h; sourceTree = "<group>"; };
		8DC0746A17D15A0800D4E93D /* GetBatchStatisticsResponse.h */ = {isa = PBXFileReference; fileEncoding = 4; lastKnownFileType = sourcecode.c.h; path = GetBatchStatisticsResponse.h; sourceTree = "<group>"; };
		8DC0746B17D15A0800D4E93D /* GetSettledBatchListRequest.h */ = {isa = PBXFileReference; fileEncoding = 4; lastKnownFileType = sourcecode.c.h; path = GetSettledBatchListRequest.h; sourceTree = "<group>"; };
		8DC0746C17D15A0800D4E93D /* GetSettledBatchListResponse.h */ = {isa = PBXFileReference; fileEncoding = 4; lastKnownFileType = sourcecode.c.h; path = GetSettledBatchListResponse.h; sourceTree = "<group>"; };
		8DC0746D17D15A0800D4E93D /* GetTransactionDetailsRequest.h */ = {isa = PBXFileReference; fileEncoding = 4; lastKnownFileType = sourcecode.c.h; path = GetTransactionDetailsRequest.h; sourceTree = "<group>"; };
		8DC0746E17D15A0800D4E93D /* GetTransactionDetailsResponse.h */ = {isa = PBXFileReference; fileEncoding = 4; lastKnownFileType = sourcecode.c.h; path = GetTransactionDetailsResponse.h; sourceTree = "<group>"; };
		8DC0746F17D15A0800D4E93D /* GetTransactionListRequest.h */ = {isa = PBXFileReference; fileEncoding = 4; lastKnownFileType = sourcecode.c.h; path = GetTransactionListRequest.h; sourceTree = "<group>"; };
		8DC0747017D15A0800D4E93D /* GetTransactionListResponse.h */ = {isa = PBXFileReference; fileEncoding = 4; lastKnownFileType = sourcecode.c.h; path = GetTransactionListResponse.h; sourceTree = "<group>"; };
		8DC0747117D15A0800D4E93D /* GetUnsettledTransactionListRequest.h */ = {isa = PBXFileReference; fileEncoding = 4; lastKnownFileType = sourcecode.c.h; path = GetUnsettledTransactionListRequest.h; sourceTree = "<group>"; };
		8DC0747217D15A0800D4E93D /* GetUnsettledTransactionListResponse.h */ = {isa = PBXFileReference; fileEncoding = 4; lastKnownFileType = sourcecode.c.h; path = GetUnsettledTransactionListResponse.h; sourceTree = "<group>"; };
		8DC0747317D15A0800D4E93D /* LineItemType.h */ = {isa = PBXFileReference; fileEncoding = 4; lastKnownFileType = sourcecode.c.h; path = LineItemType.h; sourceTree = "<group>"; };
		8DC0747417D15A0800D4E93D /* LogoutRequest.h */ = {isa = PBXFileReference; fileEncoding = 4; lastKnownFileType = sourcecode.c.h; path = LogoutRequest.h; sourceTree = "<group>"; };
		8DC0747517D15A0800D4E93D /* LogoutResponse.h */ = {isa = PBXFileReference; fileEncoding = 4; lastKnownFileType = sourcecode.c.h; path = LogoutResponse.h; sourceTree = "<group>"; };
		8DC0747617D15A0800D4E93D /* MerchantAccountType.h */ = {isa = PBXFileReference; fileEncoding = 4; lastKnownFileType = sourcecode.c.h; path = MerchantAccountType.h; sourceTree = "<group>"; };
		8DC0747717D15A0800D4E93D /* MerchantAuthenticationType.h */ = {isa = PBXFileReference; fileEncoding = 4; lastKnownFileType = sourcecode.c.h; path = MerchantAuthenticationType.h; sourceTree = "<group>"; };
		8DC0747817D15A0800D4E93D /* MerchantContactType.h */ = {isa = PBXFileReference; fileEncoding = 4; lastKnownFileType = sourcecode.c.h; path = MerchantContactType.h; sourceTree = "<group>"; };
		8DC0747917D15A0800D4E93D /* Messages.h */ = {isa = PBXFileReference; fileEncoding = 4; lastKnownFileType = sourcecode.c.h; path = Messages.h; sourceTree = "<group>"; };
		8DC0747A17D15A0800D4E93D /* MobileDeviceLoginRequest.h */ = {isa = PBXFileReference; fileEncoding = 4; lastKnownFileType = sourcecode.c.h; path = MobileDeviceLoginRequest.h; sourceTree = "<group>"; };
		8DC0747B17D15A0800D4E93D /* MobileDeviceLoginResponse.h */ = {isa = PBXFileReference; fileEncoding = 4; lastKnownFileType = sourcecode.c.h; path = MobileDeviceLoginResponse.h; sourceTree = "<group>"; };
		8DC0747C17D15A0800D4E93D /* MobileDeviceRegistrationRequest.h */ = {isa = PBXFileReference; fileEncoding = 4; lastKnownFileType = sourcecode.c.h; path = MobileDeviceRegistrationRequest.h; sourceTree = "<group>"; };
		8DC0747D17D15A0800D4E93D /* MobileDeviceRegistrationResponse.h */ = {isa = PBXFileReference; fileEncoding = 4; lastKnownFileType = sourcecode.c.h; path = MobileDeviceRegistrationResponse.h; sourceTree = "<group>"; };
		8DC0747E17D15A0800D4E93D /* MobileDeviceType.h */ = {isa = PBXFileReference; fileEncoding = 4; lastKnownFileType = sourcecode.c.h; path = MobileDeviceType.h; sourceTree = "<group>"; };
		8DC0747F17D15A0800D4E93D /* NameAndAddressType.h */ = {isa = PBXFileReference; fileEncoding = 4; lastKnownFileType = sourcecode.c.h; path = NameAndAddressType.h; sourceTree = "<group>"; };
		8DC0748517D15A0800D4E93D /* OrderExType.h */ = {isa = PBXFileReference; fileEncoding = 4; lastKnownFileType = sourcecode.c.h; path = OrderExType.h; sourceTree = "<group>"; };
		8DC0748617D15A0800D4E93D /* OrderType.h */ = {isa = PBXFileReference; fileEncoding = 4; lastKnownFileType = sourcecode.c.h; path = OrderType.h; sourceTree = "<group>"; };
		8DC0748717D15A0800D4E93D /* PaymentMaskedType.h */ = {isa = PBXFileReference; fileEncoding = 4; lastKnownFileType = sourcecode.c.h; path = PaymentMaskedType.h; sourceTree = "<group>"; };
		8DC0748817D15A0800D4E93D /* PaymentType.h */ = {isa = PBXFileReference; fileEncoding = 4; lastKnownFileType = sourcecode.c.h; path = PaymentType.h; sourceTree = "<group>"; };
		8DC0748917D15A0800D4E93D /* PermissionType.h */ = {isa = PBXFileReference; fileEncoding = 4; lastKnownFileType = sourcecode.c.h; path = PermissionType.h; sourceTree = "<group>"; };
		8DC0748A17D15A0800D4E93D /* SendCustomerTransactionReceiptRequest.h */ = {isa = PBXFileReference; fileEncoding = 4; lastKnownFileType = sourcecode.c.h; path = SendCustomerTransactionReceiptRequest.h; sourceTree = "<group>"; };
		8DC0748B17D15A0800D4E93D /* SendCustomerTransactionReceiptResponse.h */ = {isa = PBXFileReference; fileEncoding = 4; lastKnownFileType = sourcecode.c.h; path = SendCustomerTransactionReceiptResponse.h; sourceTree = "<group>"; };
		8DC0748C17D15A0800D4E93D /* SettingType.h */ = {isa = PBXFileReference; fileEncoding = 4; lastKnownFileType = sourcecode.c.h; path = SettingType.h; sourceTree = "<group>"; };
		8DC0748D17D15A0800D4E93D /* SplitTenderPayment.h */ = {isa = PBXFileReference; fileEncoding = 4; lastKnownFileType = sourcecode.c.h; path = SplitTenderPayment.h; sourceTree = "<group>"; };
		8DC0748E17D15A0800D4E93D /* SwiperDataType.h */ = {isa = PBXFileReference; fileEncoding = 4; lastKnownFileType = sourcecode.c.h; path = SwiperDataType.h; sourceTree = "<group>"; };
		8DC0748F17D15A0800D4E93D /* TransactionDetailsType.h */ = {isa = PBXFileReference; fileEncoding = 4; lastKnownFileType = sourcecode.c.h; path = TransactionDetailsType.h; sourceTree = "<group>"; };
		8DC0749017D15A0800D4E93D /* TransactionRequestType.h */ = {isa = PBXFileReference; fileEncoding = 4; lastKnownFileType = sourcecode.c.h; path = TransactionRequestType.h; sourceTree = "<group>"; };
		8DC0749117D15A0800D4E93D /* TransactionResponse.h */ = {isa = PBXFileReference; fileEncoding = 4; lastKnownFileType = sourcecode.c.h; path = TransactionResponse.h; sourceTree = "<group>"; };
		8DC0749217D15A0800D4E93D /* TransactionSummaryType.h */ = {isa = PBXFileReference; fileEncoding = 4; lastKnownFileType = sourcecode.c.h; path = TransactionSummaryType.h; sourceTree = "<group>"; };
		8DC0749317D15A0800D4E93D /* TransRetailInfoType.h */ = {isa = PBXFileReference; fileEncoding = 4; lastKnownFileType = sourcecode.c.h; path = TransRetailInfoType.h; sourceTree = "<group>"; };
		8DC0749417D15A0800D4E93D /* UserField.h */ = {isa = PBXFileReference; fileEncoding = 4; lastKnownFileType = sourcecode.c.h; path = UserField.h; sourceTree = "<group>"; };
		8DC0749617D15A1200D4E93D /* README */ = {isa = PBXFileReference; fileEncoding = 4; lastKnownFileType = text; path = README; sourceTree = "<group>"; };
		8DC0749717D15A1200D4E93D /* SDK License Agreement (10.20.10).pdf */ = {isa = PBXFileReference; lastKnownFileType = image.pdf; path = "SDK License Agreement (10.20.10).pdf"; sourceTree = "<group>"; };
		8DEBA88317D129B700B7A8B9 /* libAnet SDK.a */ = {isa = PBXFileReference; explicitFileType = archive.ar; includeInIndex = 0; path = "libAnet SDK.a"; sourceTree = BUILT_PRODUCTS_DIR; };
		8DEBA88617D129B700B7A8B9 /* Foundation.framework */ = {isa = PBXFileReference; lastKnownFileType = wrapper.framework; name = Foundation.framework; path = System/Library/Frameworks/Foundation.framework; sourceTree = SDKROOT; };
		8DEBA89417D129B700B7A8B9 /* Anet SDKTests.xctest */ = {isa = PBXFileReference; explicitFileType = wrapper.cfbundle; includeInIndex = 0; path = "Anet SDKTests.xctest"; sourceTree = BUILT_PRODUCTS_DIR; };
		8DEBA89F17D129B700B7A8B9 /* Anet SDKTests-Info.plist */ = {isa = PBXFileReference; lastKnownFileType = text.plist.xml; path = "Anet SDKTests-Info.plist"; sourceTree = "<group>"; };
		8DEBA8A117D129B700B7A8B9 /* en */ = {isa = PBXFileReference; lastKnownFileType = text.plist.strings; name = en; path = en.lproj/InfoPlist.strings; sourceTree = "<group>"; };
		8DEBA8A317D129B700B7A8B9 /* Anet_SDKTests.h */ = {isa = PBXFileReference; lastKnownFileType = sourcecode.c.h; path = Anet_SDKTests.h; sourceTree = "<group>"; };
		8DEBA8A417D129B700B7A8B9 /* Anet_SDKTests.m */ = {isa = PBXFileReference; lastKnownFileType = sourcecode.c.objc; path = Anet_SDKTests.m; sourceTree = "<group>"; };
		9C9D193718810BD4000E8D3B /* TestAccountCaptchaResponse.xml */ = {isa = PBXFileReference; fileEncoding = 4; lastKnownFileType = text.xml; path = TestAccountCaptchaResponse.xml; sourceTree = "<group>"; };
		9CD933E5187F0A9900EE1CC0 /* TestAccountCaptchaResponse.h */ = {isa = PBXFileReference; fileEncoding = 4; lastKnownFileType = sourcecode.c.h; name = TestAccountCaptchaResponse.h; path = "../Anet SDK/TestAccountCaptchaResponse.h"; sourceTree = "<group>"; };
		FF35F18B187FD4D0005A4A66 /* TestAccountCaptchaRequest.h */ = {isa = PBXFileReference; fileEncoding = 4; lastKnownFileType = sourcecode.c.h; path = TestAccountCaptchaRequest.h; sourceTree = "<group>"; };
/* End PBXFileReference section */

/* Begin PBXFrameworksBuildPhase section */
		8DEBA88017D129B700B7A8B9 /* Frameworks */ = {
			isa = PBXFrameworksBuildPhase;
			buildActionMask = 2147483647;
			files = (
				8DEBA88717D129B700B7A8B9 /* Foundation.framework in Frameworks */,
			);
			runOnlyForDeploymentPostprocessing = 0;
		};
		8DEBA89017D129B700B7A8B9 /* Frameworks */ = {
			isa = PBXFrameworksBuildPhase;
			buildActionMask = 2147483647;
			files = (
				8DEBA89917D129B700B7A8B9 /* Foundation.framework in Frameworks */,
			);
			runOnlyForDeploymentPostprocessing = 0;
		};
/* End PBXFrameworksBuildPhase section */

/* Begin PBXGroup section */
		8D7C957517D1657C00D2B1A6 /* Extension */ = {
			isa = PBXGroup;
			children = (
				806AAB1C19BFB49F00323034 /* NSString+HMAC_MD5.h */,
				806AAB1D19BFB49F00323034 /* NSString+HMAC_MD5.m */,
				8D7C957617D1657C00D2B1A6 /* NSString+dataFromFilename.h */,
				8D7C957717D1657C00D2B1A6 /* NSString+dataFromFilename.m */,
				8D7C957817D1657C00D2B1A6 /* NSString+Hex.h */,
				8D7C957917D1657C00D2B1A6 /* NSString+Hex.m */,
				8D7C957A17D1657C00D2B1A6 /* NSString+stringValueOfXMLElement.h */,
				8D7C957B17D1657C00D2B1A6 /* NSString+stringValueOfXMLElement.m */,
				8D7C957C17D1657C00D2B1A6 /* NSString+stringWithEscapedXMLValue.h */,
				8D7C957D17D1657C00D2B1A6 /* NSString+stringWithEscapedXMLValue.m */,
				8D7C957E17D1657C00D2B1A6 /* NSString+stringWithXMLTag.h */,
				8D7C957F17D1657C00D2B1A6 /* NSString+stringWithXMLTag.m */,
			);
			path = Extension;
			sourceTree = SOURCE_ROOT;
		};
		8DC073BB17D159F200D4E93D /* Anet SDK */ = {
			isa = PBXGroup;
			children = (
				41C549AE1BB5C4D2008D3ECB /* ANetSolution.m */,
				806AAB2119BFB55300323034 /* FingerPrintObjectType.m */,
				806AAB1F19BFB52C00323034 /* OpaqueDataType.m */,
				7848F52C1882BC1B00DA75CC /* TestAccountRegistrationResponse.xml */,
				8DC073BC17D159F200D4E93D /* Anet SDK-Prefix.pch */,
				8DC073BD17D159F200D4E93D /* ANetApiRequest.m */,
				8DC073BE17D159F200D4E93D /* ANetApiResponse.m */,
				8DC073BF17D159F200D4E93D /* AuthNet.m */,
				8DC073C017D159F200D4E93D /* AuthNetMessage.m */,
				8DC073C117D159F200D4E93D /* AuthNetRequest.m */,
				8DC073C217D159F200D4E93D /* AuthNetResponse.m */,
				8DC073C417D159F200D4E93D /* BankAccountMaskedType.m */,
				8DC073C517D159F200D4E93D /* BankAccountType.m */,
				8DC073C617D159F200D4E93D /* BatchDetailsType.m */,
				8DC073C717D159F200D4E93D /* BatchStatisticType.m */,
				8DC073C817D159F200D4E93D /* CCAuthenticationType.m */,
				8DC073C917D159F200D4E93D /* CreateTransactionRequest.m */,
				8DC073CA17D159F200D4E93D /* CreateTransactionResponse.m */,
				8DC073CB17D159F200D4E93D /* CreateTransactionResponse.xml */,
				8DC073CC17D159F200D4E93D /* CreditCardMaskedType.m */,
				8DC073CD17D159F200D4E93D /* CreditCardTrackType.m */,
				8DC073CE17D159F200D4E93D /* CreditCardType.m */,
				8DC073CF17D159F200D4E93D /* CustomerAddressType.m */,
				8DC073D017D159F200D4E93D /* CustomerDataType.m */,
				8DC073D117D159F200D4E93D /* Error.m */,
				8DC073D217D159F200D4E93D /* ExtendedAmountType.m */,
				8DC073D317D159F200D4E93D /* FDSFilterType.m */,
				8DC073D417D159F200D4E93D /* GDataXMLNode.m */,
				8DC073D517D159F200D4E93D /* GetBatchStatisticsRequest.m */,
				8DC073D617D159F200D4E93D /* GetBatchStatisticsResponse.m */,
				8DC073D717D159F200D4E93D /* GetBatchStatisticsResponse.xml */,
				8DC073D817D159F200D4E93D /* GetSettledBatchListRequest.m */,
				8DC073D917D159F200D4E93D /* GetSettledBatchListResponse.m */,
				8DC073DA17D159F200D4E93D /* GetSettledBatchListResponse.xml */,
				8DC073DB17D159F200D4E93D /* GetTransactionDetailsRequest.m */,
				8DC073DC17D159F200D4E93D /* GetTransactionDetailsResponse.m */,
				8DC073DD17D159F200D4E93D /* GetTransactionDetailsResponse.xml */,
				8DC073DE17D159F200D4E93D /* GetTransactionListRequest.m */,
				8DC073DF17D159F200D4E93D /* GetTransactionListResponse.m */,
				8DC073E017D159F200D4E93D /* GetTransactionListResponse.xml */,
				8DC073E117D159F200D4E93D /* GetUnsettledTransactionListRequest.m */,
				8DC073E217D159F200D4E93D /* GetUnsettledTransactionListResponse.m */,
				8DC073E317D159F200D4E93D /* GetUnsettledTransactionListResponse.xml */,
				8DC073E417D159F200D4E93D /* LineItemType.m */,
				8DC073E517D159F200D4E93D /* LogoutRequest.m */,
				8DC073E617D159F200D4E93D /* LogoutResponse.m */,
				8DC073E717D159F200D4E93D /* LogoutResponse.xml */,
				8DC073E817D159F200D4E93D /* MerchantAccountType.m */,
				8DC073E917D159F200D4E93D /* MerchantAuthenticationType.m */,
				8DC073EA17D159F200D4E93D /* MerchantContactType.m */,
				8DC073EB17D159F200D4E93D /* Messages.m */,
				8DC073EC17D159F200D4E93D /* MobileDeviceLoginRequest.m */,
				8DC073ED17D159F200D4E93D /* MobileDeviceLoginResponse.m */,
				8DC073EE17D159F200D4E93D /* MobileDeviceLoginResponse.xml */,
				8DC073EF17D159F200D4E93D /* MobileDeviceRegistrationRequest.m */,
				8DC073F017D159F200D4E93D /* MobileDeviceRegistrationResponse.m */,
				8DC073F117D159F200D4E93D /* MobileDeviceRegistrationResponse.xml */,
				8DC073F217D159F200D4E93D /* MobileDeviceType.m */,
				8DC073F317D159F200D4E93D /* NameAndAddressType.m */,
				8DC073F917D159F200D4E93D /* OrderExType.m */,
				8DC073FA17D159F200D4E93D /* OrderType.m */,
				8DC073FB17D159F200D4E93D /* PaymentMaskedType.m */,
				8DC073FC17D159F200D4E93D /* PaymentType.m */,
				8DC073FD17D159F200D4E93D /* PermissionType.m */,
				8DC073FE17D159F200D4E93D /* SendCustomerTransactionReceiptRequest.m */,
				8DC073FF17D159F200D4E93D /* SendCustomerTransactionReceiptResponse.m */,
				8DC0740017D159F200D4E93D /* SendCustomerTransactionReceiptResponse.xml */,
				8DC0740117D159F200D4E93D /* SettingType.m */,
				8DC0740217D159F200D4E93D /* SplitTenderPayment.m */,
				8DC0740317D159F200D4E93D /* Support Classes */,
				8DC0740617D159F200D4E93D /* SwiperDataType.m */,
				8DC0740717D159F200D4E93D /* TransactionDetailsType.m */,
				8DC0740817D159F200D4E93D /* TransactionRequestType.m */,
				8DC0740917D159F200D4E93D /* TransactionResponse.m */,
				8DC0740A17D159F200D4E93D /* TransactionSummaryType.m */,
				8DC0740B17D159F200D4E93D /* TransRetailInfoType.m */,
				8DC0740C17D159F200D4E93D /* UserField.m */,
				8B60EBDA186F3756001A2639 /* TestAccountCaptchaRequest.m */,
				9C9D193718810BD4000E8D3B /* TestAccountCaptchaResponse.xml */,
			);
			path = "Anet SDK";
			sourceTree = "<group>";
		};
		8DC0740317D159F200D4E93D /* Support Classes */ = {
			isa = PBXGroup;
			children = (
				8DC0740417D159F200D4E93D /* Reachability.h */,
				8DC0740517D159F200D4E93D /* Reachability.m */,
			);
			path = "Support Classes";
			sourceTree = "<group>";
		};
		8DC0745117D15A0800D4E93D /* Headers */ = {
			isa = PBXGroup;
			children = (
				41C549AD1BB5C4A4008D3ECB /* ANetSolution.h */,
				806AAB2319BFB57200323034 /* FingerPrintObjectType.h */,
				806AAB2419BFB57200323034 /* OpaqueDataType.h */,
				4EEBACF81882958200667143 /* TestAccountRegistrationResponse.h */,
				4EEBACF11882949D00667143 /* TestAccountRegistrationRequest.h */,
				FF35F18B187FD4D0005A4A66 /* TestAccountCaptchaRequest.h */,
				8DC0745217D15A0800D4E93D /* ANetApiRequest.h */,
				8DC0745317D15A0800D4E93D /* ANetApiResponse.h */,
				8DC0745417D15A0800D4E93D /* AuthNet.h */,
				8DC0745517D15A0800D4E93D /* AuthNetMessage.h */,
				8DC0745617D15A0800D4E93D /* AuthNetRequest.h */,
				8DC0745717D15A0800D4E93D /* AuthNetResponse.h */,
				8DC0745817D15A0800D4E93D /* AuthNetUnitTests.h */,
				8DC0745917D15A0800D4E93D /* BankAccountMaskedType.h */,
				8DC0745A17D15A0800D4E93D /* BankAccountType.h */,
				8DC0745B17D15A0800D4E93D /* BatchDetailsType.h */,
				8DC0745C17D15A0800D4E93D /* BatchStatisticType.h */,
				8DC0745D17D15A0800D4E93D /* CCAuthenticationType.h */,
				8DC0745E17D15A0800D4E93D /* CreateTransactionRequest.h */,
				8DC0745F17D15A0800D4E93D /* CreateTransactionResponse.h */,
				8DC0746017D15A0800D4E93D /* CreditCardMaskedType.h */,
				8DC0746117D15A0800D4E93D /* CreditCardTrackType.h */,
				8DC0746217D15A0800D4E93D /* CreditCardType.h */,
				8DC0746317D15A0800D4E93D /* CustomerAddressType.h */,
				8DC0746417D15A0800D4E93D /* CustomerDataType.h */,
				8DC0746517D15A0800D4E93D /* Error.h */,
				8DC0746617D15A0800D4E93D /* ExtendedAmountType.h */,
				8DC0746717D15A0800D4E93D /* FDSFilterType.h */,
				8DC0746817D15A0800D4E93D /* GDataXMLNode.h */,
				8DC0746917D15A0800D4E93D /* GetBatchStatisticsRequest.h */,
				8DC0746A17D15A0800D4E93D /* GetBatchStatisticsResponse.h */,
				8DC0746B17D15A0800D4E93D /* GetSettledBatchListRequest.h */,
				8DC0746C17D15A0800D4E93D /* GetSettledBatchListResponse.h */,
				8DC0746D17D15A0800D4E93D /* GetTransactionDetailsRequest.h */,
				8DC0746E17D15A0800D4E93D /* GetTransactionDetailsResponse.h */,
				8DC0746F17D15A0800D4E93D /* GetTransactionListRequest.h */,
				8DC0747017D15A0800D4E93D /* GetTransactionListResponse.h */,
				8DC0747117D15A0800D4E93D /* GetUnsettledTransactionListRequest.h */,
				8DC0747217D15A0800D4E93D /* GetUnsettledTransactionListResponse.h */,
				8DC0747317D15A0800D4E93D /* LineItemType.h */,
				8DC0747417D15A0800D4E93D /* LogoutRequest.h */,
				8DC0747517D15A0800D4E93D /* LogoutResponse.h */,
				8DC0747617D15A0800D4E93D /* MerchantAccountType.h */,
				8DC0747717D15A0800D4E93D /* MerchantAuthenticationType.h */,
				8DC0747817D15A0800D4E93D /* MerchantContactType.h */,
				8DC0747917D15A0800D4E93D /* Messages.h */,
				8DC0747A17D15A0800D4E93D /* MobileDeviceLoginRequest.h */,
				8DC0747B17D15A0800D4E93D /* MobileDeviceLoginResponse.h */,
				8DC0747C17D15A0800D4E93D /* MobileDeviceRegistrationRequest.h */,
				8DC0747D17D15A0800D4E93D /* MobileDeviceRegistrationResponse.h */,
				8DC0747E17D15A0800D4E93D /* MobileDeviceType.h */,
				8DC0747F17D15A0800D4E93D /* NameAndAddressType.h */,
				8DC0748517D15A0800D4E93D /* OrderExType.h */,
				8DC0748617D15A0800D4E93D /* OrderType.h */,
				8DC0748717D15A0800D4E93D /* PaymentMaskedType.h */,
				8DC0748817D15A0800D4E93D /* PaymentType.h */,
				8DC0748917D15A0800D4E93D /* PermissionType.h */,
				8DC0748A17D15A0800D4E93D /* SendCustomerTransactionReceiptRequest.h */,
				8DC0748B17D15A0800D4E93D /* SendCustomerTransactionReceiptResponse.h */,
				8DC0748C17D15A0800D4E93D /* SettingType.h */,
				8DC0748D17D15A0800D4E93D /* SplitTenderPayment.h */,
				8DC0748E17D15A0800D4E93D /* SwiperDataType.h */,
				8DC0748F17D15A0800D4E93D /* TransactionDetailsType.h */,
				8DC0749017D15A0800D4E93D /* TransactionRequestType.h */,
				8DC0749117D15A0800D4E93D /* TransactionResponse.h */,
				8DC0749217D15A0800D4E93D /* TransactionSummaryType.h */,
				8DC0749317D15A0800D4E93D /* TransRetailInfoType.h */,
				9CD933E5187F0A9900EE1CC0 /* TestAccountCaptchaResponse.h */,
				8DC0749417D15A0800D4E93D /* UserField.h */,
			);
			path = Headers;
			sourceTree = "<group>";
		};
		8DC0749517D15A1200D4E93D /* Documentation */ = {
			isa = PBXGroup;
			children = (
				8DC0749617D15A1200D4E93D /* README */,
				8DC0749717D15A1200D4E93D /* SDK License Agreement (10.20.10).pdf */,
			);
			path = Documentation;
			sourceTree = "<group>";
		};
		8DEBA87A17D129B700B7A8B9 = {
			isa = PBXGroup;
			children = (
				8D7C957517D1657C00D2B1A6 /* Extension */,
				8DC0749517D15A1200D4E93D /* Documentation */,
				8DC0745117D15A0800D4E93D /* Headers */,
				8DC073BB17D159F200D4E93D /* Anet SDK */,
				8DEBA89D17D129B700B7A8B9 /* Anet SDKTests */,
				8DEBA88517D129B700B7A8B9 /* Frameworks */,
				8DEBA88417D129B700B7A8B9 /* Products */,
			);
			sourceTree = "<group>";
		};
		8DEBA88417D129B700B7A8B9 /* Products */ = {
			isa = PBXGroup;
			children = (
				8DEBA88317D129B700B7A8B9 /* libAnet SDK.a */,
				8DEBA89417D129B700B7A8B9 /* Anet SDKTests.xctest */,
			);
			name = Products;
			sourceTree = "<group>";
		};
		8DEBA88517D129B700B7A8B9 /* Frameworks */ = {
			isa = PBXGroup;
			children = (
				8DEBA88617D129B700B7A8B9 /* Foundation.framework */,
			);
			name = Frameworks;
			sourceTree = "<group>";
		};
		8DEBA89D17D129B700B7A8B9 /* Anet SDKTests */ = {
			isa = PBXGroup;
			children = (
				8DEBA8A317D129B700B7A8B9 /* Anet_SDKTests.h */,
				8DEBA8A417D129B700B7A8B9 /* Anet_SDKTests.m */,
				8DEBA89E17D129B700B7A8B9 /* Supporting Files */,
			);
			path = "Anet SDKTests";
			sourceTree = "<group>";
		};
		8DEBA89E17D129B700B7A8B9 /* Supporting Files */ = {
			isa = PBXGroup;
			children = (
				8DEBA89F17D129B700B7A8B9 /* Anet SDKTests-Info.plist */,
				8DEBA8A017D129B700B7A8B9 /* InfoPlist.strings */,
			);
			name = "Supporting Files";
			sourceTree = "<group>";
		};
/* End PBXGroup section */

/* Begin PBXNativeTarget section */
		8DEBA88217D129B700B7A8B9 /* Anet SDK */ = {
			isa = PBXNativeTarget;
			buildConfigurationList = 8DEBA8A817D129B700B7A8B9 /* Build configuration list for PBXNativeTarget "Anet SDK" */;
			buildPhases = (
				8DEBA87F17D129B700B7A8B9 /* Sources */,
				8DEBA88017D129B700B7A8B9 /* Frameworks */,
				8DEBA88117D129B700B7A8B9 /* Copy Files */,
			);
			buildRules = (
			);
			dependencies = (
			);
			name = "Anet SDK";
			productName = "Anet SDK";
			productReference = 8DEBA88317D129B700B7A8B9 /* libAnet SDK.a */;
			productType = "com.apple.product-type.library.static";
		};
		8DEBA89317D129B700B7A8B9 /* Anet SDKTests */ = {
			isa = PBXNativeTarget;
			buildConfigurationList = 8DEBA8AB17D129B700B7A8B9 /* Build configuration list for PBXNativeTarget "Anet SDKTests" */;
			buildPhases = (
				8DEBA88F17D129B700B7A8B9 /* Sources */,
				8DEBA89017D129B700B7A8B9 /* Frameworks */,
				8DEBA89117D129B700B7A8B9 /* Resources */,
				8DEBA89217D129B700B7A8B9 /* ShellScript */,
			);
			buildRules = (
			);
			dependencies = (
				8DEBA89B17D129B700B7A8B9 /* PBXTargetDependency */,
			);
			name = "Anet SDKTests";
			productName = "Anet SDKTests";
			productReference = 8DEBA89417D129B700B7A8B9 /* Anet SDKTests.xctest */;
			productType = "com.apple.product-type.bundle.unit-test";
		};
/* End PBXNativeTarget section */

/* Begin PBXProject section */
		8DEBA87B17D129B700B7A8B9 /* Project object */ = {
			isa = PBXProject;
			attributes = {
				LastTestingUpgradeCheck = 0700;
				LastUpgradeCheck = 0460;
				ORGANIZATIONNAME = MMA;
			};
			buildConfigurationList = 8DEBA87E17D129B700B7A8B9 /* Build configuration list for PBXProject "Anet SDK" */;
			compatibilityVersion = "Xcode 3.2";
			developmentRegion = English;
			hasScannedForEncodings = 0;
			knownRegions = (
				en,
				es,
			);
			mainGroup = 8DEBA87A17D129B700B7A8B9;
			productRefGroup = 8DEBA88417D129B700B7A8B9 /* Products */;
			projectDirPath = "";
			projectRoot = "";
			targets = (
				8DEBA88217D129B700B7A8B9 /* Anet SDK */,
				8DEBA89317D129B700B7A8B9 /* Anet SDKTests */,
			);
		};
/* End PBXProject section */

/* Begin PBXResourcesBuildPhase section */
		8DEBA89117D129B700B7A8B9 /* Resources */ = {
			isa = PBXResourcesBuildPhase;
			buildActionMask = 2147483647;
			files = (
				8DEBA8A217D129B700B7A8B9 /* InfoPlist.strings in Resources */,
				7848F52D1882BC1B00DA75CC /* TestAccountRegistrationResponse.xml in Resources */,
				9C9D193818810BD4000E8D3B /* TestAccountCaptchaResponse.xml in Resources */,
			);
			runOnlyForDeploymentPostprocessing = 0;
		};
/* End PBXResourcesBuildPhase section */

/* Begin PBXShellScriptBuildPhase section */
		8DEBA89217D129B700B7A8B9 /* ShellScript */ = {
			isa = PBXShellScriptBuildPhase;
			buildActionMask = 2147483647;
			files = (
			);
			inputPaths = (
			);
			outputPaths = (
			);
			runOnlyForDeploymentPostprocessing = 0;
			shellPath = /bin/sh;
			shellScript = "# Run the unit tests in this test bundle.\n\"${SYSTEM_DEVELOPER_DIR}/Tools/RunUnitTests\"\n";
		};
/* End PBXShellScriptBuildPhase section */

/* Begin PBXSourcesBuildPhase section */
		8DEBA87F17D129B700B7A8B9 /* Sources */ = {
			isa = PBXSourcesBuildPhase;
			buildActionMask = 2147483647;
			files = (
				8DC0740D17D159F200D4E93D /* ANetApiRequest.m in Sources */,
				8DC0740E17D159F200D4E93D /* ANetApiResponse.m in Sources */,
				8DC0740F17D159F200D4E93D /* AuthNet.m in Sources */,
				8DC0741017D159F200D4E93D /* AuthNetMessage.m in Sources */,
				8DC0741117D159F200D4E93D /* AuthNetRequest.m in Sources */,
				8DC0741217D159F200D4E93D /* AuthNetResponse.m in Sources */,
				8DC0741417D159F200D4E93D /* BankAccountMaskedType.m in Sources */,
				8DC0741517D159F200D4E93D /* BankAccountType.m in Sources */,
				806AAB1E19BFB49F00323034 /* NSString+HMAC_MD5.m in Sources */,
				8DC0741617D159F200D4E93D /* BatchDetailsType.m in Sources */,
				8DC0741717D159F200D4E93D /* BatchStatisticType.m in Sources */,
				8DC0741817D159F200D4E93D /* CCAuthenticationType.m in Sources */,
				8DC0741917D159F200D4E93D /* CreateTransactionRequest.m in Sources */,
				8DC0741A17D159F200D4E93D /* CreateTransactionResponse.m in Sources */,
				8DC0741B17D159F200D4E93D /* CreditCardMaskedType.m in Sources */,
				8DC0741C17D159F200D4E93D /* CreditCardTrackType.m in Sources */,
				8DC0741D17D159F200D4E93D /* CreditCardType.m in Sources */,
				8DC0741E17D159F200D4E93D /* CustomerAddressType.m in Sources */,
				8DC0741F17D159F200D4E93D /* CustomerDataType.m in Sources */,
				8DC0742017D159F200D4E93D /* Error.m in Sources */,
				8DC0742117D159F200D4E93D /* ExtendedAmountType.m in Sources */,
				8DC0742217D159F200D4E93D /* FDSFilterType.m in Sources */,
				8DC0742317D159F200D4E93D /* GDataXMLNode.m in Sources */,
				8DC0742417D159F200D4E93D /* GetBatchStatisticsRequest.m in Sources */,
				8DC0742517D159F200D4E93D /* GetBatchStatisticsResponse.m in Sources */,
				8B60EBDB186F3756001A2639 /* TestAccountCaptchaRequest.m in Sources */,
				8DC0742617D159F200D4E93D /* GetSettledBatchListRequest.m in Sources */,
				8DC0742717D159F200D4E93D /* GetSettledBatchListResponse.m in Sources */,
				8DC0742817D159F200D4E93D /* GetTransactionDetailsRequest.m in Sources */,
				8DC0742917D159F200D4E93D /* GetTransactionDetailsResponse.m in Sources */,
				8DC0742A17D159F200D4E93D /* GetTransactionListRequest.m in Sources */,
				8DC0742B17D159F200D4E93D /* GetTransactionListResponse.m in Sources */,
				8DC0742C17D159F200D4E93D /* GetUnsettledTransactionListRequest.m in Sources */,
				8DC0742D17D159F200D4E93D /* GetUnsettledTransactionListResponse.m in Sources */,
				8DC0742E17D159F200D4E93D /* LineItemType.m in Sources */,
				8DC0742F17D159F200D4E93D /* LogoutRequest.m in Sources */,
				8DC0743017D159F200D4E93D /* LogoutResponse.m in Sources */,
				8DC0743117D159F200D4E93D /* MerchantAccountType.m in Sources */,
				8DC0743217D159F200D4E93D /* MerchantAuthenticationType.m in Sources */,
				8DC0743317D159F200D4E93D /* MerchantContactType.m in Sources */,
				8DC0743417D159F200D4E93D /* Messages.m in Sources */,
				8DC0743517D159F200D4E93D /* MobileDeviceLoginRequest.m in Sources */,
				8DC0743617D159F200D4E93D /* MobileDeviceLoginResponse.m in Sources */,
				8DC0743717D159F200D4E93D /* MobileDeviceRegistrationRequest.m in Sources */,
				8DC0743817D159F200D4E93D /* MobileDeviceRegistrationResponse.m in Sources */,
				8DC0743917D159F200D4E93D /* MobileDeviceType.m in Sources */,
				41C549AF1BB5C4D2008D3ECB /* ANetSolution.m in Sources */,
				8DC0743A17D159F200D4E93D /* NameAndAddressType.m in Sources */,
				8DC0744017D159F200D4E93D /* OrderExType.m in Sources */,
				8DC0744117D159F200D4E93D /* OrderType.m in Sources */,
				8DC0744217D159F200D4E93D /* PaymentMaskedType.m in Sources */,
				8DC0744317D159F200D4E93D /* PaymentType.m in Sources */,
				8DC0744417D159F200D4E93D /* PermissionType.m in Sources */,
				8DC0744517D159F200D4E93D /* SendCustomerTransactionReceiptRequest.m in Sources */,
				8DC0744617D159F200D4E93D /* SendCustomerTransactionReceiptResponse.m in Sources */,
				8DC0744717D159F200D4E93D /* SettingType.m in Sources */,
				806AAB2219BFB55300323034 /* FingerPrintObjectType.m in Sources */,
				8DC0744817D159F200D4E93D /* SplitTenderPayment.m in Sources */,
				8DC0744917D159F200D4E93D /* Reachability.m in Sources */,
				8DC0744A17D159F200D4E93D /* SwiperDataType.m in Sources */,
				8DC0744B17D159F200D4E93D /* TransactionDetailsType.m in Sources */,
				8DC0744C17D159F200D4E93D /* TransactionRequestType.m in Sources */,
				806AAB2019BFB52C00323034 /* OpaqueDataType.m in Sources */,
				8DC0744D17D159F200D4E93D /* TransactionResponse.m in Sources */,
				8DC0744E17D159F200D4E93D /* TransactionSummaryType.m in Sources */,
				8DC0744F17D159F200D4E93D /* TransRetailInfoType.m in Sources */,
				8DC0745017D159F200D4E93D /* UserField.m in Sources */,
				8D7C958017D1657C00D2B1A6 /* NSString+dataFromFilename.m in Sources */,
				8D7C958117D1657C00D2B1A6 /* NSString+Hex.m in Sources */,
				8D7C958217D1657C00D2B1A6 /* NSString+stringValueOfXMLElement.m in Sources */,
				8D7C958317D1657C00D2B1A6 /* NSString+stringWithEscapedXMLValue.m in Sources */,
				8D7C958417D1657C00D2B1A6 /* NSString+stringWithXMLTag.m in Sources */,
			);
			runOnlyForDeploymentPostprocessing = 0;
		};
		8DEBA88F17D129B700B7A8B9 /* Sources */ = {
			isa = PBXSourcesBuildPhase;
			buildActionMask = 2147483647;
			files = (
				8DEBA8A517D129B700B7A8B9 /* Anet_SDKTests.m in Sources */,
			);
			runOnlyForDeploymentPostprocessing = 0;
		};
/* End PBXSourcesBuildPhase section */

/* Begin PBXTargetDependency section */
		8DEBA89B17D129B700B7A8B9 /* PBXTargetDependency */ = {
			isa = PBXTargetDependency;
			target = 8DEBA88217D129B700B7A8B9 /* Anet SDK */;
			targetProxy = 8DEBA89A17D129B700B7A8B9 /* PBXContainerItemProxy */;
		};
/* End PBXTargetDependency section */

/* Begin PBXVariantGroup section */
		8DEBA8A017D129B700B7A8B9 /* InfoPlist.strings */ = {
			isa = PBXVariantGroup;
			children = (
				8DEBA8A117D129B700B7A8B9 /* en */,
				8D7C95A417D17A9900D2B1A6 /* es */,
			);
			name = InfoPlist.strings;
			sourceTree = "<group>";
		};
/* End PBXVariantGroup section */

/* Begin XCBuildConfiguration section */
		8DEBA8A617D129B700B7A8B9 /* Debug */ = {
			isa = XCBuildConfiguration;
			buildSettings = {
				ALWAYS_SEARCH_USER_PATHS = YES;
				CLANG_CXX_LANGUAGE_STANDARD = "gnu++0x";
				CLANG_CXX_LIBRARY = "libc++";
				CLANG_ENABLE_OBJC_ARC = YES;
				CLANG_WARN_CONSTANT_CONVERSION = YES;
				CLANG_WARN_EMPTY_BODY = YES;
				CLANG_WARN_ENUM_CONVERSION = YES;
				CLANG_WARN_INT_CONVERSION = YES;
				CLANG_WARN__DUPLICATE_METHOD_MATCH = YES;
				COPY_PHASE_STRIP = NO;
				GCC_C_LANGUAGE_STANDARD = gnu99;
				GCC_DYNAMIC_NO_PIC = NO;
				GCC_OPTIMIZATION_LEVEL = 0;
				GCC_PREPROCESSOR_DEFINITIONS = (
					"DEBUG=1",
					"$(inherited)",
				);
				GCC_SYMBOLS_PRIVATE_EXTERN = NO;
				GCC_WARN_ABOUT_RETURN_TYPE = YES;
				GCC_WARN_UNINITIALIZED_AUTOS = YES;
				GCC_WARN_UNUSED_VARIABLE = YES;
				IPHONEOS_DEPLOYMENT_TARGET = 6.1;
				ONLY_ACTIVE_ARCH = YES;
				SDKROOT = iphoneos6.1;
				STRIP_INSTALLED_PRODUCT = YES;
				VALIDATE_PRODUCT = NO;
			};
			name = Debug;
		};
		8DEBA8A717D129B700B7A8B9 /* Release */ = {
			isa = XCBuildConfiguration;
			buildSettings = {
				ALWAYS_SEARCH_USER_PATHS = YES;
				CLANG_CXX_LANGUAGE_STANDARD = "gnu++0x";
				CLANG_CXX_LIBRARY = "libc++";
				CLANG_ENABLE_OBJC_ARC = YES;
				CLANG_WARN_CONSTANT_CONVERSION = YES;
				CLANG_WARN_EMPTY_BODY = YES;
				CLANG_WARN_ENUM_CONVERSION = YES;
				CLANG_WARN_INT_CONVERSION = YES;
				CLANG_WARN__DUPLICATE_METHOD_MATCH = YES;
				COPY_PHASE_STRIP = YES;
				GCC_C_LANGUAGE_STANDARD = gnu99;
				GCC_WARN_ABOUT_RETURN_TYPE = YES;
				GCC_WARN_UNINITIALIZED_AUTOS = YES;
				GCC_WARN_UNUSED_VARIABLE = YES;
				IPHONEOS_DEPLOYMENT_TARGET = 6.1;
				ONLY_ACTIVE_ARCH = YES;
				SDKROOT = iphoneos6.1;
				STRIP_INSTALLED_PRODUCT = YES;
				VALIDATE_PRODUCT = YES;
			};
			name = Release;
		};
		8DEBA8A917D129B700B7A8B9 /* Debug */ = {
			isa = XCBuildConfiguration;
			buildSettings = {
				ARCHS = "$(ARCHS_STANDARD_INCLUDING_64_BIT)";
				DSTROOT = /tmp/Anet_SDK.dst;
				FRAMEWORK_SEARCH_PATHS = "\"$(DEVELOPER_LIBRARY_DIR)/Frameworks\"";
				GCC_PRECOMPILE_PREFIX_HEADER = YES;
				GCC_PREFIX_HEADER = "Anet SDK/Anet SDK-Prefix.pch";
				HEADER_SEARCH_PATHS = "$(SDKROOT)/usr/include/libxml2";
				IPHONEOS_DEPLOYMENT_TARGET = 6.0;
				ONLY_ACTIVE_ARCH = NO;
				OTHER_LDFLAGS = "-ObjC";
				PRODUCT_NAME = "$(TARGET_NAME)";
				SDKROOT = iphoneos9.0;
				SKIP_INSTALL = YES;
				TARGETED_DEVICE_FAMILY = "1,2";
			};
			name = Debug;
		};
		8DEBA8AA17D129B700B7A8B9 /* Release */ = {
			isa = XCBuildConfiguration;
			buildSettings = {
				ARCHS = "$(ARCHS_STANDARD_INCLUDING_64_BIT)";
				DSTROOT = /tmp/Anet_SDK.dst;
				FRAMEWORK_SEARCH_PATHS = "\"$(DEVELOPER_LIBRARY_DIR)/Frameworks\"";
				GCC_PRECOMPILE_PREFIX_HEADER = YES;
				GCC_PREFIX_HEADER = "Anet SDK/Anet SDK-Prefix.pch";
				HEADER_SEARCH_PATHS = "$(SDKROOT)/usr/include/libxml2";
				IPHONEOS_DEPLOYMENT_TARGET = 6.0;
				ONLY_ACTIVE_ARCH = NO;
				OTHER_LDFLAGS = "-ObjC";
				PRODUCT_NAME = "$(TARGET_NAME)";
				SDKROOT = iphoneos9.0;
				SKIP_INSTALL = YES;
				TARGETED_DEVICE_FAMILY = "1,2";
			};
			name = Release;
		};
		8DEBA8AC17D129B700B7A8B9 /* Debug */ = {
			isa = XCBuildConfiguration;
			buildSettings = {
				FRAMEWORK_SEARCH_PATHS = (
					"\"$(SDKROOT)/Developer/Library/Frameworks\"",
					"\"$(DEVELOPER_LIBRARY_DIR)/Frameworks\"",
					"$(inherited)",
				);
				GCC_PRECOMPILE_PREFIX_HEADER = YES;
				GCC_PREFIX_HEADER = "Anet SDK/Anet SDK-Prefix.pch";
				INFOPLIST_FILE = "Anet SDKTests/Anet SDKTests-Info.plist";
				PRODUCT_NAME = "$(TARGET_NAME)";
			};
			name = Debug;
		};
		8DEBA8AD17D129B700B7A8B9 /* Release */ = {
			isa = XCBuildConfiguration;
			buildSettings = {
				FRAMEWORK_SEARCH_PATHS = (
					"\"$(SDKROOT)/Developer/Library/Frameworks\"",
					"\"$(DEVELOPER_LIBRARY_DIR)/Frameworks\"",
					"$(inherited)",
				);
				GCC_PRECOMPILE_PREFIX_HEADER = YES;
				GCC_PREFIX_HEADER = "Anet SDK/Anet SDK-Prefix.pch";
				INFOPLIST_FILE = "Anet SDKTests/Anet SDKTests-Info.plist";
				PRODUCT_NAME = "$(TARGET_NAME)";
			};
			name = Release;
		};
/* End XCBuildConfiguration section */

/* Begin XCConfigurationList section */
		8DEBA87E17D129B700B7A8B9 /* Build configuration list for PBXProject "Anet SDK" */ = {
			isa = XCConfigurationList;
			buildConfigurations = (
				8DEBA8A617D129B700B7A8B9 /* Debug */,
				8DEBA8A717D129B700B7A8B9 /* Release */,
			);
			defaultConfigurationIsVisible = 0;
			defaultConfigurationName = Release;
		};
		8DEBA8A817D129B700B7A8B9 /* Build configuration list for PBXNativeTarget "Anet SDK" */ = {
			isa = XCConfigurationList;
			buildConfigurations = (
				8DEBA8A917D129B700B7A8B9 /* Debug */,
				8DEBA8AA17D129B700B7A8B9 /* Release */,
			);
			defaultConfigurationIsVisible = 0;
			defaultConfigurationName = Release;
		};
		8DEBA8AB17D129B700B7A8B9 /* Build configuration list for PBXNativeTarget "Anet SDKTests" */ = {
			isa = XCConfigurationList;
			buildConfigurations = (
				8DEBA8AC17D129B700B7A8B9 /* Debug */,
				8DEBA8AD17D129B700B7A8B9 /* Release */,
			);
			defaultConfigurationIsVisible = 0;
			defaultConfigurationName = Release;
		};
/* End XCConfigurationList section */
	};
	rootObject = 8DEBA87B17D129B700B7A8B9 /* Project object */;
}
